
Microsoft Visual Studio Solution File, Format Version 12.00
# Visual Studio 14
VisualStudioVersion = 14.0.25123.0
MinimumVisualStudioVersion = 10.0.40219.1
Project("{FAE04EC0-301F-11D3-BF4B-00C04F79EFBC}") = "Mise.Inventory", "Mise.Inventory\Mise.Inventory\Mise.Inventory.csproj", "{8050D9B9-DEDD-4E4B-AC3A-C2B4C82FB66E}"
EndProject
Project("{FAE04EC0-301F-11D3-BF4B-00C04F79EFBC}") = "Mise.Inventory.iOS", "Mise.Inventory\Mise.Inventory.iOS\Mise.Inventory.iOS.csproj", "{C8A432F5-4A7D-41FE-A628-08917B1849EE}"
EndProject
Project("{FAE04EC0-301F-11D3-BF4B-00C04F79EFBC}") = "Mise.Inventory.UWP", "Mise.Inventory\Mise.Inventory.UWP\Mise.Inventory.UWP.csproj", "{F3B1B6ED-6188-4D0E-A9E7-D936D7CB7A3C}"
EndProject
Project("{FAE04EC0-301F-11D3-BF4B-00C04F79EFBC}") = "Mise.Inventory.Windows", "Mise.Inventory\Mise.Inventory.Windows\Mise.Inventory.Windows.csproj", "{6D0D5D81-D792-4568-8614-6569799E5E8B}"
EndProject
Project("{FAE04EC0-301F-11D3-BF4B-00C04F79EFBC}") = "Mise.Inventory.WinPhone", "Mise.Inventory\Mise.Inventory.WinPhone\Mise.Inventory.WinPhone.csproj", "{B653F61D-50AE-4770-9530-33368D972726}"
EndProject
Project("{FAE04EC0-301F-11D3-BF4B-00C04F79EFBC}") = "Mise.Core", "..\..\Mise.Core\Mise.Core.csproj", "{085E418A-7CC9-4AB6-B38A-FC6CABE373D6}"
EndProject
Project("{FAE04EC0-301F-11D3-BF4B-00C04F79EFBC}") = "Mise.Core.Common", "..\..\Mise.Core.Common\Mise.Core.Common.csproj", "{BC3BD128-1D20-4C41-83B0-3FC37E5C5F5E}"
EndProject
Project("{FAE04EC0-301F-11D3-BF4B-00C04F79EFBC}") = "Mise.Core.Common.UnitTests", "..\..\Mise.Core.Common.UnitTests\Mise.Core.Common.UnitTests.csproj", "{2B3EBF26-FA4A-4697-B7E6-1618CE609EB0}"
EndProject
Project("{2150E333-8FDC-42A3-9474-1A3956D46DE8}") = "Solution Items", "Solution Items", "{92157F36-FE49-42AE-B1B0-5EF9B1333E86}"
EndProject
Project("{FAE04EC0-301F-11D3-BF4B-00C04F79EFBC}") = "Mise.Core.Client", "..\Mise.Core.Client\Mise.Core.Client.csproj", "{EFA62BD3-BFA7-4622-93CE-BC2C4B04C4A2}"
EndProject
Project("{FAE04EC0-301F-11D3-BF4B-00C04F79EFBC}") = "Mise.Core.Client.UnitTests", "..\Mise.Core.Client.UnitTests\Mise.Core.Client.UnitTests.csproj", "{65484BB2-7664-4D22-BCB9-45CBB2543F93}"
EndProject
Project("{9344BDBB-3E7F-41FC-A0DD-8665D75EE146}") = "Mise.Inventory.Droid", "Mise.Inventory\Mise.Inventory.Droid\Mise.Inventory.Droid.csproj", "{23AD38BA-F47F-42DF-9380-2D637ABA6378}"
EndProject
Global
	GlobalSection(SolutionConfigurationPlatforms) = preSolution
		Ad-Hoc|Any CPU = Ad-Hoc|Any CPU
		Ad-Hoc|ARM = Ad-Hoc|ARM
		Ad-Hoc|iPhone = Ad-Hoc|iPhone
		Ad-Hoc|iPhoneSimulator = Ad-Hoc|iPhoneSimulator
		Ad-Hoc|x64 = Ad-Hoc|x64
		Ad-Hoc|x86 = Ad-Hoc|x86
		AppStore|Any CPU = AppStore|Any CPU
		AppStore|ARM = AppStore|ARM
		AppStore|iPhone = AppStore|iPhone
		AppStore|iPhoneSimulator = AppStore|iPhoneSimulator
		AppStore|x64 = AppStore|x64
		AppStore|x86 = AppStore|x86
		Debug|Any CPU = Debug|Any CPU
		Debug|ARM = Debug|ARM
		Debug|iPhone = Debug|iPhone
		Debug|iPhoneSimulator = Debug|iPhoneSimulator
		Debug|x64 = Debug|x64
		Debug|x86 = Debug|x86
		Deploy|Any CPU = Deploy|Any CPU
		Deploy|ARM = Deploy|ARM
		Deploy|iPhone = Deploy|iPhone
		Deploy|iPhoneSimulator = Deploy|iPhoneSimulator
		Deploy|x64 = Deploy|x64
		Deploy|x86 = Deploy|x86
		Release|Any CPU = Release|Any CPU
		Release|ARM = Release|ARM
		Release|iPhone = Release|iPhone
		Release|iPhoneSimulator = Release|iPhoneSimulator
		Release|x64 = Release|x64
		Release|x86 = Release|x86
	EndGlobalSection
	GlobalSection(ProjectConfigurationPlatforms) = postSolution
		{8050D9B9-DEDD-4E4B-AC3A-C2B4C82FB66E}.Ad-Hoc|Any CPU.ActiveCfg = Release|Any CPU
		{8050D9B9-DEDD-4E4B-AC3A-C2B4C82FB66E}.Ad-Hoc|Any CPU.Build.0 = Release|Any CPU
		{8050D9B9-DEDD-4E4B-AC3A-C2B4C82FB66E}.Ad-Hoc|ARM.ActiveCfg = Release|Any CPU
		{8050D9B9-DEDD-4E4B-AC3A-C2B4C82FB66E}.Ad-Hoc|ARM.Build.0 = Release|Any CPU
		{8050D9B9-DEDD-4E4B-AC3A-C2B4C82FB66E}.Ad-Hoc|iPhone.ActiveCfg = Release|Any CPU
		{8050D9B9-DEDD-4E4B-AC3A-C2B4C82FB66E}.Ad-Hoc|iPhone.Build.0 = Release|Any CPU
		{8050D9B9-DEDD-4E4B-AC3A-C2B4C82FB66E}.Ad-Hoc|iPhoneSimulator.ActiveCfg = Release|Any CPU
		{8050D9B9-DEDD-4E4B-AC3A-C2B4C82FB66E}.Ad-Hoc|iPhoneSimulator.Build.0 = Release|Any CPU
		{8050D9B9-DEDD-4E4B-AC3A-C2B4C82FB66E}.Ad-Hoc|x64.ActiveCfg = Release|Any CPU
		{8050D9B9-DEDD-4E4B-AC3A-C2B4C82FB66E}.Ad-Hoc|x64.Build.0 = Release|Any CPU
		{8050D9B9-DEDD-4E4B-AC3A-C2B4C82FB66E}.Ad-Hoc|x86.ActiveCfg = Release|Any CPU
		{8050D9B9-DEDD-4E4B-AC3A-C2B4C82FB66E}.Ad-Hoc|x86.Build.0 = Release|Any CPU
		{8050D9B9-DEDD-4E4B-AC3A-C2B4C82FB66E}.AppStore|Any CPU.ActiveCfg = Release|Any CPU
		{8050D9B9-DEDD-4E4B-AC3A-C2B4C82FB66E}.AppStore|Any CPU.Build.0 = Release|Any CPU
		{8050D9B9-DEDD-4E4B-AC3A-C2B4C82FB66E}.AppStore|ARM.ActiveCfg = Release|Any CPU
		{8050D9B9-DEDD-4E4B-AC3A-C2B4C82FB66E}.AppStore|ARM.Build.0 = Release|Any CPU
		{8050D9B9-DEDD-4E4B-AC3A-C2B4C82FB66E}.AppStore|iPhone.ActiveCfg = Release|Any CPU
		{8050D9B9-DEDD-4E4B-AC3A-C2B4C82FB66E}.AppStore|iPhone.Build.0 = Release|Any CPU
		{8050D9B9-DEDD-4E4B-AC3A-C2B4C82FB66E}.AppStore|iPhoneSimulator.ActiveCfg = Release|Any CPU
		{8050D9B9-DEDD-4E4B-AC3A-C2B4C82FB66E}.AppStore|iPhoneSimulator.Build.0 = Release|Any CPU
		{8050D9B9-DEDD-4E4B-AC3A-C2B4C82FB66E}.AppStore|x64.ActiveCfg = Release|Any CPU
		{8050D9B9-DEDD-4E4B-AC3A-C2B4C82FB66E}.AppStore|x64.Build.0 = Release|Any CPU
		{8050D9B9-DEDD-4E4B-AC3A-C2B4C82FB66E}.AppStore|x86.ActiveCfg = Release|Any CPU
		{8050D9B9-DEDD-4E4B-AC3A-C2B4C82FB66E}.AppStore|x86.Build.0 = Release|Any CPU
		{8050D9B9-DEDD-4E4B-AC3A-C2B4C82FB66E}.Debug|Any CPU.ActiveCfg = Debug|Any CPU
		{8050D9B9-DEDD-4E4B-AC3A-C2B4C82FB66E}.Debug|Any CPU.Build.0 = Debug|Any CPU
		{8050D9B9-DEDD-4E4B-AC3A-C2B4C82FB66E}.Debug|ARM.ActiveCfg = Debug|Any CPU
		{8050D9B9-DEDD-4E4B-AC3A-C2B4C82FB66E}.Debug|ARM.Build.0 = Debug|Any CPU
		{8050D9B9-DEDD-4E4B-AC3A-C2B4C82FB66E}.Debug|iPhone.ActiveCfg = Debug|Any CPU
		{8050D9B9-DEDD-4E4B-AC3A-C2B4C82FB66E}.Debug|iPhone.Build.0 = Debug|Any CPU
		{8050D9B9-DEDD-4E4B-AC3A-C2B4C82FB66E}.Debug|iPhoneSimulator.ActiveCfg = Debug|Any CPU
		{8050D9B9-DEDD-4E4B-AC3A-C2B4C82FB66E}.Debug|iPhoneSimulator.Build.0 = Debug|Any CPU
		{8050D9B9-DEDD-4E4B-AC3A-C2B4C82FB66E}.Debug|x64.ActiveCfg = Debug|Any CPU
		{8050D9B9-DEDD-4E4B-AC3A-C2B4C82FB66E}.Debug|x64.Build.0 = Debug|Any CPU
		{8050D9B9-DEDD-4E4B-AC3A-C2B4C82FB66E}.Debug|x86.ActiveCfg = Debug|Any CPU
		{8050D9B9-DEDD-4E4B-AC3A-C2B4C82FB66E}.Debug|x86.Build.0 = Debug|Any CPU
		{8050D9B9-DEDD-4E4B-AC3A-C2B4C82FB66E}.Deploy|Any CPU.ActiveCfg = Debug|Any CPU
		{8050D9B9-DEDD-4E4B-AC3A-C2B4C82FB66E}.Deploy|Any CPU.Build.0 = Debug|Any CPU
		{8050D9B9-DEDD-4E4B-AC3A-C2B4C82FB66E}.Deploy|ARM.ActiveCfg = Debug|Any CPU
		{8050D9B9-DEDD-4E4B-AC3A-C2B4C82FB66E}.Deploy|ARM.Build.0 = Debug|Any CPU
		{8050D9B9-DEDD-4E4B-AC3A-C2B4C82FB66E}.Deploy|iPhone.ActiveCfg = Debug|Any CPU
		{8050D9B9-DEDD-4E4B-AC3A-C2B4C82FB66E}.Deploy|iPhone.Build.0 = Debug|Any CPU
		{8050D9B9-DEDD-4E4B-AC3A-C2B4C82FB66E}.Deploy|iPhoneSimulator.ActiveCfg = Debug|Any CPU
		{8050D9B9-DEDD-4E4B-AC3A-C2B4C82FB66E}.Deploy|iPhoneSimulator.Build.0 = Debug|Any CPU
		{8050D9B9-DEDD-4E4B-AC3A-C2B4C82FB66E}.Deploy|x64.ActiveCfg = Debug|Any CPU
		{8050D9B9-DEDD-4E4B-AC3A-C2B4C82FB66E}.Deploy|x64.Build.0 = Debug|Any CPU
		{8050D9B9-DEDD-4E4B-AC3A-C2B4C82FB66E}.Deploy|x86.ActiveCfg = Debug|Any CPU
		{8050D9B9-DEDD-4E4B-AC3A-C2B4C82FB66E}.Deploy|x86.Build.0 = Debug|Any CPU
		{8050D9B9-DEDD-4E4B-AC3A-C2B4C82FB66E}.Release|Any CPU.ActiveCfg = Release|Any CPU
		{8050D9B9-DEDD-4E4B-AC3A-C2B4C82FB66E}.Release|Any CPU.Build.0 = Release|Any CPU
		{8050D9B9-DEDD-4E4B-AC3A-C2B4C82FB66E}.Release|ARM.ActiveCfg = Release|Any CPU
		{8050D9B9-DEDD-4E4B-AC3A-C2B4C82FB66E}.Release|ARM.Build.0 = Release|Any CPU
		{8050D9B9-DEDD-4E4B-AC3A-C2B4C82FB66E}.Release|iPhone.ActiveCfg = Release|Any CPU
		{8050D9B9-DEDD-4E4B-AC3A-C2B4C82FB66E}.Release|iPhone.Build.0 = Release|Any CPU
		{8050D9B9-DEDD-4E4B-AC3A-C2B4C82FB66E}.Release|iPhoneSimulator.ActiveCfg = Release|Any CPU
		{8050D9B9-DEDD-4E4B-AC3A-C2B4C82FB66E}.Release|iPhoneSimulator.Build.0 = Release|Any CPU
		{8050D9B9-DEDD-4E4B-AC3A-C2B4C82FB66E}.Release|x64.ActiveCfg = Release|Any CPU
		{8050D9B9-DEDD-4E4B-AC3A-C2B4C82FB66E}.Release|x64.Build.0 = Release|Any CPU
		{8050D9B9-DEDD-4E4B-AC3A-C2B4C82FB66E}.Release|x86.ActiveCfg = Release|Any CPU
		{8050D9B9-DEDD-4E4B-AC3A-C2B4C82FB66E}.Release|x86.Build.0 = Release|Any CPU
		{C8A432F5-4A7D-41FE-A628-08917B1849EE}.Ad-Hoc|Any CPU.ActiveCfg = Ad-Hoc|iPhone
		{C8A432F5-4A7D-41FE-A628-08917B1849EE}.Ad-Hoc|ARM.ActiveCfg = Ad-Hoc|iPhone
		{C8A432F5-4A7D-41FE-A628-08917B1849EE}.Ad-Hoc|iPhone.ActiveCfg = Ad-Hoc|iPhone
		{C8A432F5-4A7D-41FE-A628-08917B1849EE}.Ad-Hoc|iPhone.Build.0 = Ad-Hoc|iPhone
		{C8A432F5-4A7D-41FE-A628-08917B1849EE}.Ad-Hoc|iPhoneSimulator.ActiveCfg = Ad-Hoc|iPhoneSimulator
		{C8A432F5-4A7D-41FE-A628-08917B1849EE}.Ad-Hoc|iPhoneSimulator.Build.0 = Ad-Hoc|iPhoneSimulator
		{C8A432F5-4A7D-41FE-A628-08917B1849EE}.Ad-Hoc|x64.ActiveCfg = Ad-Hoc|iPhone
		{C8A432F5-4A7D-41FE-A628-08917B1849EE}.Ad-Hoc|x86.ActiveCfg = Ad-Hoc|iPhone
		{C8A432F5-4A7D-41FE-A628-08917B1849EE}.AppStore|Any CPU.ActiveCfg = AppStore|iPhone
		{C8A432F5-4A7D-41FE-A628-08917B1849EE}.AppStore|ARM.ActiveCfg = AppStore|iPhone
		{C8A432F5-4A7D-41FE-A628-08917B1849EE}.AppStore|iPhone.ActiveCfg = AppStore|iPhone
		{C8A432F5-4A7D-41FE-A628-08917B1849EE}.AppStore|iPhone.Build.0 = AppStore|iPhone
		{C8A432F5-4A7D-41FE-A628-08917B1849EE}.AppStore|iPhoneSimulator.ActiveCfg = AppStore|iPhoneSimulator
		{C8A432F5-4A7D-41FE-A628-08917B1849EE}.AppStore|iPhoneSimulator.Build.0 = AppStore|iPhoneSimulator
		{C8A432F5-4A7D-41FE-A628-08917B1849EE}.AppStore|x64.ActiveCfg = AppStore|iPhone
		{C8A432F5-4A7D-41FE-A628-08917B1849EE}.AppStore|x86.ActiveCfg = AppStore|iPhone
		{C8A432F5-4A7D-41FE-A628-08917B1849EE}.Debug|Any CPU.ActiveCfg = Debug|iPhone
		{C8A432F5-4A7D-41FE-A628-08917B1849EE}.Debug|ARM.ActiveCfg = Debug|iPhone
		{C8A432F5-4A7D-41FE-A628-08917B1849EE}.Debug|iPhone.ActiveCfg = Debug|iPhone
		{C8A432F5-4A7D-41FE-A628-08917B1849EE}.Debug|iPhone.Build.0 = Debug|iPhone
		{C8A432F5-4A7D-41FE-A628-08917B1849EE}.Debug|iPhoneSimulator.ActiveCfg = Debug|iPhoneSimulator
		{C8A432F5-4A7D-41FE-A628-08917B1849EE}.Debug|iPhoneSimulator.Build.0 = Debug|iPhoneSimulator
		{C8A432F5-4A7D-41FE-A628-08917B1849EE}.Debug|x64.ActiveCfg = Debug|iPhone
		{C8A432F5-4A7D-41FE-A628-08917B1849EE}.Debug|x86.ActiveCfg = Debug|iPhone
		{C8A432F5-4A7D-41FE-A628-08917B1849EE}.Deploy|Any CPU.ActiveCfg = AppStore|iPhone
		{C8A432F5-4A7D-41FE-A628-08917B1849EE}.Deploy|Any CPU.Build.0 = AppStore|iPhone
		{C8A432F5-4A7D-41FE-A628-08917B1849EE}.Deploy|ARM.ActiveCfg = AppStore|iPhone
		{C8A432F5-4A7D-41FE-A628-08917B1849EE}.Deploy|ARM.Build.0 = AppStore|iPhone
		{C8A432F5-4A7D-41FE-A628-08917B1849EE}.Deploy|iPhone.ActiveCfg = Debug|iPhone
		{C8A432F5-4A7D-41FE-A628-08917B1849EE}.Deploy|iPhone.Build.0 = Debug|iPhone
		{C8A432F5-4A7D-41FE-A628-08917B1849EE}.Deploy|iPhoneSimulator.ActiveCfg = Debug|iPhoneSimulator
		{C8A432F5-4A7D-41FE-A628-08917B1849EE}.Deploy|iPhoneSimulator.Build.0 = Debug|iPhoneSimulator
		{C8A432F5-4A7D-41FE-A628-08917B1849EE}.Deploy|x64.ActiveCfg = AppStore|iPhone
		{C8A432F5-4A7D-41FE-A628-08917B1849EE}.Deploy|x64.Build.0 = AppStore|iPhone
		{C8A432F5-4A7D-41FE-A628-08917B1849EE}.Deploy|x86.ActiveCfg = AppStore|iPhone
		{C8A432F5-4A7D-41FE-A628-08917B1849EE}.Deploy|x86.Build.0 = AppStore|iPhone
		{C8A432F5-4A7D-41FE-A628-08917B1849EE}.Release|Any CPU.ActiveCfg = Release|iPhone
		{C8A432F5-4A7D-41FE-A628-08917B1849EE}.Release|ARM.ActiveCfg = Release|iPhone
		{C8A432F5-4A7D-41FE-A628-08917B1849EE}.Release|iPhone.ActiveCfg = Release|iPhone
		{C8A432F5-4A7D-41FE-A628-08917B1849EE}.Release|iPhone.Build.0 = Release|iPhone
		{C8A432F5-4A7D-41FE-A628-08917B1849EE}.Release|iPhoneSimulator.ActiveCfg = Release|iPhoneSimulator
		{C8A432F5-4A7D-41FE-A628-08917B1849EE}.Release|iPhoneSimulator.Build.0 = Release|iPhoneSimulator
		{C8A432F5-4A7D-41FE-A628-08917B1849EE}.Release|x64.ActiveCfg = Release|iPhone
		{C8A432F5-4A7D-41FE-A628-08917B1849EE}.Release|x86.ActiveCfg = Release|iPhone
		{C8A432F5-4A7D-41FE-A628-08917B1849EE}.Release|Any CPU.Build.0 = Release|iPhone
		{F3B1B6ED-6188-4D0E-A9E7-D936D7CB7A3C}.Ad-Hoc|Any CPU.ActiveCfg = Release|x86
		{F3B1B6ED-6188-4D0E-A9E7-D936D7CB7A3C}.Ad-Hoc|Any CPU.Build.0 = Release|x86
		{F3B1B6ED-6188-4D0E-A9E7-D936D7CB7A3C}.Ad-Hoc|Any CPU.Deploy.0 = Release|x86
		{F3B1B6ED-6188-4D0E-A9E7-D936D7CB7A3C}.Ad-Hoc|ARM.ActiveCfg = Release|ARM
		{F3B1B6ED-6188-4D0E-A9E7-D936D7CB7A3C}.Ad-Hoc|ARM.Build.0 = Release|ARM
		{F3B1B6ED-6188-4D0E-A9E7-D936D7CB7A3C}.Ad-Hoc|ARM.Deploy.0 = Release|ARM
		{F3B1B6ED-6188-4D0E-A9E7-D936D7CB7A3C}.Ad-Hoc|iPhone.ActiveCfg = Release|x86
		{F3B1B6ED-6188-4D0E-A9E7-D936D7CB7A3C}.Ad-Hoc|iPhone.Build.0 = Release|x86
		{F3B1B6ED-6188-4D0E-A9E7-D936D7CB7A3C}.Ad-Hoc|iPhone.Deploy.0 = Release|x86
		{F3B1B6ED-6188-4D0E-A9E7-D936D7CB7A3C}.Ad-Hoc|iPhoneSimulator.ActiveCfg = Release|x86
		{F3B1B6ED-6188-4D0E-A9E7-D936D7CB7A3C}.Ad-Hoc|iPhoneSimulator.Build.0 = Release|x86
		{F3B1B6ED-6188-4D0E-A9E7-D936D7CB7A3C}.Ad-Hoc|iPhoneSimulator.Deploy.0 = Release|x86
		{F3B1B6ED-6188-4D0E-A9E7-D936D7CB7A3C}.Ad-Hoc|x64.ActiveCfg = Release|x64
		{F3B1B6ED-6188-4D0E-A9E7-D936D7CB7A3C}.Ad-Hoc|x64.Build.0 = Release|x64
		{F3B1B6ED-6188-4D0E-A9E7-D936D7CB7A3C}.Ad-Hoc|x64.Deploy.0 = Release|x64
		{F3B1B6ED-6188-4D0E-A9E7-D936D7CB7A3C}.Ad-Hoc|x86.ActiveCfg = Release|x86
		{F3B1B6ED-6188-4D0E-A9E7-D936D7CB7A3C}.Ad-Hoc|x86.Build.0 = Release|x86
		{F3B1B6ED-6188-4D0E-A9E7-D936D7CB7A3C}.Ad-Hoc|x86.Deploy.0 = Release|x86
		{F3B1B6ED-6188-4D0E-A9E7-D936D7CB7A3C}.AppStore|Any CPU.ActiveCfg = Release|x86
		{F3B1B6ED-6188-4D0E-A9E7-D936D7CB7A3C}.AppStore|Any CPU.Build.0 = Release|x86
		{F3B1B6ED-6188-4D0E-A9E7-D936D7CB7A3C}.AppStore|Any CPU.Deploy.0 = Release|x86
		{F3B1B6ED-6188-4D0E-A9E7-D936D7CB7A3C}.AppStore|ARM.ActiveCfg = Release|ARM
		{F3B1B6ED-6188-4D0E-A9E7-D936D7CB7A3C}.AppStore|ARM.Build.0 = Release|ARM
		{F3B1B6ED-6188-4D0E-A9E7-D936D7CB7A3C}.AppStore|ARM.Deploy.0 = Release|ARM
		{F3B1B6ED-6188-4D0E-A9E7-D936D7CB7A3C}.AppStore|iPhone.ActiveCfg = Release|x86
		{F3B1B6ED-6188-4D0E-A9E7-D936D7CB7A3C}.AppStore|iPhone.Build.0 = Release|x86
		{F3B1B6ED-6188-4D0E-A9E7-D936D7CB7A3C}.AppStore|iPhone.Deploy.0 = Release|x86
		{F3B1B6ED-6188-4D0E-A9E7-D936D7CB7A3C}.AppStore|iPhoneSimulator.ActiveCfg = Release|x86
		{F3B1B6ED-6188-4D0E-A9E7-D936D7CB7A3C}.AppStore|iPhoneSimulator.Build.0 = Release|x86
		{F3B1B6ED-6188-4D0E-A9E7-D936D7CB7A3C}.AppStore|iPhoneSimulator.Deploy.0 = Release|x86
		{F3B1B6ED-6188-4D0E-A9E7-D936D7CB7A3C}.AppStore|x64.ActiveCfg = Release|x64
		{F3B1B6ED-6188-4D0E-A9E7-D936D7CB7A3C}.AppStore|x64.Build.0 = Release|x64
		{F3B1B6ED-6188-4D0E-A9E7-D936D7CB7A3C}.AppStore|x64.Deploy.0 = Release|x64
		{F3B1B6ED-6188-4D0E-A9E7-D936D7CB7A3C}.AppStore|x86.ActiveCfg = Release|x86
		{F3B1B6ED-6188-4D0E-A9E7-D936D7CB7A3C}.AppStore|x86.Build.0 = Release|x86
		{F3B1B6ED-6188-4D0E-A9E7-D936D7CB7A3C}.AppStore|x86.Deploy.0 = Release|x86
		{F3B1B6ED-6188-4D0E-A9E7-D936D7CB7A3C}.Debug|Any CPU.ActiveCfg = Debug|x86
		{F3B1B6ED-6188-4D0E-A9E7-D936D7CB7A3C}.Debug|ARM.ActiveCfg = Debug|ARM
		{F3B1B6ED-6188-4D0E-A9E7-D936D7CB7A3C}.Debug|ARM.Build.0 = Debug|ARM
		{F3B1B6ED-6188-4D0E-A9E7-D936D7CB7A3C}.Debug|ARM.Deploy.0 = Debug|ARM
		{F3B1B6ED-6188-4D0E-A9E7-D936D7CB7A3C}.Debug|iPhone.ActiveCfg = Debug|x86
		{F3B1B6ED-6188-4D0E-A9E7-D936D7CB7A3C}.Debug|iPhoneSimulator.ActiveCfg = Debug|x86
		{F3B1B6ED-6188-4D0E-A9E7-D936D7CB7A3C}.Debug|x64.ActiveCfg = Debug|x64
		{F3B1B6ED-6188-4D0E-A9E7-D936D7CB7A3C}.Debug|x64.Build.0 = Debug|x64
		{F3B1B6ED-6188-4D0E-A9E7-D936D7CB7A3C}.Debug|x64.Deploy.0 = Debug|x64
		{F3B1B6ED-6188-4D0E-A9E7-D936D7CB7A3C}.Debug|x86.ActiveCfg = Debug|x86
		{F3B1B6ED-6188-4D0E-A9E7-D936D7CB7A3C}.Debug|x86.Build.0 = Debug|x86
		{F3B1B6ED-6188-4D0E-A9E7-D936D7CB7A3C}.Debug|x86.Deploy.0 = Debug|x86
		{F3B1B6ED-6188-4D0E-A9E7-D936D7CB7A3C}.Deploy|Any CPU.ActiveCfg = Release|x86
		{F3B1B6ED-6188-4D0E-A9E7-D936D7CB7A3C}.Deploy|Any CPU.Build.0 = Release|x86
		{F3B1B6ED-6188-4D0E-A9E7-D936D7CB7A3C}.Deploy|Any CPU.Deploy.0 = Release|x86
		{F3B1B6ED-6188-4D0E-A9E7-D936D7CB7A3C}.Deploy|ARM.ActiveCfg = Debug|ARM
		{F3B1B6ED-6188-4D0E-A9E7-D936D7CB7A3C}.Deploy|ARM.Build.0 = Debug|ARM
		{F3B1B6ED-6188-4D0E-A9E7-D936D7CB7A3C}.Deploy|ARM.Deploy.0 = Debug|ARM
		{F3B1B6ED-6188-4D0E-A9E7-D936D7CB7A3C}.Deploy|iPhone.ActiveCfg = Release|x86
		{F3B1B6ED-6188-4D0E-A9E7-D936D7CB7A3C}.Deploy|iPhone.Build.0 = Release|x86
		{F3B1B6ED-6188-4D0E-A9E7-D936D7CB7A3C}.Deploy|iPhone.Deploy.0 = Release|x86
		{F3B1B6ED-6188-4D0E-A9E7-D936D7CB7A3C}.Deploy|iPhoneSimulator.ActiveCfg = Release|x86
		{F3B1B6ED-6188-4D0E-A9E7-D936D7CB7A3C}.Deploy|iPhoneSimulator.Build.0 = Release|x86
		{F3B1B6ED-6188-4D0E-A9E7-D936D7CB7A3C}.Deploy|iPhoneSimulator.Deploy.0 = Release|x86
		{F3B1B6ED-6188-4D0E-A9E7-D936D7CB7A3C}.Deploy|x64.ActiveCfg = Debug|x64
		{F3B1B6ED-6188-4D0E-A9E7-D936D7CB7A3C}.Deploy|x64.Build.0 = Debug|x64
		{F3B1B6ED-6188-4D0E-A9E7-D936D7CB7A3C}.Deploy|x64.Deploy.0 = Debug|x64
		{F3B1B6ED-6188-4D0E-A9E7-D936D7CB7A3C}.Deploy|x86.ActiveCfg = Debug|x86
		{F3B1B6ED-6188-4D0E-A9E7-D936D7CB7A3C}.Deploy|x86.Build.0 = Debug|x86
		{F3B1B6ED-6188-4D0E-A9E7-D936D7CB7A3C}.Deploy|x86.Deploy.0 = Debug|x86
		{F3B1B6ED-6188-4D0E-A9E7-D936D7CB7A3C}.Release|Any CPU.ActiveCfg = Release|x86
		{F3B1B6ED-6188-4D0E-A9E7-D936D7CB7A3C}.Release|ARM.ActiveCfg = Release|ARM
		{F3B1B6ED-6188-4D0E-A9E7-D936D7CB7A3C}.Release|ARM.Build.0 = Release|ARM
		{F3B1B6ED-6188-4D0E-A9E7-D936D7CB7A3C}.Release|ARM.Deploy.0 = Release|ARM
		{F3B1B6ED-6188-4D0E-A9E7-D936D7CB7A3C}.Release|iPhone.ActiveCfg = Release|x86
		{F3B1B6ED-6188-4D0E-A9E7-D936D7CB7A3C}.Release|iPhoneSimulator.ActiveCfg = Release|x86
		{F3B1B6ED-6188-4D0E-A9E7-D936D7CB7A3C}.Release|x64.ActiveCfg = Release|x64
		{F3B1B6ED-6188-4D0E-A9E7-D936D7CB7A3C}.Release|x64.Build.0 = Release|x64
		{F3B1B6ED-6188-4D0E-A9E7-D936D7CB7A3C}.Release|x64.Deploy.0 = Release|x64
		{F3B1B6ED-6188-4D0E-A9E7-D936D7CB7A3C}.Release|x86.ActiveCfg = Release|x86
		{F3B1B6ED-6188-4D0E-A9E7-D936D7CB7A3C}.Release|x86.Build.0 = Release|x86
		{F3B1B6ED-6188-4D0E-A9E7-D936D7CB7A3C}.Release|x86.Deploy.0 = Release|x86
		{6D0D5D81-D792-4568-8614-6569799E5E8B}.Ad-Hoc|Any CPU.ActiveCfg = Release|Any CPU
		{6D0D5D81-D792-4568-8614-6569799E5E8B}.Ad-Hoc|Any CPU.Build.0 = Release|Any CPU
		{6D0D5D81-D792-4568-8614-6569799E5E8B}.Ad-Hoc|Any CPU.Deploy.0 = Release|Any CPU
		{6D0D5D81-D792-4568-8614-6569799E5E8B}.Ad-Hoc|ARM.ActiveCfg = Release|ARM
		{6D0D5D81-D792-4568-8614-6569799E5E8B}.Ad-Hoc|ARM.Build.0 = Release|ARM
		{6D0D5D81-D792-4568-8614-6569799E5E8B}.Ad-Hoc|ARM.Deploy.0 = Release|ARM
		{6D0D5D81-D792-4568-8614-6569799E5E8B}.Ad-Hoc|iPhone.ActiveCfg = Release|Any CPU
		{6D0D5D81-D792-4568-8614-6569799E5E8B}.Ad-Hoc|iPhone.Build.0 = Release|Any CPU
		{6D0D5D81-D792-4568-8614-6569799E5E8B}.Ad-Hoc|iPhone.Deploy.0 = Release|Any CPU
		{6D0D5D81-D792-4568-8614-6569799E5E8B}.Ad-Hoc|iPhoneSimulator.ActiveCfg = Release|Any CPU
		{6D0D5D81-D792-4568-8614-6569799E5E8B}.Ad-Hoc|iPhoneSimulator.Build.0 = Release|Any CPU
		{6D0D5D81-D792-4568-8614-6569799E5E8B}.Ad-Hoc|iPhoneSimulator.Deploy.0 = Release|Any CPU
		{6D0D5D81-D792-4568-8614-6569799E5E8B}.Ad-Hoc|x64.ActiveCfg = Release|x64
		{6D0D5D81-D792-4568-8614-6569799E5E8B}.Ad-Hoc|x64.Build.0 = Release|x64
		{6D0D5D81-D792-4568-8614-6569799E5E8B}.Ad-Hoc|x64.Deploy.0 = Release|x64
		{6D0D5D81-D792-4568-8614-6569799E5E8B}.Ad-Hoc|x86.ActiveCfg = Release|x86
		{6D0D5D81-D792-4568-8614-6569799E5E8B}.Ad-Hoc|x86.Build.0 = Release|x86
		{6D0D5D81-D792-4568-8614-6569799E5E8B}.Ad-Hoc|x86.Deploy.0 = Release|x86
		{6D0D5D81-D792-4568-8614-6569799E5E8B}.AppStore|Any CPU.ActiveCfg = Release|Any CPU
		{6D0D5D81-D792-4568-8614-6569799E5E8B}.AppStore|Any CPU.Build.0 = Release|Any CPU
		{6D0D5D81-D792-4568-8614-6569799E5E8B}.AppStore|Any CPU.Deploy.0 = Release|Any CPU
		{6D0D5D81-D792-4568-8614-6569799E5E8B}.AppStore|ARM.ActiveCfg = Release|ARM
		{6D0D5D81-D792-4568-8614-6569799E5E8B}.AppStore|ARM.Build.0 = Release|ARM
		{6D0D5D81-D792-4568-8614-6569799E5E8B}.AppStore|ARM.Deploy.0 = Release|ARM
		{6D0D5D81-D792-4568-8614-6569799E5E8B}.AppStore|iPhone.ActiveCfg = Release|Any CPU
		{6D0D5D81-D792-4568-8614-6569799E5E8B}.AppStore|iPhone.Build.0 = Release|Any CPU
		{6D0D5D81-D792-4568-8614-6569799E5E8B}.AppStore|iPhone.Deploy.0 = Release|Any CPU
		{6D0D5D81-D792-4568-8614-6569799E5E8B}.AppStore|iPhoneSimulator.ActiveCfg = Release|Any CPU
		{6D0D5D81-D792-4568-8614-6569799E5E8B}.AppStore|iPhoneSimulator.Build.0 = Release|Any CPU
		{6D0D5D81-D792-4568-8614-6569799E5E8B}.AppStore|iPhoneSimulator.Deploy.0 = Release|Any CPU
		{6D0D5D81-D792-4568-8614-6569799E5E8B}.AppStore|x64.ActiveCfg = Release|x64
		{6D0D5D81-D792-4568-8614-6569799E5E8B}.AppStore|x64.Build.0 = Release|x64
		{6D0D5D81-D792-4568-8614-6569799E5E8B}.AppStore|x64.Deploy.0 = Release|x64
		{6D0D5D81-D792-4568-8614-6569799E5E8B}.AppStore|x86.ActiveCfg = Release|x86
		{6D0D5D81-D792-4568-8614-6569799E5E8B}.AppStore|x86.Build.0 = Release|x86
		{6D0D5D81-D792-4568-8614-6569799E5E8B}.AppStore|x86.Deploy.0 = Release|x86
		{6D0D5D81-D792-4568-8614-6569799E5E8B}.Debug|Any CPU.ActiveCfg = Debug|Any CPU
		{6D0D5D81-D792-4568-8614-6569799E5E8B}.Debug|Any CPU.Build.0 = Debug|Any CPU
		{6D0D5D81-D792-4568-8614-6569799E5E8B}.Debug|Any CPU.Deploy.0 = Debug|Any CPU
		{6D0D5D81-D792-4568-8614-6569799E5E8B}.Debug|ARM.ActiveCfg = Debug|ARM
		{6D0D5D81-D792-4568-8614-6569799E5E8B}.Debug|ARM.Build.0 = Debug|ARM
		{6D0D5D81-D792-4568-8614-6569799E5E8B}.Debug|ARM.Deploy.0 = Debug|ARM
		{6D0D5D81-D792-4568-8614-6569799E5E8B}.Debug|iPhone.ActiveCfg = Debug|Any CPU
		{6D0D5D81-D792-4568-8614-6569799E5E8B}.Debug|iPhone.Build.0 = Debug|Any CPU
		{6D0D5D81-D792-4568-8614-6569799E5E8B}.Debug|iPhone.Deploy.0 = Debug|Any CPU
		{6D0D5D81-D792-4568-8614-6569799E5E8B}.Debug|iPhoneSimulator.ActiveCfg = Debug|Any CPU
		{6D0D5D81-D792-4568-8614-6569799E5E8B}.Debug|iPhoneSimulator.Build.0 = Debug|Any CPU
		{6D0D5D81-D792-4568-8614-6569799E5E8B}.Debug|iPhoneSimulator.Deploy.0 = Debug|Any CPU
		{6D0D5D81-D792-4568-8614-6569799E5E8B}.Debug|x64.ActiveCfg = Debug|x64
		{6D0D5D81-D792-4568-8614-6569799E5E8B}.Debug|x64.Build.0 = Debug|x64
		{6D0D5D81-D792-4568-8614-6569799E5E8B}.Debug|x64.Deploy.0 = Debug|x64
		{6D0D5D81-D792-4568-8614-6569799E5E8B}.Debug|x86.ActiveCfg = Debug|x86
		{6D0D5D81-D792-4568-8614-6569799E5E8B}.Debug|x86.Build.0 = Debug|x86
		{6D0D5D81-D792-4568-8614-6569799E5E8B}.Debug|x86.Deploy.0 = Debug|x86
		{6D0D5D81-D792-4568-8614-6569799E5E8B}.Deploy|Any CPU.ActiveCfg = Debug|Any CPU
		{6D0D5D81-D792-4568-8614-6569799E5E8B}.Deploy|Any CPU.Build.0 = Debug|Any CPU
		{6D0D5D81-D792-4568-8614-6569799E5E8B}.Deploy|Any CPU.Deploy.0 = Debug|Any CPU
		{6D0D5D81-D792-4568-8614-6569799E5E8B}.Deploy|ARM.ActiveCfg = Debug|ARM
		{6D0D5D81-D792-4568-8614-6569799E5E8B}.Deploy|ARM.Build.0 = Debug|ARM
		{6D0D5D81-D792-4568-8614-6569799E5E8B}.Deploy|ARM.Deploy.0 = Debug|ARM
		{6D0D5D81-D792-4568-8614-6569799E5E8B}.Deploy|iPhone.ActiveCfg = Debug|Any CPU
		{6D0D5D81-D792-4568-8614-6569799E5E8B}.Deploy|iPhone.Build.0 = Debug|Any CPU
		{6D0D5D81-D792-4568-8614-6569799E5E8B}.Deploy|iPhone.Deploy.0 = Debug|Any CPU
		{6D0D5D81-D792-4568-8614-6569799E5E8B}.Deploy|iPhoneSimulator.ActiveCfg = Debug|Any CPU
		{6D0D5D81-D792-4568-8614-6569799E5E8B}.Deploy|iPhoneSimulator.Build.0 = Debug|Any CPU
		{6D0D5D81-D792-4568-8614-6569799E5E8B}.Deploy|iPhoneSimulator.Deploy.0 = Debug|Any CPU
		{6D0D5D81-D792-4568-8614-6569799E5E8B}.Deploy|x64.ActiveCfg = Debug|x64
		{6D0D5D81-D792-4568-8614-6569799E5E8B}.Deploy|x64.Build.0 = Debug|x64
		{6D0D5D81-D792-4568-8614-6569799E5E8B}.Deploy|x64.Deploy.0 = Debug|x64
		{6D0D5D81-D792-4568-8614-6569799E5E8B}.Deploy|x86.ActiveCfg = Debug|x86
		{6D0D5D81-D792-4568-8614-6569799E5E8B}.Deploy|x86.Build.0 = Debug|x86
		{6D0D5D81-D792-4568-8614-6569799E5E8B}.Deploy|x86.Deploy.0 = Debug|x86
		{6D0D5D81-D792-4568-8614-6569799E5E8B}.Release|Any CPU.ActiveCfg = Release|Any CPU
		{6D0D5D81-D792-4568-8614-6569799E5E8B}.Release|Any CPU.Build.0 = Release|Any CPU
		{6D0D5D81-D792-4568-8614-6569799E5E8B}.Release|Any CPU.Deploy.0 = Release|Any CPU
		{6D0D5D81-D792-4568-8614-6569799E5E8B}.Release|ARM.ActiveCfg = Release|ARM
		{6D0D5D81-D792-4568-8614-6569799E5E8B}.Release|ARM.Build.0 = Release|ARM
		{6D0D5D81-D792-4568-8614-6569799E5E8B}.Release|ARM.Deploy.0 = Release|ARM
		{6D0D5D81-D792-4568-8614-6569799E5E8B}.Release|iPhone.ActiveCfg = Release|Any CPU
		{6D0D5D81-D792-4568-8614-6569799E5E8B}.Release|iPhone.Build.0 = Release|Any CPU
		{6D0D5D81-D792-4568-8614-6569799E5E8B}.Release|iPhone.Deploy.0 = Release|Any CPU
		{6D0D5D81-D792-4568-8614-6569799E5E8B}.Release|iPhoneSimulator.ActiveCfg = Release|Any CPU
		{6D0D5D81-D792-4568-8614-6569799E5E8B}.Release|iPhoneSimulator.Build.0 = Release|Any CPU
		{6D0D5D81-D792-4568-8614-6569799E5E8B}.Release|iPhoneSimulator.Deploy.0 = Release|Any CPU
		{6D0D5D81-D792-4568-8614-6569799E5E8B}.Release|x64.ActiveCfg = Release|x64
		{6D0D5D81-D792-4568-8614-6569799E5E8B}.Release|x64.Build.0 = Release|x64
		{6D0D5D81-D792-4568-8614-6569799E5E8B}.Release|x64.Deploy.0 = Release|x64
		{6D0D5D81-D792-4568-8614-6569799E5E8B}.Release|x86.ActiveCfg = Release|x86
		{6D0D5D81-D792-4568-8614-6569799E5E8B}.Release|x86.Build.0 = Release|x86
		{6D0D5D81-D792-4568-8614-6569799E5E8B}.Release|x86.Deploy.0 = Release|x86
		{B653F61D-50AE-4770-9530-33368D972726}.Ad-Hoc|Any CPU.ActiveCfg = Release|Any CPU
		{B653F61D-50AE-4770-9530-33368D972726}.Ad-Hoc|Any CPU.Build.0 = Release|Any CPU
		{B653F61D-50AE-4770-9530-33368D972726}.Ad-Hoc|Any CPU.Deploy.0 = Release|Any CPU
		{B653F61D-50AE-4770-9530-33368D972726}.Ad-Hoc|ARM.ActiveCfg = Release|ARM
		{B653F61D-50AE-4770-9530-33368D972726}.Ad-Hoc|ARM.Build.0 = Release|ARM
		{B653F61D-50AE-4770-9530-33368D972726}.Ad-Hoc|ARM.Deploy.0 = Release|ARM
		{B653F61D-50AE-4770-9530-33368D972726}.Ad-Hoc|iPhone.ActiveCfg = Release|Any CPU
		{B653F61D-50AE-4770-9530-33368D972726}.Ad-Hoc|iPhone.Build.0 = Release|Any CPU
		{B653F61D-50AE-4770-9530-33368D972726}.Ad-Hoc|iPhone.Deploy.0 = Release|Any CPU
		{B653F61D-50AE-4770-9530-33368D972726}.Ad-Hoc|iPhoneSimulator.ActiveCfg = Release|Any CPU
		{B653F61D-50AE-4770-9530-33368D972726}.Ad-Hoc|iPhoneSimulator.Build.0 = Release|Any CPU
		{B653F61D-50AE-4770-9530-33368D972726}.Ad-Hoc|iPhoneSimulator.Deploy.0 = Release|Any CPU
		{B653F61D-50AE-4770-9530-33368D972726}.Ad-Hoc|x64.ActiveCfg = Release|Any CPU
		{B653F61D-50AE-4770-9530-33368D972726}.Ad-Hoc|x64.Build.0 = Release|Any CPU
		{B653F61D-50AE-4770-9530-33368D972726}.Ad-Hoc|x64.Deploy.0 = Release|Any CPU
		{B653F61D-50AE-4770-9530-33368D972726}.Ad-Hoc|x86.ActiveCfg = Release|x86
		{B653F61D-50AE-4770-9530-33368D972726}.Ad-Hoc|x86.Build.0 = Release|x86
		{B653F61D-50AE-4770-9530-33368D972726}.Ad-Hoc|x86.Deploy.0 = Release|x86
		{B653F61D-50AE-4770-9530-33368D972726}.AppStore|Any CPU.ActiveCfg = Release|Any CPU
		{B653F61D-50AE-4770-9530-33368D972726}.AppStore|Any CPU.Build.0 = Release|Any CPU
		{B653F61D-50AE-4770-9530-33368D972726}.AppStore|Any CPU.Deploy.0 = Release|Any CPU
		{B653F61D-50AE-4770-9530-33368D972726}.AppStore|ARM.ActiveCfg = Release|ARM
		{B653F61D-50AE-4770-9530-33368D972726}.AppStore|ARM.Build.0 = Release|ARM
		{B653F61D-50AE-4770-9530-33368D972726}.AppStore|ARM.Deploy.0 = Release|ARM
		{B653F61D-50AE-4770-9530-33368D972726}.AppStore|iPhone.ActiveCfg = Release|Any CPU
		{B653F61D-50AE-4770-9530-33368D972726}.AppStore|iPhone.Build.0 = Release|Any CPU
		{B653F61D-50AE-4770-9530-33368D972726}.AppStore|iPhone.Deploy.0 = Release|Any CPU
		{B653F61D-50AE-4770-9530-33368D972726}.AppStore|iPhoneSimulator.ActiveCfg = Release|Any CPU
		{B653F61D-50AE-4770-9530-33368D972726}.AppStore|iPhoneSimulator.Build.0 = Release|Any CPU
		{B653F61D-50AE-4770-9530-33368D972726}.AppStore|iPhoneSimulator.Deploy.0 = Release|Any CPU
		{B653F61D-50AE-4770-9530-33368D972726}.AppStore|x64.ActiveCfg = Release|Any CPU
		{B653F61D-50AE-4770-9530-33368D972726}.AppStore|x64.Build.0 = Release|Any CPU
		{B653F61D-50AE-4770-9530-33368D972726}.AppStore|x64.Deploy.0 = Release|Any CPU
		{B653F61D-50AE-4770-9530-33368D972726}.AppStore|x86.ActiveCfg = Release|x86
		{B653F61D-50AE-4770-9530-33368D972726}.AppStore|x86.Build.0 = Release|x86
		{B653F61D-50AE-4770-9530-33368D972726}.AppStore|x86.Deploy.0 = Release|x86
		{B653F61D-50AE-4770-9530-33368D972726}.Debug|Any CPU.ActiveCfg = Debug|Any CPU
		{B653F61D-50AE-4770-9530-33368D972726}.Debug|Any CPU.Build.0 = Debug|Any CPU
		{B653F61D-50AE-4770-9530-33368D972726}.Debug|Any CPU.Deploy.0 = Debug|Any CPU
		{B653F61D-50AE-4770-9530-33368D972726}.Debug|ARM.ActiveCfg = Debug|ARM
		{B653F61D-50AE-4770-9530-33368D972726}.Debug|ARM.Build.0 = Debug|ARM
		{B653F61D-50AE-4770-9530-33368D972726}.Debug|ARM.Deploy.0 = Debug|ARM
		{B653F61D-50AE-4770-9530-33368D972726}.Debug|iPhone.ActiveCfg = Debug|Any CPU
		{B653F61D-50AE-4770-9530-33368D972726}.Debug|iPhone.Build.0 = Debug|Any CPU
		{B653F61D-50AE-4770-9530-33368D972726}.Debug|iPhone.Deploy.0 = Debug|Any CPU
		{B653F61D-50AE-4770-9530-33368D972726}.Debug|iPhoneSimulator.ActiveCfg = Debug|Any CPU
		{B653F61D-50AE-4770-9530-33368D972726}.Debug|iPhoneSimulator.Build.0 = Debug|Any CPU
		{B653F61D-50AE-4770-9530-33368D972726}.Debug|iPhoneSimulator.Deploy.0 = Debug|Any CPU
		{B653F61D-50AE-4770-9530-33368D972726}.Debug|x64.ActiveCfg = Debug|Any CPU
		{B653F61D-50AE-4770-9530-33368D972726}.Debug|x64.Build.0 = Debug|Any CPU
		{B653F61D-50AE-4770-9530-33368D972726}.Debug|x64.Deploy.0 = Debug|Any CPU
		{B653F61D-50AE-4770-9530-33368D972726}.Debug|x86.ActiveCfg = Debug|x86
		{B653F61D-50AE-4770-9530-33368D972726}.Debug|x86.Build.0 = Debug|x86
		{B653F61D-50AE-4770-9530-33368D972726}.Debug|x86.Deploy.0 = Debug|x86
		{B653F61D-50AE-4770-9530-33368D972726}.Deploy|Any CPU.ActiveCfg = Debug|Any CPU
		{B653F61D-50AE-4770-9530-33368D972726}.Deploy|Any CPU.Build.0 = Debug|Any CPU
		{B653F61D-50AE-4770-9530-33368D972726}.Deploy|Any CPU.Deploy.0 = Debug|Any CPU
		{B653F61D-50AE-4770-9530-33368D972726}.Deploy|ARM.ActiveCfg = Debug|ARM
		{B653F61D-50AE-4770-9530-33368D972726}.Deploy|ARM.Build.0 = Debug|ARM
		{B653F61D-50AE-4770-9530-33368D972726}.Deploy|ARM.Deploy.0 = Debug|ARM
		{B653F61D-50AE-4770-9530-33368D972726}.Deploy|iPhone.ActiveCfg = Debug|Any CPU
		{B653F61D-50AE-4770-9530-33368D972726}.Deploy|iPhone.Build.0 = Debug|Any CPU
		{B653F61D-50AE-4770-9530-33368D972726}.Deploy|iPhone.Deploy.0 = Debug|Any CPU
		{B653F61D-50AE-4770-9530-33368D972726}.Deploy|iPhoneSimulator.ActiveCfg = Debug|Any CPU
		{B653F61D-50AE-4770-9530-33368D972726}.Deploy|iPhoneSimulator.Build.0 = Debug|Any CPU
		{B653F61D-50AE-4770-9530-33368D972726}.Deploy|iPhoneSimulator.Deploy.0 = Debug|Any CPU
		{B653F61D-50AE-4770-9530-33368D972726}.Deploy|x64.ActiveCfg = Debug|Any CPU
		{B653F61D-50AE-4770-9530-33368D972726}.Deploy|x64.Build.0 = Debug|Any CPU
		{B653F61D-50AE-4770-9530-33368D972726}.Deploy|x64.Deploy.0 = Debug|Any CPU
		{B653F61D-50AE-4770-9530-33368D972726}.Deploy|x86.ActiveCfg = Debug|x86
		{B653F61D-50AE-4770-9530-33368D972726}.Deploy|x86.Build.0 = Debug|x86
		{B653F61D-50AE-4770-9530-33368D972726}.Deploy|x86.Deploy.0 = Debug|x86
		{B653F61D-50AE-4770-9530-33368D972726}.Release|Any CPU.ActiveCfg = Release|Any CPU
		{B653F61D-50AE-4770-9530-33368D972726}.Release|Any CPU.Build.0 = Release|Any CPU
		{B653F61D-50AE-4770-9530-33368D972726}.Release|Any CPU.Deploy.0 = Release|Any CPU
		{B653F61D-50AE-4770-9530-33368D972726}.Release|ARM.ActiveCfg = Release|ARM
		{B653F61D-50AE-4770-9530-33368D972726}.Release|ARM.Build.0 = Release|ARM
		{B653F61D-50AE-4770-9530-33368D972726}.Release|ARM.Deploy.0 = Release|ARM
		{B653F61D-50AE-4770-9530-33368D972726}.Release|iPhone.ActiveCfg = Release|Any CPU
		{B653F61D-50AE-4770-9530-33368D972726}.Release|iPhone.Build.0 = Release|Any CPU
		{B653F61D-50AE-4770-9530-33368D972726}.Release|iPhone.Deploy.0 = Release|Any CPU
		{B653F61D-50AE-4770-9530-33368D972726}.Release|iPhoneSimulator.ActiveCfg = Release|Any CPU
		{B653F61D-50AE-4770-9530-33368D972726}.Release|iPhoneSimulator.Build.0 = Release|Any CPU
		{B653F61D-50AE-4770-9530-33368D972726}.Release|iPhoneSimulator.Deploy.0 = Release|Any CPU
		{B653F61D-50AE-4770-9530-33368D972726}.Release|x64.ActiveCfg = Release|Any CPU
		{B653F61D-50AE-4770-9530-33368D972726}.Release|x64.Build.0 = Release|Any CPU
		{B653F61D-50AE-4770-9530-33368D972726}.Release|x64.Deploy.0 = Release|Any CPU
		{B653F61D-50AE-4770-9530-33368D972726}.Release|x86.ActiveCfg = Release|x86
		{B653F61D-50AE-4770-9530-33368D972726}.Release|x86.Build.0 = Release|x86
		{B653F61D-50AE-4770-9530-33368D972726}.Release|x86.Deploy.0 = Release|x86
		{085E418A-7CC9-4AB6-B38A-FC6CABE373D6}.Ad-Hoc|Any CPU.ActiveCfg = Deploy|Any CPU
		{085E418A-7CC9-4AB6-B38A-FC6CABE373D6}.Ad-Hoc|Any CPU.Build.0 = Deploy|Any CPU
		{085E418A-7CC9-4AB6-B38A-FC6CABE373D6}.Ad-Hoc|ARM.ActiveCfg = Deploy|Any CPU
		{085E418A-7CC9-4AB6-B38A-FC6CABE373D6}.Ad-Hoc|ARM.Build.0 = Deploy|Any CPU
		{085E418A-7CC9-4AB6-B38A-FC6CABE373D6}.Ad-Hoc|iPhone.ActiveCfg = Deploy|Any CPU
		{085E418A-7CC9-4AB6-B38A-FC6CABE373D6}.Ad-Hoc|iPhone.Build.0 = Deploy|Any CPU
		{085E418A-7CC9-4AB6-B38A-FC6CABE373D6}.Ad-Hoc|iPhoneSimulator.ActiveCfg = Deploy|Any CPU
		{085E418A-7CC9-4AB6-B38A-FC6CABE373D6}.Ad-Hoc|iPhoneSimulator.Build.0 = Deploy|Any CPU
		{085E418A-7CC9-4AB6-B38A-FC6CABE373D6}.Ad-Hoc|x64.ActiveCfg = Deploy|Any CPU
		{085E418A-7CC9-4AB6-B38A-FC6CABE373D6}.Ad-Hoc|x64.Build.0 = Deploy|Any CPU
		{085E418A-7CC9-4AB6-B38A-FC6CABE373D6}.Ad-Hoc|x86.ActiveCfg = Deploy|Any CPU
		{085E418A-7CC9-4AB6-B38A-FC6CABE373D6}.Ad-Hoc|x86.Build.0 = Deploy|Any CPU
		{085E418A-7CC9-4AB6-B38A-FC6CABE373D6}.AppStore|Any CPU.ActiveCfg = Deploy|Any CPU
		{085E418A-7CC9-4AB6-B38A-FC6CABE373D6}.AppStore|Any CPU.Build.0 = Deploy|Any CPU
		{085E418A-7CC9-4AB6-B38A-FC6CABE373D6}.AppStore|ARM.ActiveCfg = Deploy|Any CPU
		{085E418A-7CC9-4AB6-B38A-FC6CABE373D6}.AppStore|ARM.Build.0 = Deploy|Any CPU
		{085E418A-7CC9-4AB6-B38A-FC6CABE373D6}.AppStore|iPhone.ActiveCfg = Deploy|Any CPU
		{085E418A-7CC9-4AB6-B38A-FC6CABE373D6}.AppStore|iPhone.Build.0 = Deploy|Any CPU
		{085E418A-7CC9-4AB6-B38A-FC6CABE373D6}.AppStore|iPhoneSimulator.ActiveCfg = Deploy|Any CPU
		{085E418A-7CC9-4AB6-B38A-FC6CABE373D6}.AppStore|iPhoneSimulator.Build.0 = Deploy|Any CPU
		{085E418A-7CC9-4AB6-B38A-FC6CABE373D6}.AppStore|x64.ActiveCfg = Deploy|Any CPU
		{085E418A-7CC9-4AB6-B38A-FC6CABE373D6}.AppStore|x64.Build.0 = Deploy|Any CPU
		{085E418A-7CC9-4AB6-B38A-FC6CABE373D6}.AppStore|x86.ActiveCfg = Deploy|Any CPU
		{085E418A-7CC9-4AB6-B38A-FC6CABE373D6}.AppStore|x86.Build.0 = Deploy|Any CPU
		{085E418A-7CC9-4AB6-B38A-FC6CABE373D6}.Debug|Any CPU.ActiveCfg = Debug|Any CPU
		{085E418A-7CC9-4AB6-B38A-FC6CABE373D6}.Debug|Any CPU.Build.0 = Debug|Any CPU
		{085E418A-7CC9-4AB6-B38A-FC6CABE373D6}.Debug|ARM.ActiveCfg = Debug|Any CPU
		{085E418A-7CC9-4AB6-B38A-FC6CABE373D6}.Debug|ARM.Build.0 = Debug|Any CPU
		{085E418A-7CC9-4AB6-B38A-FC6CABE373D6}.Debug|iPhone.ActiveCfg = Debug|Any CPU
		{085E418A-7CC9-4AB6-B38A-FC6CABE373D6}.Debug|iPhone.Build.0 = Debug|Any CPU
		{085E418A-7CC9-4AB6-B38A-FC6CABE373D6}.Debug|iPhoneSimulator.ActiveCfg = Debug|Any CPU
		{085E418A-7CC9-4AB6-B38A-FC6CABE373D6}.Debug|iPhoneSimulator.Build.0 = Debug|Any CPU
		{085E418A-7CC9-4AB6-B38A-FC6CABE373D6}.Debug|x64.ActiveCfg = Debug|Any CPU
		{085E418A-7CC9-4AB6-B38A-FC6CABE373D6}.Debug|x64.Build.0 = Debug|Any CPU
		{085E418A-7CC9-4AB6-B38A-FC6CABE373D6}.Debug|x86.ActiveCfg = Debug|Any CPU
		{085E418A-7CC9-4AB6-B38A-FC6CABE373D6}.Debug|x86.Build.0 = Debug|Any CPU
		{085E418A-7CC9-4AB6-B38A-FC6CABE373D6}.Deploy|Any CPU.ActiveCfg = Deploy|Any CPU
		{085E418A-7CC9-4AB6-B38A-FC6CABE373D6}.Deploy|Any CPU.Build.0 = Deploy|Any CPU
		{085E418A-7CC9-4AB6-B38A-FC6CABE373D6}.Deploy|ARM.ActiveCfg = Deploy|Any CPU
		{085E418A-7CC9-4AB6-B38A-FC6CABE373D6}.Deploy|ARM.Build.0 = Deploy|Any CPU
		{085E418A-7CC9-4AB6-B38A-FC6CABE373D6}.Deploy|iPhone.ActiveCfg = Deploy|Any CPU
		{085E418A-7CC9-4AB6-B38A-FC6CABE373D6}.Deploy|iPhone.Build.0 = Deploy|Any CPU
		{085E418A-7CC9-4AB6-B38A-FC6CABE373D6}.Deploy|iPhoneSimulator.ActiveCfg = Deploy|Any CPU
		{085E418A-7CC9-4AB6-B38A-FC6CABE373D6}.Deploy|iPhoneSimulator.Build.0 = Deploy|Any CPU
		{085E418A-7CC9-4AB6-B38A-FC6CABE373D6}.Deploy|x64.ActiveCfg = Deploy|Any CPU
		{085E418A-7CC9-4AB6-B38A-FC6CABE373D6}.Deploy|x64.Build.0 = Deploy|Any CPU
		{085E418A-7CC9-4AB6-B38A-FC6CABE373D6}.Deploy|x86.ActiveCfg = Deploy|Any CPU
		{085E418A-7CC9-4AB6-B38A-FC6CABE373D6}.Deploy|x86.Build.0 = Deploy|Any CPU
		{085E418A-7CC9-4AB6-B38A-FC6CABE373D6}.Release|Any CPU.ActiveCfg = Release|Any CPU
		{085E418A-7CC9-4AB6-B38A-FC6CABE373D6}.Release|Any CPU.Build.0 = Release|Any CPU
		{085E418A-7CC9-4AB6-B38A-FC6CABE373D6}.Release|ARM.ActiveCfg = Release|Any CPU
		{085E418A-7CC9-4AB6-B38A-FC6CABE373D6}.Release|ARM.Build.0 = Release|Any CPU
		{085E418A-7CC9-4AB6-B38A-FC6CABE373D6}.Release|iPhone.ActiveCfg = Release|Any CPU
		{085E418A-7CC9-4AB6-B38A-FC6CABE373D6}.Release|iPhone.Build.0 = Release|Any CPU
		{085E418A-7CC9-4AB6-B38A-FC6CABE373D6}.Release|iPhoneSimulator.ActiveCfg = Release|Any CPU
		{085E418A-7CC9-4AB6-B38A-FC6CABE373D6}.Release|iPhoneSimulator.Build.0 = Release|Any CPU
		{085E418A-7CC9-4AB6-B38A-FC6CABE373D6}.Release|x64.ActiveCfg = Release|Any CPU
		{085E418A-7CC9-4AB6-B38A-FC6CABE373D6}.Release|x64.Build.0 = Release|Any CPU
		{085E418A-7CC9-4AB6-B38A-FC6CABE373D6}.Release|x86.ActiveCfg = Release|Any CPU
		{085E418A-7CC9-4AB6-B38A-FC6CABE373D6}.Release|x86.Build.0 = Release|Any CPU
		{BC3BD128-1D20-4C41-83B0-3FC37E5C5F5E}.Ad-Hoc|Any CPU.ActiveCfg = Deploy|Any CPU
		{BC3BD128-1D20-4C41-83B0-3FC37E5C5F5E}.Ad-Hoc|Any CPU.Build.0 = Deploy|Any CPU
		{BC3BD128-1D20-4C41-83B0-3FC37E5C5F5E}.Ad-Hoc|ARM.ActiveCfg = Deploy|Any CPU
		{BC3BD128-1D20-4C41-83B0-3FC37E5C5F5E}.Ad-Hoc|ARM.Build.0 = Deploy|Any CPU
		{BC3BD128-1D20-4C41-83B0-3FC37E5C5F5E}.Ad-Hoc|iPhone.ActiveCfg = Deploy|Any CPU
		{BC3BD128-1D20-4C41-83B0-3FC37E5C5F5E}.Ad-Hoc|iPhone.Build.0 = Deploy|Any CPU
		{BC3BD128-1D20-4C41-83B0-3FC37E5C5F5E}.Ad-Hoc|iPhoneSimulator.ActiveCfg = Deploy|Any CPU
		{BC3BD128-1D20-4C41-83B0-3FC37E5C5F5E}.Ad-Hoc|iPhoneSimulator.Build.0 = Deploy|Any CPU
		{BC3BD128-1D20-4C41-83B0-3FC37E5C5F5E}.Ad-Hoc|x64.ActiveCfg = Deploy|Any CPU
		{BC3BD128-1D20-4C41-83B0-3FC37E5C5F5E}.Ad-Hoc|x64.Build.0 = Deploy|Any CPU
		{BC3BD128-1D20-4C41-83B0-3FC37E5C5F5E}.Ad-Hoc|x86.ActiveCfg = Deploy|Any CPU
		{BC3BD128-1D20-4C41-83B0-3FC37E5C5F5E}.Ad-Hoc|x86.Build.0 = Deploy|Any CPU
		{BC3BD128-1D20-4C41-83B0-3FC37E5C5F5E}.AppStore|Any CPU.ActiveCfg = Deploy|Any CPU
		{BC3BD128-1D20-4C41-83B0-3FC37E5C5F5E}.AppStore|Any CPU.Build.0 = Deploy|Any CPU
		{BC3BD128-1D20-4C41-83B0-3FC37E5C5F5E}.AppStore|ARM.ActiveCfg = Deploy|Any CPU
		{BC3BD128-1D20-4C41-83B0-3FC37E5C5F5E}.AppStore|ARM.Build.0 = Deploy|Any CPU
		{BC3BD128-1D20-4C41-83B0-3FC37E5C5F5E}.AppStore|iPhone.ActiveCfg = Deploy|Any CPU
		{BC3BD128-1D20-4C41-83B0-3FC37E5C5F5E}.AppStore|iPhone.Build.0 = Deploy|Any CPU
		{BC3BD128-1D20-4C41-83B0-3FC37E5C5F5E}.AppStore|iPhoneSimulator.ActiveCfg = Deploy|Any CPU
		{BC3BD128-1D20-4C41-83B0-3FC37E5C5F5E}.AppStore|iPhoneSimulator.Build.0 = Deploy|Any CPU
		{BC3BD128-1D20-4C41-83B0-3FC37E5C5F5E}.AppStore|x64.ActiveCfg = Deploy|Any CPU
		{BC3BD128-1D20-4C41-83B0-3FC37E5C5F5E}.AppStore|x64.Build.0 = Deploy|Any CPU
		{BC3BD128-1D20-4C41-83B0-3FC37E5C5F5E}.AppStore|x86.ActiveCfg = Deploy|Any CPU
		{BC3BD128-1D20-4C41-83B0-3FC37E5C5F5E}.AppStore|x86.Build.0 = Deploy|Any CPU
		{BC3BD128-1D20-4C41-83B0-3FC37E5C5F5E}.Debug|Any CPU.ActiveCfg = Debug|Any CPU
		{BC3BD128-1D20-4C41-83B0-3FC37E5C5F5E}.Debug|Any CPU.Build.0 = Debug|Any CPU
		{BC3BD128-1D20-4C41-83B0-3FC37E5C5F5E}.Debug|ARM.ActiveCfg = Debug|Any CPU
		{BC3BD128-1D20-4C41-83B0-3FC37E5C5F5E}.Debug|ARM.Build.0 = Debug|Any CPU
		{BC3BD128-1D20-4C41-83B0-3FC37E5C5F5E}.Debug|iPhone.ActiveCfg = Debug|Any CPU
		{BC3BD128-1D20-4C41-83B0-3FC37E5C5F5E}.Debug|iPhone.Build.0 = Debug|Any CPU
		{BC3BD128-1D20-4C41-83B0-3FC37E5C5F5E}.Debug|iPhoneSimulator.ActiveCfg = Debug|Any CPU
		{BC3BD128-1D20-4C41-83B0-3FC37E5C5F5E}.Debug|iPhoneSimulator.Build.0 = Debug|Any CPU
		{BC3BD128-1D20-4C41-83B0-3FC37E5C5F5E}.Debug|x64.ActiveCfg = Debug|Any CPU
		{BC3BD128-1D20-4C41-83B0-3FC37E5C5F5E}.Debug|x64.Build.0 = Debug|Any CPU
		{BC3BD128-1D20-4C41-83B0-3FC37E5C5F5E}.Debug|x86.ActiveCfg = Debug|Any CPU
		{BC3BD128-1D20-4C41-83B0-3FC37E5C5F5E}.Debug|x86.Build.0 = Debug|Any CPU
		{BC3BD128-1D20-4C41-83B0-3FC37E5C5F5E}.Deploy|Any CPU.ActiveCfg = Deploy|Any CPU
		{BC3BD128-1D20-4C41-83B0-3FC37E5C5F5E}.Deploy|Any CPU.Build.0 = Deploy|Any CPU
		{BC3BD128-1D20-4C41-83B0-3FC37E5C5F5E}.Deploy|ARM.ActiveCfg = Deploy|Any CPU
		{BC3BD128-1D20-4C41-83B0-3FC37E5C5F5E}.Deploy|ARM.Build.0 = Deploy|Any CPU
		{BC3BD128-1D20-4C41-83B0-3FC37E5C5F5E}.Deploy|iPhone.ActiveCfg = Deploy|Any CPU
		{BC3BD128-1D20-4C41-83B0-3FC37E5C5F5E}.Deploy|iPhone.Build.0 = Deploy|Any CPU
		{BC3BD128-1D20-4C41-83B0-3FC37E5C5F5E}.Deploy|iPhoneSimulator.ActiveCfg = Deploy|Any CPU
		{BC3BD128-1D20-4C41-83B0-3FC37E5C5F5E}.Deploy|iPhoneSimulator.Build.0 = Deploy|Any CPU
		{BC3BD128-1D20-4C41-83B0-3FC37E5C5F5E}.Deploy|x64.ActiveCfg = Deploy|Any CPU
		{BC3BD128-1D20-4C41-83B0-3FC37E5C5F5E}.Deploy|x64.Build.0 = Deploy|Any CPU
		{BC3BD128-1D20-4C41-83B0-3FC37E5C5F5E}.Deploy|x86.ActiveCfg = Deploy|Any CPU
		{BC3BD128-1D20-4C41-83B0-3FC37E5C5F5E}.Deploy|x86.Build.0 = Deploy|Any CPU
		{BC3BD128-1D20-4C41-83B0-3FC37E5C5F5E}.Release|Any CPU.ActiveCfg = Release|Any CPU
		{BC3BD128-1D20-4C41-83B0-3FC37E5C5F5E}.Release|Any CPU.Build.0 = Release|Any CPU
		{BC3BD128-1D20-4C41-83B0-3FC37E5C5F5E}.Release|ARM.ActiveCfg = Release|Any CPU
		{BC3BD128-1D20-4C41-83B0-3FC37E5C5F5E}.Release|ARM.Build.0 = Release|Any CPU
		{BC3BD128-1D20-4C41-83B0-3FC37E5C5F5E}.Release|iPhone.ActiveCfg = Release|Any CPU
		{BC3BD128-1D20-4C41-83B0-3FC37E5C5F5E}.Release|iPhone.Build.0 = Release|Any CPU
		{BC3BD128-1D20-4C41-83B0-3FC37E5C5F5E}.Release|iPhoneSimulator.ActiveCfg = Release|Any CPU
		{BC3BD128-1D20-4C41-83B0-3FC37E5C5F5E}.Release|iPhoneSimulator.Build.0 = Release|Any CPU
		{BC3BD128-1D20-4C41-83B0-3FC37E5C5F5E}.Release|x64.ActiveCfg = Release|Any CPU
		{BC3BD128-1D20-4C41-83B0-3FC37E5C5F5E}.Release|x64.Build.0 = Release|Any CPU
		{BC3BD128-1D20-4C41-83B0-3FC37E5C5F5E}.Release|x86.ActiveCfg = Release|Any CPU
		{BC3BD128-1D20-4C41-83B0-3FC37E5C5F5E}.Release|x86.Build.0 = Release|Any CPU
		{2B3EBF26-FA4A-4697-B7E6-1618CE609EB0}.Ad-Hoc|Any CPU.ActiveCfg = Deploy|Any CPU
		{2B3EBF26-FA4A-4697-B7E6-1618CE609EB0}.Ad-Hoc|Any CPU.Build.0 = Deploy|Any CPU
		{2B3EBF26-FA4A-4697-B7E6-1618CE609EB0}.Ad-Hoc|ARM.ActiveCfg = Deploy|Any CPU
		{2B3EBF26-FA4A-4697-B7E6-1618CE609EB0}.Ad-Hoc|ARM.Build.0 = Deploy|Any CPU
		{2B3EBF26-FA4A-4697-B7E6-1618CE609EB0}.Ad-Hoc|iPhone.ActiveCfg = Deploy|Any CPU
		{2B3EBF26-FA4A-4697-B7E6-1618CE609EB0}.Ad-Hoc|iPhone.Build.0 = Deploy|Any CPU
		{2B3EBF26-FA4A-4697-B7E6-1618CE609EB0}.Ad-Hoc|iPhoneSimulator.ActiveCfg = Deploy|Any CPU
		{2B3EBF26-FA4A-4697-B7E6-1618CE609EB0}.Ad-Hoc|iPhoneSimulator.Build.0 = Deploy|Any CPU
		{2B3EBF26-FA4A-4697-B7E6-1618CE609EB0}.Ad-Hoc|x64.ActiveCfg = Deploy|Any CPU
		{2B3EBF26-FA4A-4697-B7E6-1618CE609EB0}.Ad-Hoc|x64.Build.0 = Deploy|Any CPU
		{2B3EBF26-FA4A-4697-B7E6-1618CE609EB0}.Ad-Hoc|x86.ActiveCfg = Deploy|Any CPU
		{2B3EBF26-FA4A-4697-B7E6-1618CE609EB0}.Ad-Hoc|x86.Build.0 = Deploy|Any CPU
		{2B3EBF26-FA4A-4697-B7E6-1618CE609EB0}.AppStore|Any CPU.ActiveCfg = Deploy|Any CPU
		{2B3EBF26-FA4A-4697-B7E6-1618CE609EB0}.AppStore|Any CPU.Build.0 = Deploy|Any CPU
		{2B3EBF26-FA4A-4697-B7E6-1618CE609EB0}.AppStore|ARM.ActiveCfg = Deploy|Any CPU
		{2B3EBF26-FA4A-4697-B7E6-1618CE609EB0}.AppStore|ARM.Build.0 = Deploy|Any CPU
		{2B3EBF26-FA4A-4697-B7E6-1618CE609EB0}.AppStore|iPhone.ActiveCfg = Deploy|Any CPU
		{2B3EBF26-FA4A-4697-B7E6-1618CE609EB0}.AppStore|iPhone.Build.0 = Deploy|Any CPU
		{2B3EBF26-FA4A-4697-B7E6-1618CE609EB0}.AppStore|iPhoneSimulator.ActiveCfg = Deploy|Any CPU
		{2B3EBF26-FA4A-4697-B7E6-1618CE609EB0}.AppStore|iPhoneSimulator.Build.0 = Deploy|Any CPU
		{2B3EBF26-FA4A-4697-B7E6-1618CE609EB0}.AppStore|x64.ActiveCfg = Deploy|Any CPU
		{2B3EBF26-FA4A-4697-B7E6-1618CE609EB0}.AppStore|x64.Build.0 = Deploy|Any CPU
		{2B3EBF26-FA4A-4697-B7E6-1618CE609EB0}.AppStore|x86.ActiveCfg = Deploy|Any CPU
		{2B3EBF26-FA4A-4697-B7E6-1618CE609EB0}.AppStore|x86.Build.0 = Deploy|Any CPU
		{2B3EBF26-FA4A-4697-B7E6-1618CE609EB0}.Debug|Any CPU.ActiveCfg = Debug|Any CPU
		{2B3EBF26-FA4A-4697-B7E6-1618CE609EB0}.Debug|Any CPU.Build.0 = Debug|Any CPU
		{2B3EBF26-FA4A-4697-B7E6-1618CE609EB0}.Debug|ARM.ActiveCfg = Debug|Any CPU
		{2B3EBF26-FA4A-4697-B7E6-1618CE609EB0}.Debug|ARM.Build.0 = Debug|Any CPU
		{2B3EBF26-FA4A-4697-B7E6-1618CE609EB0}.Debug|iPhone.ActiveCfg = Debug|Any CPU
		{2B3EBF26-FA4A-4697-B7E6-1618CE609EB0}.Debug|iPhone.Build.0 = Debug|Any CPU
		{2B3EBF26-FA4A-4697-B7E6-1618CE609EB0}.Debug|iPhoneSimulator.ActiveCfg = Debug|Any CPU
		{2B3EBF26-FA4A-4697-B7E6-1618CE609EB0}.Debug|iPhoneSimulator.Build.0 = Debug|Any CPU
		{2B3EBF26-FA4A-4697-B7E6-1618CE609EB0}.Debug|x64.ActiveCfg = Debug|Any CPU
		{2B3EBF26-FA4A-4697-B7E6-1618CE609EB0}.Debug|x64.Build.0 = Debug|Any CPU
		{2B3EBF26-FA4A-4697-B7E6-1618CE609EB0}.Debug|x86.ActiveCfg = Debug|Any CPU
		{2B3EBF26-FA4A-4697-B7E6-1618CE609EB0}.Debug|x86.Build.0 = Debug|Any CPU
		{2B3EBF26-FA4A-4697-B7E6-1618CE609EB0}.Deploy|Any CPU.ActiveCfg = Deploy|Any CPU
		{2B3EBF26-FA4A-4697-B7E6-1618CE609EB0}.Deploy|Any CPU.Build.0 = Deploy|Any CPU
		{2B3EBF26-FA4A-4697-B7E6-1618CE609EB0}.Deploy|ARM.ActiveCfg = Deploy|Any CPU
		{2B3EBF26-FA4A-4697-B7E6-1618CE609EB0}.Deploy|ARM.Build.0 = Deploy|Any CPU
		{2B3EBF26-FA4A-4697-B7E6-1618CE609EB0}.Deploy|iPhone.ActiveCfg = Deploy|Any CPU
		{2B3EBF26-FA4A-4697-B7E6-1618CE609EB0}.Deploy|iPhone.Build.0 = Deploy|Any CPU
		{2B3EBF26-FA4A-4697-B7E6-1618CE609EB0}.Deploy|iPhoneSimulator.ActiveCfg = Deploy|Any CPU
		{2B3EBF26-FA4A-4697-B7E6-1618CE609EB0}.Deploy|iPhoneSimulator.Build.0 = Deploy|Any CPU
		{2B3EBF26-FA4A-4697-B7E6-1618CE609EB0}.Deploy|x64.ActiveCfg = Deploy|Any CPU
		{2B3EBF26-FA4A-4697-B7E6-1618CE609EB0}.Deploy|x64.Build.0 = Deploy|Any CPU
		{2B3EBF26-FA4A-4697-B7E6-1618CE609EB0}.Deploy|x86.ActiveCfg = Deploy|Any CPU
		{2B3EBF26-FA4A-4697-B7E6-1618CE609EB0}.Deploy|x86.Build.0 = Deploy|Any CPU
		{2B3EBF26-FA4A-4697-B7E6-1618CE609EB0}.Release|Any CPU.ActiveCfg = Release|Any CPU
		{2B3EBF26-FA4A-4697-B7E6-1618CE609EB0}.Release|Any CPU.Build.0 = Release|Any CPU
		{2B3EBF26-FA4A-4697-B7E6-1618CE609EB0}.Release|ARM.ActiveCfg = Release|Any CPU
		{2B3EBF26-FA4A-4697-B7E6-1618CE609EB0}.Release|ARM.Build.0 = Release|Any CPU
		{2B3EBF26-FA4A-4697-B7E6-1618CE609EB0}.Release|iPhone.ActiveCfg = Release|Any CPU
		{2B3EBF26-FA4A-4697-B7E6-1618CE609EB0}.Release|iPhone.Build.0 = Release|Any CPU
		{2B3EBF26-FA4A-4697-B7E6-1618CE609EB0}.Release|iPhoneSimulator.ActiveCfg = Release|Any CPU
		{2B3EBF26-FA4A-4697-B7E6-1618CE609EB0}.Release|iPhoneSimulator.Build.0 = Release|Any CPU
		{2B3EBF26-FA4A-4697-B7E6-1618CE609EB0}.Release|x64.ActiveCfg = Release|Any CPU
		{2B3EBF26-FA4A-4697-B7E6-1618CE609EB0}.Release|x64.Build.0 = Release|Any CPU
		{2B3EBF26-FA4A-4697-B7E6-1618CE609EB0}.Release|x86.ActiveCfg = Release|Any CPU
		{2B3EBF26-FA4A-4697-B7E6-1618CE609EB0}.Release|x86.Build.0 = Release|Any CPU
		{EFA62BD3-BFA7-4622-93CE-BC2C4B04C4A2}.Ad-Hoc|Any CPU.ActiveCfg = Deploy|Any CPU
		{EFA62BD3-BFA7-4622-93CE-BC2C4B04C4A2}.Ad-Hoc|Any CPU.Build.0 = Deploy|Any CPU
		{EFA62BD3-BFA7-4622-93CE-BC2C4B04C4A2}.Ad-Hoc|ARM.ActiveCfg = Deploy|Any CPU
		{EFA62BD3-BFA7-4622-93CE-BC2C4B04C4A2}.Ad-Hoc|ARM.Build.0 = Deploy|Any CPU
		{EFA62BD3-BFA7-4622-93CE-BC2C4B04C4A2}.Ad-Hoc|iPhone.ActiveCfg = Deploy|Any CPU
		{EFA62BD3-BFA7-4622-93CE-BC2C4B04C4A2}.Ad-Hoc|iPhone.Build.0 = Deploy|Any CPU
		{EFA62BD3-BFA7-4622-93CE-BC2C4B04C4A2}.Ad-Hoc|iPhoneSimulator.ActiveCfg = Deploy|Any CPU
		{EFA62BD3-BFA7-4622-93CE-BC2C4B04C4A2}.Ad-Hoc|iPhoneSimulator.Build.0 = Deploy|Any CPU
		{EFA62BD3-BFA7-4622-93CE-BC2C4B04C4A2}.Ad-Hoc|x64.ActiveCfg = Deploy|Any CPU
		{EFA62BD3-BFA7-4622-93CE-BC2C4B04C4A2}.Ad-Hoc|x64.Build.0 = Deploy|Any CPU
		{EFA62BD3-BFA7-4622-93CE-BC2C4B04C4A2}.Ad-Hoc|x86.ActiveCfg = Deploy|Any CPU
		{EFA62BD3-BFA7-4622-93CE-BC2C4B04C4A2}.Ad-Hoc|x86.Build.0 = Deploy|Any CPU
		{EFA62BD3-BFA7-4622-93CE-BC2C4B04C4A2}.AppStore|Any CPU.ActiveCfg = Deploy|Any CPU
		{EFA62BD3-BFA7-4622-93CE-BC2C4B04C4A2}.AppStore|Any CPU.Build.0 = Deploy|Any CPU
		{EFA62BD3-BFA7-4622-93CE-BC2C4B04C4A2}.AppStore|ARM.ActiveCfg = Deploy|Any CPU
		{EFA62BD3-BFA7-4622-93CE-BC2C4B04C4A2}.AppStore|ARM.Build.0 = Deploy|Any CPU
		{EFA62BD3-BFA7-4622-93CE-BC2C4B04C4A2}.AppStore|iPhone.ActiveCfg = Deploy|Any CPU
		{EFA62BD3-BFA7-4622-93CE-BC2C4B04C4A2}.AppStore|iPhone.Build.0 = Deploy|Any CPU
		{EFA62BD3-BFA7-4622-93CE-BC2C4B04C4A2}.AppStore|iPhoneSimulator.ActiveCfg = Deploy|Any CPU
		{EFA62BD3-BFA7-4622-93CE-BC2C4B04C4A2}.AppStore|iPhoneSimulator.Build.0 = Deploy|Any CPU
		{EFA62BD3-BFA7-4622-93CE-BC2C4B04C4A2}.AppStore|x64.ActiveCfg = Deploy|Any CPU
		{EFA62BD3-BFA7-4622-93CE-BC2C4B04C4A2}.AppStore|x64.Build.0 = Deploy|Any CPU
		{EFA62BD3-BFA7-4622-93CE-BC2C4B04C4A2}.AppStore|x86.ActiveCfg = Deploy|Any CPU
		{EFA62BD3-BFA7-4622-93CE-BC2C4B04C4A2}.AppStore|x86.Build.0 = Deploy|Any CPU
		{EFA62BD3-BFA7-4622-93CE-BC2C4B04C4A2}.Debug|Any CPU.ActiveCfg = Debug|Any CPU
		{EFA62BD3-BFA7-4622-93CE-BC2C4B04C4A2}.Debug|Any CPU.Build.0 = Debug|Any CPU
		{EFA62BD3-BFA7-4622-93CE-BC2C4B04C4A2}.Debug|ARM.ActiveCfg = Debug|Any CPU
		{EFA62BD3-BFA7-4622-93CE-BC2C4B04C4A2}.Debug|ARM.Build.0 = Debug|Any CPU
		{EFA62BD3-BFA7-4622-93CE-BC2C4B04C4A2}.Debug|iPhone.ActiveCfg = Debug|Any CPU
		{EFA62BD3-BFA7-4622-93CE-BC2C4B04C4A2}.Debug|iPhone.Build.0 = Debug|Any CPU
		{EFA62BD3-BFA7-4622-93CE-BC2C4B04C4A2}.Debug|iPhoneSimulator.ActiveCfg = Debug|Any CPU
		{EFA62BD3-BFA7-4622-93CE-BC2C4B04C4A2}.Debug|iPhoneSimulator.Build.0 = Debug|Any CPU
		{EFA62BD3-BFA7-4622-93CE-BC2C4B04C4A2}.Debug|x64.ActiveCfg = Debug|Any CPU
		{EFA62BD3-BFA7-4622-93CE-BC2C4B04C4A2}.Debug|x64.Build.0 = Debug|Any CPU
		{EFA62BD3-BFA7-4622-93CE-BC2C4B04C4A2}.Debug|x86.ActiveCfg = Debug|Any CPU
		{EFA62BD3-BFA7-4622-93CE-BC2C4B04C4A2}.Debug|x86.Build.0 = Debug|Any CPU
		{EFA62BD3-BFA7-4622-93CE-BC2C4B04C4A2}.Deploy|Any CPU.ActiveCfg = Deploy|Any CPU
		{EFA62BD3-BFA7-4622-93CE-BC2C4B04C4A2}.Deploy|Any CPU.Build.0 = Deploy|Any CPU
		{EFA62BD3-BFA7-4622-93CE-BC2C4B04C4A2}.Deploy|ARM.ActiveCfg = Deploy|Any CPU
		{EFA62BD3-BFA7-4622-93CE-BC2C4B04C4A2}.Deploy|ARM.Build.0 = Deploy|Any CPU
		{EFA62BD3-BFA7-4622-93CE-BC2C4B04C4A2}.Deploy|iPhone.ActiveCfg = Deploy|Any CPU
		{EFA62BD3-BFA7-4622-93CE-BC2C4B04C4A2}.Deploy|iPhone.Build.0 = Deploy|Any CPU
		{EFA62BD3-BFA7-4622-93CE-BC2C4B04C4A2}.Deploy|iPhoneSimulator.ActiveCfg = Deploy|Any CPU
		{EFA62BD3-BFA7-4622-93CE-BC2C4B04C4A2}.Deploy|iPhoneSimulator.Build.0 = Deploy|Any CPU
		{EFA62BD3-BFA7-4622-93CE-BC2C4B04C4A2}.Deploy|x64.ActiveCfg = Deploy|Any CPU
		{EFA62BD3-BFA7-4622-93CE-BC2C4B04C4A2}.Deploy|x64.Build.0 = Deploy|Any CPU
		{EFA62BD3-BFA7-4622-93CE-BC2C4B04C4A2}.Deploy|x86.ActiveCfg = Deploy|Any CPU
		{EFA62BD3-BFA7-4622-93CE-BC2C4B04C4A2}.Deploy|x86.Build.0 = Deploy|Any CPU
		{EFA62BD3-BFA7-4622-93CE-BC2C4B04C4A2}.Release|Any CPU.ActiveCfg = Release|Any CPU
		{EFA62BD3-BFA7-4622-93CE-BC2C4B04C4A2}.Release|Any CPU.Build.0 = Release|Any CPU
		{EFA62BD3-BFA7-4622-93CE-BC2C4B04C4A2}.Release|ARM.ActiveCfg = Release|Any CPU
		{EFA62BD3-BFA7-4622-93CE-BC2C4B04C4A2}.Release|ARM.Build.0 = Release|Any CPU
		{EFA62BD3-BFA7-4622-93CE-BC2C4B04C4A2}.Release|iPhone.ActiveCfg = Release|Any CPU
		{EFA62BD3-BFA7-4622-93CE-BC2C4B04C4A2}.Release|iPhone.Build.0 = Release|Any CPU
		{EFA62BD3-BFA7-4622-93CE-BC2C4B04C4A2}.Release|iPhoneSimulator.ActiveCfg = Release|Any CPU
		{EFA62BD3-BFA7-4622-93CE-BC2C4B04C4A2}.Release|iPhoneSimulator.Build.0 = Release|Any CPU
		{EFA62BD3-BFA7-4622-93CE-BC2C4B04C4A2}.Release|x64.ActiveCfg = Release|Any CPU
		{EFA62BD3-BFA7-4622-93CE-BC2C4B04C4A2}.Release|x64.Build.0 = Release|Any CPU
		{EFA62BD3-BFA7-4622-93CE-BC2C4B04C4A2}.Release|x86.ActiveCfg = Release|Any CPU
		{EFA62BD3-BFA7-4622-93CE-BC2C4B04C4A2}.Release|x86.Build.0 = Release|Any CPU
		{65484BB2-7664-4D22-BCB9-45CBB2543F93}.Ad-Hoc|Any CPU.ActiveCfg = Deploy|Any CPU
		{65484BB2-7664-4D22-BCB9-45CBB2543F93}.Ad-Hoc|Any CPU.Build.0 = Deploy|Any CPU
		{65484BB2-7664-4D22-BCB9-45CBB2543F93}.Ad-Hoc|ARM.ActiveCfg = Deploy|Any CPU
		{65484BB2-7664-4D22-BCB9-45CBB2543F93}.Ad-Hoc|ARM.Build.0 = Deploy|Any CPU
		{65484BB2-7664-4D22-BCB9-45CBB2543F93}.Ad-Hoc|iPhone.ActiveCfg = Deploy|Any CPU
		{65484BB2-7664-4D22-BCB9-45CBB2543F93}.Ad-Hoc|iPhone.Build.0 = Deploy|Any CPU
		{65484BB2-7664-4D22-BCB9-45CBB2543F93}.Ad-Hoc|iPhoneSimulator.ActiveCfg = Deploy|Any CPU
		{65484BB2-7664-4D22-BCB9-45CBB2543F93}.Ad-Hoc|iPhoneSimulator.Build.0 = Deploy|Any CPU
		{65484BB2-7664-4D22-BCB9-45CBB2543F93}.Ad-Hoc|x64.ActiveCfg = Deploy|Any CPU
		{65484BB2-7664-4D22-BCB9-45CBB2543F93}.Ad-Hoc|x64.Build.0 = Deploy|Any CPU
		{65484BB2-7664-4D22-BCB9-45CBB2543F93}.Ad-Hoc|x86.ActiveCfg = Deploy|Any CPU
		{65484BB2-7664-4D22-BCB9-45CBB2543F93}.Ad-Hoc|x86.Build.0 = Deploy|Any CPU
		{65484BB2-7664-4D22-BCB9-45CBB2543F93}.AppStore|Any CPU.ActiveCfg = Deploy|Any CPU
		{65484BB2-7664-4D22-BCB9-45CBB2543F93}.AppStore|Any CPU.Build.0 = Deploy|Any CPU
		{65484BB2-7664-4D22-BCB9-45CBB2543F93}.AppStore|ARM.ActiveCfg = Deploy|Any CPU
		{65484BB2-7664-4D22-BCB9-45CBB2543F93}.AppStore|ARM.Build.0 = Deploy|Any CPU
		{65484BB2-7664-4D22-BCB9-45CBB2543F93}.AppStore|iPhone.ActiveCfg = Deploy|Any CPU
		{65484BB2-7664-4D22-BCB9-45CBB2543F93}.AppStore|iPhone.Build.0 = Deploy|Any CPU
		{65484BB2-7664-4D22-BCB9-45CBB2543F93}.AppStore|iPhoneSimulator.ActiveCfg = Deploy|Any CPU
		{65484BB2-7664-4D22-BCB9-45CBB2543F93}.AppStore|iPhoneSimulator.Build.0 = Deploy|Any CPU
		{65484BB2-7664-4D22-BCB9-45CBB2543F93}.AppStore|x64.ActiveCfg = Deploy|Any CPU
		{65484BB2-7664-4D22-BCB9-45CBB2543F93}.AppStore|x64.Build.0 = Deploy|Any CPU
		{65484BB2-7664-4D22-BCB9-45CBB2543F93}.AppStore|x86.ActiveCfg = Deploy|Any CPU
		{65484BB2-7664-4D22-BCB9-45CBB2543F93}.AppStore|x86.Build.0 = Deploy|Any CPU
		{65484BB2-7664-4D22-BCB9-45CBB2543F93}.Debug|Any CPU.ActiveCfg = Debug|Any CPU
		{65484BB2-7664-4D22-BCB9-45CBB2543F93}.Debug|Any CPU.Build.0 = Debug|Any CPU
		{65484BB2-7664-4D22-BCB9-45CBB2543F93}.Debug|ARM.ActiveCfg = Debug|Any CPU
		{65484BB2-7664-4D22-BCB9-45CBB2543F93}.Debug|ARM.Build.0 = Debug|Any CPU
		{65484BB2-7664-4D22-BCB9-45CBB2543F93}.Debug|iPhone.ActiveCfg = Debug|Any CPU
		{65484BB2-7664-4D22-BCB9-45CBB2543F93}.Debug|iPhone.Build.0 = Debug|Any CPU
		{65484BB2-7664-4D22-BCB9-45CBB2543F93}.Debug|iPhoneSimulator.ActiveCfg = Debug|Any CPU
		{65484BB2-7664-4D22-BCB9-45CBB2543F93}.Debug|iPhoneSimulator.Build.0 = Debug|Any CPU
		{65484BB2-7664-4D22-BCB9-45CBB2543F93}.Debug|x64.ActiveCfg = Debug|Any CPU
		{65484BB2-7664-4D22-BCB9-45CBB2543F93}.Debug|x64.Build.0 = Debug|Any CPU
		{65484BB2-7664-4D22-BCB9-45CBB2543F93}.Debug|x86.ActiveCfg = Debug|Any CPU
		{65484BB2-7664-4D22-BCB9-45CBB2543F93}.Debug|x86.Build.0 = Debug|Any CPU
		{65484BB2-7664-4D22-BCB9-45CBB2543F93}.Deploy|Any CPU.ActiveCfg = Deploy|Any CPU
		{65484BB2-7664-4D22-BCB9-45CBB2543F93}.Deploy|Any CPU.Build.0 = Deploy|Any CPU
		{65484BB2-7664-4D22-BCB9-45CBB2543F93}.Deploy|ARM.ActiveCfg = Deploy|Any CPU
		{65484BB2-7664-4D22-BCB9-45CBB2543F93}.Deploy|ARM.Build.0 = Deploy|Any CPU
		{65484BB2-7664-4D22-BCB9-45CBB2543F93}.Deploy|iPhone.ActiveCfg = Deploy|Any CPU
		{65484BB2-7664-4D22-BCB9-45CBB2543F93}.Deploy|iPhone.Build.0 = Deploy|Any CPU
		{65484BB2-7664-4D22-BCB9-45CBB2543F93}.Deploy|iPhoneSimulator.ActiveCfg = Deploy|Any CPU
		{65484BB2-7664-4D22-BCB9-45CBB2543F93}.Deploy|iPhoneSimulator.Build.0 = Deploy|Any CPU
		{65484BB2-7664-4D22-BCB9-45CBB2543F93}.Deploy|x64.ActiveCfg = Deploy|Any CPU
		{65484BB2-7664-4D22-BCB9-45CBB2543F93}.Deploy|x64.Build.0 = Deploy|Any CPU
		{65484BB2-7664-4D22-BCB9-45CBB2543F93}.Deploy|x86.ActiveCfg = Deploy|Any CPU
		{65484BB2-7664-4D22-BCB9-45CBB2543F93}.Deploy|x86.Build.0 = Deploy|Any CPU
		{65484BB2-7664-4D22-BCB9-45CBB2543F93}.Release|Any CPU.ActiveCfg = Release|Any CPU
		{65484BB2-7664-4D22-BCB9-45CBB2543F93}.Release|Any CPU.Build.0 = Release|Any CPU
		{65484BB2-7664-4D22-BCB9-45CBB2543F93}.Release|ARM.ActiveCfg = Release|Any CPU
		{65484BB2-7664-4D22-BCB9-45CBB2543F93}.Release|ARM.Build.0 = Release|Any CPU
		{65484BB2-7664-4D22-BCB9-45CBB2543F93}.Release|iPhone.ActiveCfg = Release|Any CPU
		{65484BB2-7664-4D22-BCB9-45CBB2543F93}.Release|iPhone.Build.0 = Release|Any CPU
		{65484BB2-7664-4D22-BCB9-45CBB2543F93}.Release|iPhoneSimulator.ActiveCfg = Release|Any CPU
		{65484BB2-7664-4D22-BCB9-45CBB2543F93}.Release|iPhoneSimulator.Build.0 = Release|Any CPU
		{65484BB2-7664-4D22-BCB9-45CBB2543F93}.Release|x64.ActiveCfg = Release|Any CPU
		{65484BB2-7664-4D22-BCB9-45CBB2543F93}.Release|x64.Build.0 = Release|Any CPU
		{65484BB2-7664-4D22-BCB9-45CBB2543F93}.Release|x86.ActiveCfg = Release|Any CPU
		{65484BB2-7664-4D22-BCB9-45CBB2543F93}.Release|x86.Build.0 = Release|Any CPU
		{23AD38BA-F47F-42DF-9380-2D637ABA6378}.Ad-Hoc|Any CPU.ActiveCfg = Release|Any CPU
		{23AD38BA-F47F-42DF-9380-2D637ABA6378}.Ad-Hoc|Any CPU.Build.0 = Release|Any CPU
		{23AD38BA-F47F-42DF-9380-2D637ABA6378}.Ad-Hoc|Any CPU.Deploy.0 = Release|Any CPU
		{23AD38BA-F47F-42DF-9380-2D637ABA6378}.Ad-Hoc|ARM.ActiveCfg = Release|Any CPU
		{23AD38BA-F47F-42DF-9380-2D637ABA6378}.Ad-Hoc|ARM.Build.0 = Release|Any CPU
		{23AD38BA-F47F-42DF-9380-2D637ABA6378}.Ad-Hoc|ARM.Deploy.0 = Release|Any CPU
		{23AD38BA-F47F-42DF-9380-2D637ABA6378}.Ad-Hoc|iPhone.ActiveCfg = Release|Any CPU
		{23AD38BA-F47F-42DF-9380-2D637ABA6378}.Ad-Hoc|iPhone.Build.0 = Release|Any CPU
		{23AD38BA-F47F-42DF-9380-2D637ABA6378}.Ad-Hoc|iPhone.Deploy.0 = Release|Any CPU
		{23AD38BA-F47F-42DF-9380-2D637ABA6378}.Ad-Hoc|iPhoneSimulator.ActiveCfg = Release|Any CPU
		{23AD38BA-F47F-42DF-9380-2D637ABA6378}.Ad-Hoc|iPhoneSimulator.Build.0 = Release|Any CPU
		{23AD38BA-F47F-42DF-9380-2D637ABA6378}.Ad-Hoc|iPhoneSimulator.Deploy.0 = Release|Any CPU
		{23AD38BA-F47F-42DF-9380-2D637ABA6378}.Ad-Hoc|x64.ActiveCfg = Release|Any CPU
		{23AD38BA-F47F-42DF-9380-2D637ABA6378}.Ad-Hoc|x64.Build.0 = Release|Any CPU
		{23AD38BA-F47F-42DF-9380-2D637ABA6378}.Ad-Hoc|x64.Deploy.0 = Release|Any CPU
		{23AD38BA-F47F-42DF-9380-2D637ABA6378}.Ad-Hoc|x86.ActiveCfg = Release|Any CPU
		{23AD38BA-F47F-42DF-9380-2D637ABA6378}.Ad-Hoc|x86.Build.0 = Release|Any CPU
		{23AD38BA-F47F-42DF-9380-2D637ABA6378}.Ad-Hoc|x86.Deploy.0 = Release|Any CPU
		{23AD38BA-F47F-42DF-9380-2D637ABA6378}.AppStore|Any CPU.ActiveCfg = Release|Any CPU
		{23AD38BA-F47F-42DF-9380-2D637ABA6378}.AppStore|Any CPU.Build.0 = Release|Any CPU
		{23AD38BA-F47F-42DF-9380-2D637ABA6378}.AppStore|Any CPU.Deploy.0 = Release|Any CPU
		{23AD38BA-F47F-42DF-9380-2D637ABA6378}.AppStore|ARM.ActiveCfg = Release|Any CPU
		{23AD38BA-F47F-42DF-9380-2D637ABA6378}.AppStore|ARM.Build.0 = Release|Any CPU
		{23AD38BA-F47F-42DF-9380-2D637ABA6378}.AppStore|ARM.Deploy.0 = Release|Any CPU
		{23AD38BA-F47F-42DF-9380-2D637ABA6378}.AppStore|iPhone.ActiveCfg = Release|Any CPU
		{23AD38BA-F47F-42DF-9380-2D637ABA6378}.AppStore|iPhone.Build.0 = Release|Any CPU
		{23AD38BA-F47F-42DF-9380-2D637ABA6378}.AppStore|iPhone.Deploy.0 = Release|Any CPU
		{23AD38BA-F47F-42DF-9380-2D637ABA6378}.AppStore|iPhoneSimulator.ActiveCfg = Release|Any CPU
		{23AD38BA-F47F-42DF-9380-2D637ABA6378}.AppStore|iPhoneSimulator.Build.0 = Release|Any CPU
		{23AD38BA-F47F-42DF-9380-2D637ABA6378}.AppStore|iPhoneSimulator.Deploy.0 = Release|Any CPU
		{23AD38BA-F47F-42DF-9380-2D637ABA6378}.AppStore|x64.ActiveCfg = Release|Any CPU
		{23AD38BA-F47F-42DF-9380-2D637ABA6378}.AppStore|x64.Build.0 = Release|Any CPU
		{23AD38BA-F47F-42DF-9380-2D637ABA6378}.AppStore|x64.Deploy.0 = Release|Any CPU
		{23AD38BA-F47F-42DF-9380-2D637ABA6378}.AppStore|x86.ActiveCfg = Release|Any CPU
		{23AD38BA-F47F-42DF-9380-2D637ABA6378}.AppStore|x86.Build.0 = Release|Any CPU
		{23AD38BA-F47F-42DF-9380-2D637ABA6378}.AppStore|x86.Deploy.0 = Release|Any CPU
		{23AD38BA-F47F-42DF-9380-2D637ABA6378}.Debug|Any CPU.ActiveCfg = Debug|Any CPU
		{23AD38BA-F47F-42DF-9380-2D637ABA6378}.Debug|Any CPU.Build.0 = Debug|Any CPU
		{23AD38BA-F47F-42DF-9380-2D637ABA6378}.Debug|Any CPU.Deploy.0 = Debug|Any CPU
		{23AD38BA-F47F-42DF-9380-2D637ABA6378}.Debug|ARM.ActiveCfg = Debug|Any CPU
		{23AD38BA-F47F-42DF-9380-2D637ABA6378}.Debug|ARM.Build.0 = Debug|Any CPU
		{23AD38BA-F47F-42DF-9380-2D637ABA6378}.Debug|ARM.Deploy.0 = Debug|Any CPU
		{23AD38BA-F47F-42DF-9380-2D637ABA6378}.Debug|iPhone.ActiveCfg = Debug|Any CPU
		{23AD38BA-F47F-42DF-9380-2D637ABA6378}.Debug|iPhone.Build.0 = Debug|Any CPU
		{23AD38BA-F47F-42DF-9380-2D637ABA6378}.Debug|iPhone.Deploy.0 = Debug|Any CPU
		{23AD38BA-F47F-42DF-9380-2D637ABA6378}.Debug|iPhoneSimulator.ActiveCfg = Debug|Any CPU
		{23AD38BA-F47F-42DF-9380-2D637ABA6378}.Debug|iPhoneSimulator.Build.0 = Debug|Any CPU
		{23AD38BA-F47F-42DF-9380-2D637ABA6378}.Debug|iPhoneSimulator.Deploy.0 = Debug|Any CPU
		{23AD38BA-F47F-42DF-9380-2D637ABA6378}.Debug|x64.ActiveCfg = Debug|Any CPU
		{23AD38BA-F47F-42DF-9380-2D637ABA6378}.Debug|x64.Build.0 = Debug|Any CPU
		{23AD38BA-F47F-42DF-9380-2D637ABA6378}.Debug|x64.Deploy.0 = Debug|Any CPU
		{23AD38BA-F47F-42DF-9380-2D637ABA6378}.Debug|x86.ActiveCfg = Debug|Any CPU
		{23AD38BA-F47F-42DF-9380-2D637ABA6378}.Debug|x86.Build.0 = Debug|Any CPU
		{23AD38BA-F47F-42DF-9380-2D637ABA6378}.Debug|x86.Deploy.0 = Debug|Any CPU
		{23AD38BA-F47F-42DF-9380-2D637ABA6378}.Deploy|Any CPU.ActiveCfg = Debug|Any CPU
		{23AD38BA-F47F-42DF-9380-2D637ABA6378}.Deploy|Any CPU.Build.0 = Debug|Any CPU
		{23AD38BA-F47F-42DF-9380-2D637ABA6378}.Deploy|Any CPU.Deploy.0 = Debug|Any CPU
		{23AD38BA-F47F-42DF-9380-2D637ABA6378}.Deploy|ARM.ActiveCfg = Debug|Any CPU
		{23AD38BA-F47F-42DF-9380-2D637ABA6378}.Deploy|ARM.Build.0 = Debug|Any CPU
		{23AD38BA-F47F-42DF-9380-2D637ABA6378}.Deploy|ARM.Deploy.0 = Debug|Any CPU
		{23AD38BA-F47F-42DF-9380-2D637ABA6378}.Deploy|iPhone.ActiveCfg = Debug|Any CPU
		{23AD38BA-F47F-42DF-9380-2D637ABA6378}.Deploy|iPhone.Build.0 = Debug|Any CPU
		{23AD38BA-F47F-42DF-9380-2D637ABA6378}.Deploy|iPhone.Deploy.0 = Debug|Any CPU
		{23AD38BA-F47F-42DF-9380-2D637ABA6378}.Deploy|iPhoneSimulator.ActiveCfg = Debug|Any CPU
		{23AD38BA-F47F-42DF-9380-2D637ABA6378}.Deploy|iPhoneSimulator.Build.0 = Debug|Any CPU
		{23AD38BA-F47F-42DF-9380-2D637ABA6378}.Deploy|iPhoneSimulator.Deploy.0 = Debug|Any CPU
		{23AD38BA-F47F-42DF-9380-2D637ABA6378}.Deploy|x64.ActiveCfg = Debug|Any CPU
		{23AD38BA-F47F-42DF-9380-2D637ABA6378}.Deploy|x64.Build.0 = Debug|Any CPU
		{23AD38BA-F47F-42DF-9380-2D637ABA6378}.Deploy|x64.Deploy.0 = Debug|Any CPU
		{23AD38BA-F47F-42DF-9380-2D637ABA6378}.Deploy|x86.ActiveCfg = Debug|Any CPU
		{23AD38BA-F47F-42DF-9380-2D637ABA6378}.Deploy|x86.Build.0 = Debug|Any CPU
		{23AD38BA-F47F-42DF-9380-2D637ABA6378}.Deploy|x86.Deploy.0 = Debug|Any CPU
		{23AD38BA-F47F-42DF-9380-2D637ABA6378}.Release|Any CPU.ActiveCfg = Release|Any CPU
		{23AD38BA-F47F-42DF-9380-2D637ABA6378}.Release|Any CPU.Build.0 = Release|Any CPU
		{23AD38BA-F47F-42DF-9380-2D637ABA6378}.Release|Any CPU.Deploy.0 = Release|Any CPU
		{23AD38BA-F47F-42DF-9380-2D637ABA6378}.Release|ARM.ActiveCfg = Release|Any CPU
		{23AD38BA-F47F-42DF-9380-2D637ABA6378}.Release|ARM.Build.0 = Release|Any CPU
		{23AD38BA-F47F-42DF-9380-2D637ABA6378}.Release|ARM.Deploy.0 = Release|Any CPU
		{23AD38BA-F47F-42DF-9380-2D637ABA6378}.Release|iPhone.ActiveCfg = Release|Any CPU
		{23AD38BA-F47F-42DF-9380-2D637ABA6378}.Release|iPhone.Build.0 = Release|Any CPU
		{23AD38BA-F47F-42DF-9380-2D637ABA6378}.Release|iPhone.Deploy.0 = Release|Any CPU
		{23AD38BA-F47F-42DF-9380-2D637ABA6378}.Release|iPhoneSimulator.ActiveCfg = Release|Any CPU
		{23AD38BA-F47F-42DF-9380-2D637ABA6378}.Release|iPhoneSimulator.Build.0 = Release|Any CPU
		{23AD38BA-F47F-42DF-9380-2D637ABA6378}.Release|iPhoneSimulator.Deploy.0 = Release|Any CPU
		{23AD38BA-F47F-42DF-9380-2D637ABA6378}.Release|x64.ActiveCfg = Release|Any CPU
		{23AD38BA-F47F-42DF-9380-2D637ABA6378}.Release|x64.Build.0 = Release|Any CPU
		{23AD38BA-F47F-42DF-9380-2D637ABA6378}.Release|x64.Deploy.0 = Release|Any CPU
		{23AD38BA-F47F-42DF-9380-2D637ABA6378}.Release|x86.ActiveCfg = Release|Any CPU
		{23AD38BA-F47F-42DF-9380-2D637ABA6378}.Release|x86.Build.0 = Release|Any CPU
		{23AD38BA-F47F-42DF-9380-2D637ABA6378}.Release|x86.Deploy.0 = Release|Any CPU
	EndGlobalSection
	GlobalSection(SolutionProperties) = preSolution
		HideSolutionNode = FALSE
	EndGlobalSection
EndGlobal
