
Microsoft Visual Studio Solution File, Format Version 12.00
# Visual Studio 14
VisualStudioVersion = 14.0.23107.0
MinimumVisualStudioVersion = 10.0.40219.1
Project("{FAE04EC0-301F-11D3-BF4B-00C04F79EFBC}") = "MiseVendorManagement", "MiseVendorManagement\MiseVendorManagement.csproj", "{A79F1D65-EE24-4927-B05B-937D6D614077}"
EndProject
Project("{FAE04EC0-301F-11D3-BF4B-00C04F79EFBC}") = "MiseVendorManagement.Tests", "MiseVendorManagement.Tests\MiseVendorManagement.Tests.csproj", "{1A67BF18-3DA1-4555-A292-DD20E5CFC88C}"
EndProject
Project("{2150E333-8FDC-42A3-9474-1A3956D46DE8}") = "PublishScripts", "PublishScripts", "{8738F18C-F044-4D85-9C4B-75B80A48B557}"
	ProjectSection(SolutionItems) = preProject
		PublishScripts\AzureVMPublishModule.psm1 = PublishScripts\AzureVMPublishModule.psm1
		PublishScripts\Publish-WebApplicationVM.ps1 = PublishScripts\Publish-WebApplicationVM.ps1
	EndProjectSection
EndProject
Project("{2150E333-8FDC-42A3-9474-1A3956D46DE8}") = "Configurations", "Configurations", "{4EEA2C72-9423-43D5-B3DA-FC6A43230570}"
	ProjectSection(SolutionItems) = preProject
		PublishScripts\Configurations\MiseVendorManagement-WAWS-dev.json = PublishScripts\Configurations\MiseVendorManagement-WAWS-dev.json
	EndProjectSection
EndProject
Project("{FAE04EC0-301F-11D3-BF4B-00C04F79EFBC}") = "Mise.Core", "..\..\..\Mise.Core\Mise.Core.csproj", "{085E418A-7CC9-4AB6-B38A-FC6CABE373D6}"
EndProject
Project("{FAE04EC0-301F-11D3-BF4B-00C04F79EFBC}") = "Mise.Core.Common", "..\..\..\Mise.Core.Common\Mise.Core.Common.csproj", "{BC3BD128-1D20-4C41-83B0-3FC37E5C5F5E}"
EndProject
Project("{FAE04EC0-301F-11D3-BF4B-00C04F79EFBC}") = "Mise.Core.Common.UnitTests", "..\..\..\Mise.Core.Common.UnitTests\Mise.Core.Common.UnitTests.csproj", "{2B3EBF26-FA4A-4697-B7E6-1618CE609EB0}"
EndProject
Global
	GlobalSection(SolutionConfigurationPlatforms) = preSolution
		Debug|Any CPU = Debug|Any CPU
		Deploy|Any CPU = Deploy|Any CPU
		Release|Any CPU = Release|Any CPU
	EndGlobalSection
	GlobalSection(ProjectConfigurationPlatforms) = postSolution
		{A79F1D65-EE24-4927-B05B-937D6D614077}.Debug|Any CPU.ActiveCfg = Debug|Any CPU
		{A79F1D65-EE24-4927-B05B-937D6D614077}.Debug|Any CPU.Build.0 = Debug|Any CPU
		{A79F1D65-EE24-4927-B05B-937D6D614077}.Deploy|Any CPU.ActiveCfg = Debug|Any CPU
		{A79F1D65-EE24-4927-B05B-937D6D614077}.Deploy|Any CPU.Build.0 = Debug|Any CPU
		{A79F1D65-EE24-4927-B05B-937D6D614077}.Release|Any CPU.ActiveCfg = Release|Any CPU
		{A79F1D65-EE24-4927-B05B-937D6D614077}.Release|Any CPU.Build.0 = Release|Any CPU
		{1A67BF18-3DA1-4555-A292-DD20E5CFC88C}.Debug|Any CPU.ActiveCfg = Debug|Any CPU
		{1A67BF18-3DA1-4555-A292-DD20E5CFC88C}.Debug|Any CPU.Build.0 = Debug|Any CPU
		{1A67BF18-3DA1-4555-A292-DD20E5CFC88C}.Deploy|Any CPU.ActiveCfg = Debug|Any CPU
		{1A67BF18-3DA1-4555-A292-DD20E5CFC88C}.Deploy|Any CPU.Build.0 = Debug|Any CPU
		{1A67BF18-3DA1-4555-A292-DD20E5CFC88C}.Release|Any CPU.ActiveCfg = Release|Any CPU
		{1A67BF18-3DA1-4555-A292-DD20E5CFC88C}.Release|Any CPU.Build.0 = Release|Any CPU
		{085E418A-7CC9-4AB6-B38A-FC6CABE373D6}.Debug|Any CPU.ActiveCfg = Debug|Any CPU
		{085E418A-7CC9-4AB6-B38A-FC6CABE373D6}.Debug|Any CPU.Build.0 = Debug|Any CPU
		{085E418A-7CC9-4AB6-B38A-FC6CABE373D6}.Deploy|Any CPU.ActiveCfg = Deploy|Any CPU
		{085E418A-7CC9-4AB6-B38A-FC6CABE373D6}.Deploy|Any CPU.Build.0 = Deploy|Any CPU
		{085E418A-7CC9-4AB6-B38A-FC6CABE373D6}.Release|Any CPU.ActiveCfg = Release|Any CPU
		{085E418A-7CC9-4AB6-B38A-FC6CABE373D6}.Release|Any CPU.Build.0 = Release|Any CPU
		{BC3BD128-1D20-4C41-83B0-3FC37E5C5F5E}.Debug|Any CPU.ActiveCfg = Debug|Any CPU
		{BC3BD128-1D20-4C41-83B0-3FC37E5C5F5E}.Debug|Any CPU.Build.0 = Debug|Any CPU
		{BC3BD128-1D20-4C41-83B0-3FC37E5C5F5E}.Deploy|Any CPU.ActiveCfg = Deploy|Any CPU
		{BC3BD128-1D20-4C41-83B0-3FC37E5C5F5E}.Deploy|Any CPU.Build.0 = Deploy|Any CPU
		{BC3BD128-1D20-4C41-83B0-3FC37E5C5F5E}.Release|Any CPU.ActiveCfg = Release|Any CPU
		{BC3BD128-1D20-4C41-83B0-3FC37E5C5F5E}.Release|Any CPU.Build.0 = Release|Any CPU
		{2B3EBF26-FA4A-4697-B7E6-1618CE609EB0}.Debug|Any CPU.ActiveCfg = Debug|Any CPU
		{2B3EBF26-FA4A-4697-B7E6-1618CE609EB0}.Debug|Any CPU.Build.0 = Debug|Any CPU
		{2B3EBF26-FA4A-4697-B7E6-1618CE609EB0}.Deploy|Any CPU.ActiveCfg = Deploy|Any CPU
		{2B3EBF26-FA4A-4697-B7E6-1618CE609EB0}.Deploy|Any CPU.Build.0 = Deploy|Any CPU
		{2B3EBF26-FA4A-4697-B7E6-1618CE609EB0}.Release|Any CPU.ActiveCfg = Release|Any CPU
		{2B3EBF26-FA4A-4697-B7E6-1618CE609EB0}.Release|Any CPU.Build.0 = Release|Any CPU
	EndGlobalSection
	GlobalSection(SolutionProperties) = preSolution
		HideSolutionNode = FALSE
	EndGlobalSection
	GlobalSection(NestedProjects) = preSolution
		{4EEA2C72-9423-43D5-B3DA-FC6A43230570} = {8738F18C-F044-4D85-9C4B-75B80A48B557}
	EndGlobalSection
EndGlobal
