
Microsoft Visual Studio Solution File, Format Version 12.00
# Visual Studio 14
VisualStudioVersion = 14.0.25123.0
MinimumVisualStudioVersion = 10.0.40219.1
Project("{FAE04EC0-301F-11D3-BF4B-00C04F79EFBC}") = "StockboyForms.Droid", "StockboyForms\StockboyForms.Droid\StockboyForms.Droid.csproj", "{C16984E8-E7B0-4AF8-8FC6-503CA195D25A}"
EndProject
Project("{FAE04EC0-301F-11D3-BF4B-00C04F79EFBC}") = "StockboyForms.iOS", "StockboyForms\StockboyForms.iOS\StockboyForms.iOS.csproj", "{DF85DCD8-D01C-4F8B-80B6-88B2599BE33B}"
EndProject
Project("{FAE04EC0-301F-11D3-BF4B-00C04F79EFBC}") = "StockboyForms.WinPhone", "StockboyForms\StockboyForms.WinPhone\StockboyForms.WinPhone.csproj", "{B41C69A9-66B3-4038-B7BF-296F91E2AC36}"
EndProject
Project("{FAE04EC0-301F-11D3-BF4B-00C04F79EFBC}") = "StockboyForms.UWP", "StockboyForms\StockboyForms.UWP\StockboyForms.UWP.csproj", "{61FFDDEB-7B2A-46E8-A73A-7D50200FB9FA}"
EndProject
Project("{FAE04EC0-301F-11D3-BF4B-00C04F79EFBC}") = "StockboyForms.Windows", "StockboyForms\StockboyForms.Windows\StockboyForms.Windows.csproj", "{DADD0544-2BCB-4896-8391-9425631E7301}"
EndProject
Project("{FAE04EC0-301F-11D3-BF4B-00C04F79EFBC}") = "StockboyForms", "StockboyForms\StockboyForms\StockboyForms.csproj", "{DA7E30D2-9297-4766-864E-FF338F483E52}"
EndProject
Project("{FAE04EC0-301F-11D3-BF4B-00C04F79EFBC}") = "Mise.Core.Client", "..\Mise.Core.Client\Mise.Core.Client.csproj", "{EFA62BD3-BFA7-4622-93CE-BC2C4B04C4A2}"
EndProject
Project("{FAE04EC0-301F-11D3-BF4B-00C04F79EFBC}") = "Mise.Core.Client.UnitTests", "..\Mise.Core.Client.UnitTests\Mise.Core.Client.UnitTests.csproj", "{65484BB2-7664-4D22-BCB9-45CBB2543F93}"
EndProject
Project("{FAE04EC0-301F-11D3-BF4B-00C04F79EFBC}") = "Mise.Core", "..\..\Mise.Core\Mise.Core.csproj", "{085E418A-7CC9-4AB6-B38A-FC6CABE373D6}"
EndProject
Project("{FAE04EC0-301F-11D3-BF4B-00C04F79EFBC}") = "Mise.Core.Common", "..\..\Mise.Core.Common\Mise.Core.Common.csproj", "{BC3BD128-1D20-4C41-83B0-3FC37E5C5F5E}"
EndProject
Project("{FAE04EC0-301F-11D3-BF4B-00C04F79EFBC}") = "Mise.Core.Common.UnitTests", "..\..\Mise.Core.Common.UnitTests\Mise.Core.Common.UnitTests.csproj", "{2B3EBF26-FA4A-4697-B7E6-1618CE609EB0}"
EndProject
Global
	GlobalSection(SolutionConfigurationPlatforms) = preSolution
		Ad-Hoc|Any CPU = Ad-Hoc|Any CPU
		Ad-Hoc|ARM = Ad-Hoc|ARM
		Ad-Hoc|iPhone = Ad-Hoc|iPhone
		Ad-Hoc|iPhoneSimulator = Ad-Hoc|iPhoneSimulator
		Ad-Hoc|x64 = Ad-Hoc|x64
		Ad-Hoc|x86 = Ad-Hoc|x86
		AppStore|Any CPU = AppStore|Any CPU
		AppStore|ARM = AppStore|ARM
		AppStore|iPhone = AppStore|iPhone
		AppStore|iPhoneSimulator = AppStore|iPhoneSimulator
		AppStore|x64 = AppStore|x64
		AppStore|x86 = AppStore|x86
		Debug|Any CPU = Debug|Any CPU
		Debug|ARM = Debug|ARM
		Debug|iPhone = Debug|iPhone
		Debug|iPhoneSimulator = Debug|iPhoneSimulator
		Debug|x64 = Debug|x64
		Debug|x86 = Debug|x86
		Deploy|Any CPU = Deploy|Any CPU
		Deploy|ARM = Deploy|ARM
		Deploy|iPhone = Deploy|iPhone
		Deploy|iPhoneSimulator = Deploy|iPhoneSimulator
		Deploy|x64 = Deploy|x64
		Deploy|x86 = Deploy|x86
		Release|Any CPU = Release|Any CPU
		Release|ARM = Release|ARM
		Release|iPhone = Release|iPhone
		Release|iPhoneSimulator = Release|iPhoneSimulator
		Release|x64 = Release|x64
		Release|x86 = Release|x86
	EndGlobalSection
	GlobalSection(ProjectConfigurationPlatforms) = postSolution
		{C16984E8-E7B0-4AF8-8FC6-503CA195D25A}.Ad-Hoc|Any CPU.ActiveCfg = Release|Any CPU
		{C16984E8-E7B0-4AF8-8FC6-503CA195D25A}.Ad-Hoc|Any CPU.Build.0 = Release|Any CPU
		{C16984E8-E7B0-4AF8-8FC6-503CA195D25A}.Ad-Hoc|Any CPU.Deploy.0 = Release|Any CPU
		{C16984E8-E7B0-4AF8-8FC6-503CA195D25A}.Ad-Hoc|ARM.ActiveCfg = Release|Any CPU
		{C16984E8-E7B0-4AF8-8FC6-503CA195D25A}.Ad-Hoc|ARM.Build.0 = Release|Any CPU
		{C16984E8-E7B0-4AF8-8FC6-503CA195D25A}.Ad-Hoc|ARM.Deploy.0 = Release|Any CPU
		{C16984E8-E7B0-4AF8-8FC6-503CA195D25A}.Ad-Hoc|iPhone.ActiveCfg = Release|Any CPU
		{C16984E8-E7B0-4AF8-8FC6-503CA195D25A}.Ad-Hoc|iPhone.Build.0 = Release|Any CPU
		{C16984E8-E7B0-4AF8-8FC6-503CA195D25A}.Ad-Hoc|iPhone.Deploy.0 = Release|Any CPU
		{C16984E8-E7B0-4AF8-8FC6-503CA195D25A}.Ad-Hoc|iPhoneSimulator.ActiveCfg = Release|Any CPU
		{C16984E8-E7B0-4AF8-8FC6-503CA195D25A}.Ad-Hoc|iPhoneSimulator.Build.0 = Release|Any CPU
		{C16984E8-E7B0-4AF8-8FC6-503CA195D25A}.Ad-Hoc|iPhoneSimulator.Deploy.0 = Release|Any CPU
		{C16984E8-E7B0-4AF8-8FC6-503CA195D25A}.Ad-Hoc|x64.ActiveCfg = Release|Any CPU
		{C16984E8-E7B0-4AF8-8FC6-503CA195D25A}.Ad-Hoc|x64.Build.0 = Release|Any CPU
		{C16984E8-E7B0-4AF8-8FC6-503CA195D25A}.Ad-Hoc|x64.Deploy.0 = Release|Any CPU
		{C16984E8-E7B0-4AF8-8FC6-503CA195D25A}.Ad-Hoc|x86.ActiveCfg = Release|Any CPU
		{C16984E8-E7B0-4AF8-8FC6-503CA195D25A}.Ad-Hoc|x86.Build.0 = Release|Any CPU
		{C16984E8-E7B0-4AF8-8FC6-503CA195D25A}.Ad-Hoc|x86.Deploy.0 = Release|Any CPU
		{C16984E8-E7B0-4AF8-8FC6-503CA195D25A}.AppStore|Any CPU.ActiveCfg = Release|Any CPU
		{C16984E8-E7B0-4AF8-8FC6-503CA195D25A}.AppStore|Any CPU.Build.0 = Release|Any CPU
		{C16984E8-E7B0-4AF8-8FC6-503CA195D25A}.AppStore|Any CPU.Deploy.0 = Release|Any CPU
		{C16984E8-E7B0-4AF8-8FC6-503CA195D25A}.AppStore|ARM.ActiveCfg = Release|Any CPU
		{C16984E8-E7B0-4AF8-8FC6-503CA195D25A}.AppStore|ARM.Build.0 = Release|Any CPU
		{C16984E8-E7B0-4AF8-8FC6-503CA195D25A}.AppStore|ARM.Deploy.0 = Release|Any CPU
		{C16984E8-E7B0-4AF8-8FC6-503CA195D25A}.AppStore|iPhone.ActiveCfg = Release|Any CPU
		{C16984E8-E7B0-4AF8-8FC6-503CA195D25A}.AppStore|iPhone.Build.0 = Release|Any CPU
		{C16984E8-E7B0-4AF8-8FC6-503CA195D25A}.AppStore|iPhone.Deploy.0 = Release|Any CPU
		{C16984E8-E7B0-4AF8-8FC6-503CA195D25A}.AppStore|iPhoneSimulator.ActiveCfg = Release|Any CPU
		{C16984E8-E7B0-4AF8-8FC6-503CA195D25A}.AppStore|iPhoneSimulator.Build.0 = Release|Any CPU
		{C16984E8-E7B0-4AF8-8FC6-503CA195D25A}.AppStore|iPhoneSimulator.Deploy.0 = Release|Any CPU
		{C16984E8-E7B0-4AF8-8FC6-503CA195D25A}.AppStore|x64.ActiveCfg = Release|Any CPU
		{C16984E8-E7B0-4AF8-8FC6-503CA195D25A}.AppStore|x64.Build.0 = Release|Any CPU
		{C16984E8-E7B0-4AF8-8FC6-503CA195D25A}.AppStore|x64.Deploy.0 = Release|Any CPU
		{C16984E8-E7B0-4AF8-8FC6-503CA195D25A}.AppStore|x86.ActiveCfg = Release|Any CPU
		{C16984E8-E7B0-4AF8-8FC6-503CA195D25A}.AppStore|x86.Build.0 = Release|Any CPU
		{C16984E8-E7B0-4AF8-8FC6-503CA195D25A}.AppStore|x86.Deploy.0 = Release|Any CPU
		{C16984E8-E7B0-4AF8-8FC6-503CA195D25A}.Debug|Any CPU.ActiveCfg = Debug|Any CPU
		{C16984E8-E7B0-4AF8-8FC6-503CA195D25A}.Debug|Any CPU.Build.0 = Debug|Any CPU
		{C16984E8-E7B0-4AF8-8FC6-503CA195D25A}.Debug|Any CPU.Deploy.0 = Debug|Any CPU
		{C16984E8-E7B0-4AF8-8FC6-503CA195D25A}.Debug|ARM.ActiveCfg = Debug|Any CPU
		{C16984E8-E7B0-4AF8-8FC6-503CA195D25A}.Debug|ARM.Build.0 = Debug|Any CPU
		{C16984E8-E7B0-4AF8-8FC6-503CA195D25A}.Debug|ARM.Deploy.0 = Debug|Any CPU
		{C16984E8-E7B0-4AF8-8FC6-503CA195D25A}.Debug|iPhone.ActiveCfg = Debug|Any CPU
		{C16984E8-E7B0-4AF8-8FC6-503CA195D25A}.Debug|iPhone.Build.0 = Debug|Any CPU
		{C16984E8-E7B0-4AF8-8FC6-503CA195D25A}.Debug|iPhone.Deploy.0 = Debug|Any CPU
		{C16984E8-E7B0-4AF8-8FC6-503CA195D25A}.Debug|iPhoneSimulator.ActiveCfg = Debug|Any CPU
		{C16984E8-E7B0-4AF8-8FC6-503CA195D25A}.Debug|iPhoneSimulator.Build.0 = Debug|Any CPU
		{C16984E8-E7B0-4AF8-8FC6-503CA195D25A}.Debug|iPhoneSimulator.Deploy.0 = Debug|Any CPU
		{C16984E8-E7B0-4AF8-8FC6-503CA195D25A}.Debug|x64.ActiveCfg = Debug|Any CPU
		{C16984E8-E7B0-4AF8-8FC6-503CA195D25A}.Debug|x64.Build.0 = Debug|Any CPU
		{C16984E8-E7B0-4AF8-8FC6-503CA195D25A}.Debug|x64.Deploy.0 = Debug|Any CPU
		{C16984E8-E7B0-4AF8-8FC6-503CA195D25A}.Debug|x86.ActiveCfg = Debug|Any CPU
		{C16984E8-E7B0-4AF8-8FC6-503CA195D25A}.Debug|x86.Build.0 = Debug|Any CPU
		{C16984E8-E7B0-4AF8-8FC6-503CA195D25A}.Debug|x86.Deploy.0 = Debug|Any CPU
		{C16984E8-E7B0-4AF8-8FC6-503CA195D25A}.Deploy|Any CPU.ActiveCfg = Debug|Any CPU
		{C16984E8-E7B0-4AF8-8FC6-503CA195D25A}.Deploy|Any CPU.Build.0 = Debug|Any CPU
		{C16984E8-E7B0-4AF8-8FC6-503CA195D25A}.Deploy|Any CPU.Deploy.0 = Debug|Any CPU
		{C16984E8-E7B0-4AF8-8FC6-503CA195D25A}.Deploy|ARM.ActiveCfg = Debug|Any CPU
		{C16984E8-E7B0-4AF8-8FC6-503CA195D25A}.Deploy|ARM.Build.0 = Debug|Any CPU
		{C16984E8-E7B0-4AF8-8FC6-503CA195D25A}.Deploy|ARM.Deploy.0 = Debug|Any CPU
		{C16984E8-E7B0-4AF8-8FC6-503CA195D25A}.Deploy|iPhone.ActiveCfg = Debug|Any CPU
		{C16984E8-E7B0-4AF8-8FC6-503CA195D25A}.Deploy|iPhone.Build.0 = Debug|Any CPU
		{C16984E8-E7B0-4AF8-8FC6-503CA195D25A}.Deploy|iPhone.Deploy.0 = Debug|Any CPU
		{C16984E8-E7B0-4AF8-8FC6-503CA195D25A}.Deploy|iPhoneSimulator.ActiveCfg = Debug|Any CPU
		{C16984E8-E7B0-4AF8-8FC6-503CA195D25A}.Deploy|iPhoneSimulator.Build.0 = Debug|Any CPU
		{C16984E8-E7B0-4AF8-8FC6-503CA195D25A}.Deploy|iPhoneSimulator.Deploy.0 = Debug|Any CPU
		{C16984E8-E7B0-4AF8-8FC6-503CA195D25A}.Deploy|x64.ActiveCfg = Debug|Any CPU
		{C16984E8-E7B0-4AF8-8FC6-503CA195D25A}.Deploy|x64.Build.0 = Debug|Any CPU
		{C16984E8-E7B0-4AF8-8FC6-503CA195D25A}.Deploy|x64.Deploy.0 = Debug|Any CPU
		{C16984E8-E7B0-4AF8-8FC6-503CA195D25A}.Deploy|x86.ActiveCfg = Debug|Any CPU
		{C16984E8-E7B0-4AF8-8FC6-503CA195D25A}.Deploy|x86.Build.0 = Debug|Any CPU
		{C16984E8-E7B0-4AF8-8FC6-503CA195D25A}.Deploy|x86.Deploy.0 = Debug|Any CPU
		{C16984E8-E7B0-4AF8-8FC6-503CA195D25A}.Release|Any CPU.ActiveCfg = Release|Any CPU
		{C16984E8-E7B0-4AF8-8FC6-503CA195D25A}.Release|Any CPU.Build.0 = Release|Any CPU
		{C16984E8-E7B0-4AF8-8FC6-503CA195D25A}.Release|Any CPU.Deploy.0 = Release|Any CPU
		{C16984E8-E7B0-4AF8-8FC6-503CA195D25A}.Release|ARM.ActiveCfg = Release|Any CPU
		{C16984E8-E7B0-4AF8-8FC6-503CA195D25A}.Release|ARM.Build.0 = Release|Any CPU
		{C16984E8-E7B0-4AF8-8FC6-503CA195D25A}.Release|ARM.Deploy.0 = Release|Any CPU
		{C16984E8-E7B0-4AF8-8FC6-503CA195D25A}.Release|iPhone.ActiveCfg = Release|Any CPU
		{C16984E8-E7B0-4AF8-8FC6-503CA195D25A}.Release|iPhone.Build.0 = Release|Any CPU
		{C16984E8-E7B0-4AF8-8FC6-503CA195D25A}.Release|iPhone.Deploy.0 = Release|Any CPU
		{C16984E8-E7B0-4AF8-8FC6-503CA195D25A}.Release|iPhoneSimulator.ActiveCfg = Release|Any CPU
		{C16984E8-E7B0-4AF8-8FC6-503CA195D25A}.Release|iPhoneSimulator.Build.0 = Release|Any CPU
		{C16984E8-E7B0-4AF8-8FC6-503CA195D25A}.Release|iPhoneSimulator.Deploy.0 = Release|Any CPU
		{C16984E8-E7B0-4AF8-8FC6-503CA195D25A}.Release|x64.ActiveCfg = Release|Any CPU
		{C16984E8-E7B0-4AF8-8FC6-503CA195D25A}.Release|x64.Build.0 = Release|Any CPU
		{C16984E8-E7B0-4AF8-8FC6-503CA195D25A}.Release|x64.Deploy.0 = Release|Any CPU
		{C16984E8-E7B0-4AF8-8FC6-503CA195D25A}.Release|x86.ActiveCfg = Release|Any CPU
		{C16984E8-E7B0-4AF8-8FC6-503CA195D25A}.Release|x86.Build.0 = Release|Any CPU
		{C16984E8-E7B0-4AF8-8FC6-503CA195D25A}.Release|x86.Deploy.0 = Release|Any CPU
		{DF85DCD8-D01C-4F8B-80B6-88B2599BE33B}.Ad-Hoc|Any CPU.ActiveCfg = Ad-Hoc|iPhone
		{DF85DCD8-D01C-4F8B-80B6-88B2599BE33B}.Ad-Hoc|ARM.ActiveCfg = Ad-Hoc|iPhone
		{DF85DCD8-D01C-4F8B-80B6-88B2599BE33B}.Ad-Hoc|iPhone.ActiveCfg = Ad-Hoc|iPhone
		{DF85DCD8-D01C-4F8B-80B6-88B2599BE33B}.Ad-Hoc|iPhone.Build.0 = Ad-Hoc|iPhone
		{DF85DCD8-D01C-4F8B-80B6-88B2599BE33B}.Ad-Hoc|iPhoneSimulator.ActiveCfg = Ad-Hoc|iPhoneSimulator
		{DF85DCD8-D01C-4F8B-80B6-88B2599BE33B}.Ad-Hoc|iPhoneSimulator.Build.0 = Ad-Hoc|iPhoneSimulator
		{DF85DCD8-D01C-4F8B-80B6-88B2599BE33B}.Ad-Hoc|x64.ActiveCfg = Ad-Hoc|iPhone
		{DF85DCD8-D01C-4F8B-80B6-88B2599BE33B}.Ad-Hoc|x86.ActiveCfg = Ad-Hoc|iPhone
		{DF85DCD8-D01C-4F8B-80B6-88B2599BE33B}.AppStore|Any CPU.ActiveCfg = AppStore|iPhone
		{DF85DCD8-D01C-4F8B-80B6-88B2599BE33B}.AppStore|ARM.ActiveCfg = AppStore|iPhone
		{DF85DCD8-D01C-4F8B-80B6-88B2599BE33B}.AppStore|iPhone.ActiveCfg = AppStore|iPhone
		{DF85DCD8-D01C-4F8B-80B6-88B2599BE33B}.AppStore|iPhone.Build.0 = AppStore|iPhone
		{DF85DCD8-D01C-4F8B-80B6-88B2599BE33B}.AppStore|iPhoneSimulator.ActiveCfg = AppStore|iPhoneSimulator
		{DF85DCD8-D01C-4F8B-80B6-88B2599BE33B}.AppStore|iPhoneSimulator.Build.0 = AppStore|iPhoneSimulator
		{DF85DCD8-D01C-4F8B-80B6-88B2599BE33B}.AppStore|x64.ActiveCfg = AppStore|iPhone
		{DF85DCD8-D01C-4F8B-80B6-88B2599BE33B}.AppStore|x86.ActiveCfg = AppStore|iPhone
		{DF85DCD8-D01C-4F8B-80B6-88B2599BE33B}.Debug|Any CPU.ActiveCfg = Debug|iPhone
		{DF85DCD8-D01C-4F8B-80B6-88B2599BE33B}.Debug|ARM.ActiveCfg = Debug|iPhone
		{DF85DCD8-D01C-4F8B-80B6-88B2599BE33B}.Debug|iPhone.ActiveCfg = Debug|iPhone
		{DF85DCD8-D01C-4F8B-80B6-88B2599BE33B}.Debug|iPhone.Build.0 = Debug|iPhone
		{DF85DCD8-D01C-4F8B-80B6-88B2599BE33B}.Debug|iPhoneSimulator.ActiveCfg = Debug|iPhoneSimulator
		{DF85DCD8-D01C-4F8B-80B6-88B2599BE33B}.Debug|iPhoneSimulator.Build.0 = Debug|iPhoneSimulator
		{DF85DCD8-D01C-4F8B-80B6-88B2599BE33B}.Debug|x64.ActiveCfg = Debug|iPhone
		{DF85DCD8-D01C-4F8B-80B6-88B2599BE33B}.Debug|x86.ActiveCfg = Debug|iPhone
		{DF85DCD8-D01C-4F8B-80B6-88B2599BE33B}.Deploy|Any CPU.ActiveCfg = AppStore|iPhone
		{DF85DCD8-D01C-4F8B-80B6-88B2599BE33B}.Deploy|Any CPU.Build.0 = AppStore|iPhone
		{DF85DCD8-D01C-4F8B-80B6-88B2599BE33B}.Deploy|ARM.ActiveCfg = AppStore|iPhone
		{DF85DCD8-D01C-4F8B-80B6-88B2599BE33B}.Deploy|ARM.Build.0 = AppStore|iPhone
		{DF85DCD8-D01C-4F8B-80B6-88B2599BE33B}.Deploy|iPhone.ActiveCfg = Debug|iPhone
		{DF85DCD8-D01C-4F8B-80B6-88B2599BE33B}.Deploy|iPhone.Build.0 = Debug|iPhone
		{DF85DCD8-D01C-4F8B-80B6-88B2599BE33B}.Deploy|iPhoneSimulator.ActiveCfg = Debug|iPhoneSimulator
		{DF85DCD8-D01C-4F8B-80B6-88B2599BE33B}.Deploy|iPhoneSimulator.Build.0 = Debug|iPhoneSimulator
		{DF85DCD8-D01C-4F8B-80B6-88B2599BE33B}.Deploy|x64.ActiveCfg = AppStore|iPhone
		{DF85DCD8-D01C-4F8B-80B6-88B2599BE33B}.Deploy|x64.Build.0 = AppStore|iPhone
		{DF85DCD8-D01C-4F8B-80B6-88B2599BE33B}.Deploy|x86.ActiveCfg = AppStore|iPhone
		{DF85DCD8-D01C-4F8B-80B6-88B2599BE33B}.Deploy|x86.Build.0 = AppStore|iPhone
		{DF85DCD8-D01C-4F8B-80B6-88B2599BE33B}.Release|Any CPU.ActiveCfg = Release|iPhone
		{DF85DCD8-D01C-4F8B-80B6-88B2599BE33B}.Release|ARM.ActiveCfg = Release|iPhone
		{DF85DCD8-D01C-4F8B-80B6-88B2599BE33B}.Release|iPhone.ActiveCfg = Release|iPhone
		{DF85DCD8-D01C-4F8B-80B6-88B2599BE33B}.Release|iPhone.Build.0 = Release|iPhone
		{DF85DCD8-D01C-4F8B-80B6-88B2599BE33B}.Release|iPhoneSimulator.ActiveCfg = Release|iPhoneSimulator
		{DF85DCD8-D01C-4F8B-80B6-88B2599BE33B}.Release|iPhoneSimulator.Build.0 = Release|iPhoneSimulator
		{DF85DCD8-D01C-4F8B-80B6-88B2599BE33B}.Release|x64.ActiveCfg = Release|iPhone
		{DF85DCD8-D01C-4F8B-80B6-88B2599BE33B}.Release|x86.ActiveCfg = Release|iPhone
		{B41C69A9-66B3-4038-B7BF-296F91E2AC36}.Ad-Hoc|Any CPU.ActiveCfg = Release|Any CPU
		{B41C69A9-66B3-4038-B7BF-296F91E2AC36}.Ad-Hoc|Any CPU.Build.0 = Release|Any CPU
		{B41C69A9-66B3-4038-B7BF-296F91E2AC36}.Ad-Hoc|Any CPU.Deploy.0 = Release|Any CPU
		{B41C69A9-66B3-4038-B7BF-296F91E2AC36}.Ad-Hoc|ARM.ActiveCfg = Release|ARM
		{B41C69A9-66B3-4038-B7BF-296F91E2AC36}.Ad-Hoc|ARM.Build.0 = Release|ARM
		{B41C69A9-66B3-4038-B7BF-296F91E2AC36}.Ad-Hoc|ARM.Deploy.0 = Release|ARM
		{B41C69A9-66B3-4038-B7BF-296F91E2AC36}.Ad-Hoc|iPhone.ActiveCfg = Release|Any CPU
		{B41C69A9-66B3-4038-B7BF-296F91E2AC36}.Ad-Hoc|iPhone.Build.0 = Release|Any CPU
		{B41C69A9-66B3-4038-B7BF-296F91E2AC36}.Ad-Hoc|iPhone.Deploy.0 = Release|Any CPU
		{B41C69A9-66B3-4038-B7BF-296F91E2AC36}.Ad-Hoc|iPhoneSimulator.ActiveCfg = Release|Any CPU
		{B41C69A9-66B3-4038-B7BF-296F91E2AC36}.Ad-Hoc|iPhoneSimulator.Build.0 = Release|Any CPU
		{B41C69A9-66B3-4038-B7BF-296F91E2AC36}.Ad-Hoc|iPhoneSimulator.Deploy.0 = Release|Any CPU
		{B41C69A9-66B3-4038-B7BF-296F91E2AC36}.Ad-Hoc|x64.ActiveCfg = Release|Any CPU
		{B41C69A9-66B3-4038-B7BF-296F91E2AC36}.Ad-Hoc|x64.Build.0 = Release|Any CPU
		{B41C69A9-66B3-4038-B7BF-296F91E2AC36}.Ad-Hoc|x64.Deploy.0 = Release|Any CPU
		{B41C69A9-66B3-4038-B7BF-296F91E2AC36}.Ad-Hoc|x86.ActiveCfg = Release|x86
		{B41C69A9-66B3-4038-B7BF-296F91E2AC36}.Ad-Hoc|x86.Build.0 = Release|x86
		{B41C69A9-66B3-4038-B7BF-296F91E2AC36}.Ad-Hoc|x86.Deploy.0 = Release|x86
		{B41C69A9-66B3-4038-B7BF-296F91E2AC36}.AppStore|Any CPU.ActiveCfg = Release|Any CPU
		{B41C69A9-66B3-4038-B7BF-296F91E2AC36}.AppStore|Any CPU.Build.0 = Release|Any CPU
		{B41C69A9-66B3-4038-B7BF-296F91E2AC36}.AppStore|Any CPU.Deploy.0 = Release|Any CPU
		{B41C69A9-66B3-4038-B7BF-296F91E2AC36}.AppStore|ARM.ActiveCfg = Release|ARM
		{B41C69A9-66B3-4038-B7BF-296F91E2AC36}.AppStore|ARM.Build.0 = Release|ARM
		{B41C69A9-66B3-4038-B7BF-296F91E2AC36}.AppStore|ARM.Deploy.0 = Release|ARM
		{B41C69A9-66B3-4038-B7BF-296F91E2AC36}.AppStore|iPhone.ActiveCfg = Release|Any CPU
		{B41C69A9-66B3-4038-B7BF-296F91E2AC36}.AppStore|iPhone.Build.0 = Release|Any CPU
		{B41C69A9-66B3-4038-B7BF-296F91E2AC36}.AppStore|iPhone.Deploy.0 = Release|Any CPU
		{B41C69A9-66B3-4038-B7BF-296F91E2AC36}.AppStore|iPhoneSimulator.ActiveCfg = Release|Any CPU
		{B41C69A9-66B3-4038-B7BF-296F91E2AC36}.AppStore|iPhoneSimulator.Build.0 = Release|Any CPU
		{B41C69A9-66B3-4038-B7BF-296F91E2AC36}.AppStore|iPhoneSimulator.Deploy.0 = Release|Any CPU
		{B41C69A9-66B3-4038-B7BF-296F91E2AC36}.AppStore|x64.ActiveCfg = Release|Any CPU
		{B41C69A9-66B3-4038-B7BF-296F91E2AC36}.AppStore|x64.Build.0 = Release|Any CPU
		{B41C69A9-66B3-4038-B7BF-296F91E2AC36}.AppStore|x64.Deploy.0 = Release|Any CPU
		{B41C69A9-66B3-4038-B7BF-296F91E2AC36}.AppStore|x86.ActiveCfg = Release|x86
		{B41C69A9-66B3-4038-B7BF-296F91E2AC36}.AppStore|x86.Build.0 = Release|x86
		{B41C69A9-66B3-4038-B7BF-296F91E2AC36}.AppStore|x86.Deploy.0 = Release|x86
		{B41C69A9-66B3-4038-B7BF-296F91E2AC36}.Debug|Any CPU.ActiveCfg = Debug|Any CPU
		{B41C69A9-66B3-4038-B7BF-296F91E2AC36}.Debug|Any CPU.Build.0 = Debug|Any CPU
		{B41C69A9-66B3-4038-B7BF-296F91E2AC36}.Debug|Any CPU.Deploy.0 = Debug|Any CPU
		{B41C69A9-66B3-4038-B7BF-296F91E2AC36}.Debug|ARM.ActiveCfg = Debug|ARM
		{B41C69A9-66B3-4038-B7BF-296F91E2AC36}.Debug|ARM.Build.0 = Debug|ARM
		{B41C69A9-66B3-4038-B7BF-296F91E2AC36}.Debug|ARM.Deploy.0 = Debug|ARM
		{B41C69A9-66B3-4038-B7BF-296F91E2AC36}.Debug|iPhone.ActiveCfg = Debug|Any CPU
		{B41C69A9-66B3-4038-B7BF-296F91E2AC36}.Debug|iPhone.Build.0 = Debug|Any CPU
		{B41C69A9-66B3-4038-B7BF-296F91E2AC36}.Debug|iPhone.Deploy.0 = Debug|Any CPU
		{B41C69A9-66B3-4038-B7BF-296F91E2AC36}.Debug|iPhoneSimulator.ActiveCfg = Debug|Any CPU
		{B41C69A9-66B3-4038-B7BF-296F91E2AC36}.Debug|iPhoneSimulator.Build.0 = Debug|Any CPU
		{B41C69A9-66B3-4038-B7BF-296F91E2AC36}.Debug|iPhoneSimulator.Deploy.0 = Debug|Any CPU
		{B41C69A9-66B3-4038-B7BF-296F91E2AC36}.Debug|x64.ActiveCfg = Debug|Any CPU
		{B41C69A9-66B3-4038-B7BF-296F91E2AC36}.Debug|x64.Build.0 = Debug|Any CPU
		{B41C69A9-66B3-4038-B7BF-296F91E2AC36}.Debug|x64.Deploy.0 = Debug|Any CPU
		{B41C69A9-66B3-4038-B7BF-296F91E2AC36}.Debug|x86.ActiveCfg = Debug|x86
		{B41C69A9-66B3-4038-B7BF-296F91E2AC36}.Debug|x86.Build.0 = Debug|x86
		{B41C69A9-66B3-4038-B7BF-296F91E2AC36}.Debug|x86.Deploy.0 = Debug|x86
		{B41C69A9-66B3-4038-B7BF-296F91E2AC36}.Deploy|Any CPU.ActiveCfg = Debug|Any CPU
		{B41C69A9-66B3-4038-B7BF-296F91E2AC36}.Deploy|Any CPU.Build.0 = Debug|Any CPU
		{B41C69A9-66B3-4038-B7BF-296F91E2AC36}.Deploy|Any CPU.Deploy.0 = Debug|Any CPU
		{B41C69A9-66B3-4038-B7BF-296F91E2AC36}.Deploy|ARM.ActiveCfg = Debug|ARM
		{B41C69A9-66B3-4038-B7BF-296F91E2AC36}.Deploy|ARM.Build.0 = Debug|ARM
		{B41C69A9-66B3-4038-B7BF-296F91E2AC36}.Deploy|ARM.Deploy.0 = Debug|ARM
		{B41C69A9-66B3-4038-B7BF-296F91E2AC36}.Deploy|iPhone.ActiveCfg = Debug|Any CPU
		{B41C69A9-66B3-4038-B7BF-296F91E2AC36}.Deploy|iPhone.Build.0 = Debug|Any CPU
		{B41C69A9-66B3-4038-B7BF-296F91E2AC36}.Deploy|iPhone.Deploy.0 = Debug|Any CPU
		{B41C69A9-66B3-4038-B7BF-296F91E2AC36}.Deploy|iPhoneSimulator.ActiveCfg = Debug|Any CPU
		{B41C69A9-66B3-4038-B7BF-296F91E2AC36}.Deploy|iPhoneSimulator.Build.0 = Debug|Any CPU
		{B41C69A9-66B3-4038-B7BF-296F91E2AC36}.Deploy|iPhoneSimulator.Deploy.0 = Debug|Any CPU
		{B41C69A9-66B3-4038-B7BF-296F91E2AC36}.Deploy|x64.ActiveCfg = Debug|Any CPU
		{B41C69A9-66B3-4038-B7BF-296F91E2AC36}.Deploy|x64.Build.0 = Debug|Any CPU
		{B41C69A9-66B3-4038-B7BF-296F91E2AC36}.Deploy|x64.Deploy.0 = Debug|Any CPU
		{B41C69A9-66B3-4038-B7BF-296F91E2AC36}.Deploy|x86.ActiveCfg = Debug|x86
		{B41C69A9-66B3-4038-B7BF-296F91E2AC36}.Deploy|x86.Build.0 = Debug|x86
		{B41C69A9-66B3-4038-B7BF-296F91E2AC36}.Deploy|x86.Deploy.0 = Debug|x86
		{B41C69A9-66B3-4038-B7BF-296F91E2AC36}.Release|Any CPU.ActiveCfg = Release|Any CPU
		{B41C69A9-66B3-4038-B7BF-296F91E2AC36}.Release|Any CPU.Build.0 = Release|Any CPU
		{B41C69A9-66B3-4038-B7BF-296F91E2AC36}.Release|Any CPU.Deploy.0 = Release|Any CPU
		{B41C69A9-66B3-4038-B7BF-296F91E2AC36}.Release|ARM.ActiveCfg = Release|ARM
		{B41C69A9-66B3-4038-B7BF-296F91E2AC36}.Release|ARM.Build.0 = Release|ARM
		{B41C69A9-66B3-4038-B7BF-296F91E2AC36}.Release|ARM.Deploy.0 = Release|ARM
		{B41C69A9-66B3-4038-B7BF-296F91E2AC36}.Release|iPhone.ActiveCfg = Release|Any CPU
		{B41C69A9-66B3-4038-B7BF-296F91E2AC36}.Release|iPhone.Build.0 = Release|Any CPU
		{B41C69A9-66B3-4038-B7BF-296F91E2AC36}.Release|iPhone.Deploy.0 = Release|Any CPU
		{B41C69A9-66B3-4038-B7BF-296F91E2AC36}.Release|iPhoneSimulator.ActiveCfg = Release|Any CPU
		{B41C69A9-66B3-4038-B7BF-296F91E2AC36}.Release|iPhoneSimulator.Build.0 = Release|Any CPU
		{B41C69A9-66B3-4038-B7BF-296F91E2AC36}.Release|iPhoneSimulator.Deploy.0 = Release|Any CPU
		{B41C69A9-66B3-4038-B7BF-296F91E2AC36}.Release|x64.ActiveCfg = Release|Any CPU
		{B41C69A9-66B3-4038-B7BF-296F91E2AC36}.Release|x64.Build.0 = Release|Any CPU
		{B41C69A9-66B3-4038-B7BF-296F91E2AC36}.Release|x64.Deploy.0 = Release|Any CPU
		{B41C69A9-66B3-4038-B7BF-296F91E2AC36}.Release|x86.ActiveCfg = Release|x86
		{B41C69A9-66B3-4038-B7BF-296F91E2AC36}.Release|x86.Build.0 = Release|x86
		{B41C69A9-66B3-4038-B7BF-296F91E2AC36}.Release|x86.Deploy.0 = Release|x86
		{61FFDDEB-7B2A-46E8-A73A-7D50200FB9FA}.Ad-Hoc|Any CPU.ActiveCfg = Release|x86
		{61FFDDEB-7B2A-46E8-A73A-7D50200FB9FA}.Ad-Hoc|Any CPU.Build.0 = Release|x86
		{61FFDDEB-7B2A-46E8-A73A-7D50200FB9FA}.Ad-Hoc|Any CPU.Deploy.0 = Release|x86
		{61FFDDEB-7B2A-46E8-A73A-7D50200FB9FA}.Ad-Hoc|ARM.ActiveCfg = Release|ARM
		{61FFDDEB-7B2A-46E8-A73A-7D50200FB9FA}.Ad-Hoc|ARM.Build.0 = Release|ARM
		{61FFDDEB-7B2A-46E8-A73A-7D50200FB9FA}.Ad-Hoc|ARM.Deploy.0 = Release|ARM
		{61FFDDEB-7B2A-46E8-A73A-7D50200FB9FA}.Ad-Hoc|iPhone.ActiveCfg = Release|x86
		{61FFDDEB-7B2A-46E8-A73A-7D50200FB9FA}.Ad-Hoc|iPhone.Build.0 = Release|x86
		{61FFDDEB-7B2A-46E8-A73A-7D50200FB9FA}.Ad-Hoc|iPhone.Deploy.0 = Release|x86
		{61FFDDEB-7B2A-46E8-A73A-7D50200FB9FA}.Ad-Hoc|iPhoneSimulator.ActiveCfg = Release|x86
		{61FFDDEB-7B2A-46E8-A73A-7D50200FB9FA}.Ad-Hoc|iPhoneSimulator.Build.0 = Release|x86
		{61FFDDEB-7B2A-46E8-A73A-7D50200FB9FA}.Ad-Hoc|iPhoneSimulator.Deploy.0 = Release|x86
		{61FFDDEB-7B2A-46E8-A73A-7D50200FB9FA}.Ad-Hoc|x64.ActiveCfg = Release|x64
		{61FFDDEB-7B2A-46E8-A73A-7D50200FB9FA}.Ad-Hoc|x64.Build.0 = Release|x64
		{61FFDDEB-7B2A-46E8-A73A-7D50200FB9FA}.Ad-Hoc|x64.Deploy.0 = Release|x64
		{61FFDDEB-7B2A-46E8-A73A-7D50200FB9FA}.Ad-Hoc|x86.ActiveCfg = Release|x86
		{61FFDDEB-7B2A-46E8-A73A-7D50200FB9FA}.Ad-Hoc|x86.Build.0 = Release|x86
		{61FFDDEB-7B2A-46E8-A73A-7D50200FB9FA}.Ad-Hoc|x86.Deploy.0 = Release|x86
		{61FFDDEB-7B2A-46E8-A73A-7D50200FB9FA}.AppStore|Any CPU.ActiveCfg = Release|x86
		{61FFDDEB-7B2A-46E8-A73A-7D50200FB9FA}.AppStore|Any CPU.Build.0 = Release|x86
		{61FFDDEB-7B2A-46E8-A73A-7D50200FB9FA}.AppStore|Any CPU.Deploy.0 = Release|x86
		{61FFDDEB-7B2A-46E8-A73A-7D50200FB9FA}.AppStore|ARM.ActiveCfg = Release|ARM
		{61FFDDEB-7B2A-46E8-A73A-7D50200FB9FA}.AppStore|ARM.Build.0 = Release|ARM
		{61FFDDEB-7B2A-46E8-A73A-7D50200FB9FA}.AppStore|ARM.Deploy.0 = Release|ARM
		{61FFDDEB-7B2A-46E8-A73A-7D50200FB9FA}.AppStore|iPhone.ActiveCfg = Release|x86
		{61FFDDEB-7B2A-46E8-A73A-7D50200FB9FA}.AppStore|iPhone.Build.0 = Release|x86
		{61FFDDEB-7B2A-46E8-A73A-7D50200FB9FA}.AppStore|iPhone.Deploy.0 = Release|x86
		{61FFDDEB-7B2A-46E8-A73A-7D50200FB9FA}.AppStore|iPhoneSimulator.ActiveCfg = Release|x86
		{61FFDDEB-7B2A-46E8-A73A-7D50200FB9FA}.AppStore|iPhoneSimulator.Build.0 = Release|x86
		{61FFDDEB-7B2A-46E8-A73A-7D50200FB9FA}.AppStore|iPhoneSimulator.Deploy.0 = Release|x86
		{61FFDDEB-7B2A-46E8-A73A-7D50200FB9FA}.AppStore|x64.ActiveCfg = Release|x64
		{61FFDDEB-7B2A-46E8-A73A-7D50200FB9FA}.AppStore|x64.Build.0 = Release|x64
		{61FFDDEB-7B2A-46E8-A73A-7D50200FB9FA}.AppStore|x64.Deploy.0 = Release|x64
		{61FFDDEB-7B2A-46E8-A73A-7D50200FB9FA}.AppStore|x86.ActiveCfg = Release|x86
		{61FFDDEB-7B2A-46E8-A73A-7D50200FB9FA}.AppStore|x86.Build.0 = Release|x86
		{61FFDDEB-7B2A-46E8-A73A-7D50200FB9FA}.AppStore|x86.Deploy.0 = Release|x86
		{61FFDDEB-7B2A-46E8-A73A-7D50200FB9FA}.Debug|Any CPU.ActiveCfg = Debug|x86
		{61FFDDEB-7B2A-46E8-A73A-7D50200FB9FA}.Debug|ARM.ActiveCfg = Debug|ARM
		{61FFDDEB-7B2A-46E8-A73A-7D50200FB9FA}.Debug|ARM.Build.0 = Debug|ARM
		{61FFDDEB-7B2A-46E8-A73A-7D50200FB9FA}.Debug|ARM.Deploy.0 = Debug|ARM
		{61FFDDEB-7B2A-46E8-A73A-7D50200FB9FA}.Debug|iPhone.ActiveCfg = Debug|x86
		{61FFDDEB-7B2A-46E8-A73A-7D50200FB9FA}.Debug|iPhoneSimulator.ActiveCfg = Debug|x86
		{61FFDDEB-7B2A-46E8-A73A-7D50200FB9FA}.Debug|x64.ActiveCfg = Debug|x64
		{61FFDDEB-7B2A-46E8-A73A-7D50200FB9FA}.Debug|x64.Build.0 = Debug|x64
		{61FFDDEB-7B2A-46E8-A73A-7D50200FB9FA}.Debug|x64.Deploy.0 = Debug|x64
		{61FFDDEB-7B2A-46E8-A73A-7D50200FB9FA}.Debug|x86.ActiveCfg = Debug|x86
		{61FFDDEB-7B2A-46E8-A73A-7D50200FB9FA}.Debug|x86.Build.0 = Debug|x86
		{61FFDDEB-7B2A-46E8-A73A-7D50200FB9FA}.Debug|x86.Deploy.0 = Debug|x86
		{61FFDDEB-7B2A-46E8-A73A-7D50200FB9FA}.Deploy|Any CPU.ActiveCfg = Release|x86
		{61FFDDEB-7B2A-46E8-A73A-7D50200FB9FA}.Deploy|Any CPU.Build.0 = Release|x86
		{61FFDDEB-7B2A-46E8-A73A-7D50200FB9FA}.Deploy|Any CPU.Deploy.0 = Release|x86
		{61FFDDEB-7B2A-46E8-A73A-7D50200FB9FA}.Deploy|ARM.ActiveCfg = Debug|ARM
		{61FFDDEB-7B2A-46E8-A73A-7D50200FB9FA}.Deploy|ARM.Build.0 = Debug|ARM
		{61FFDDEB-7B2A-46E8-A73A-7D50200FB9FA}.Deploy|ARM.Deploy.0 = Debug|ARM
		{61FFDDEB-7B2A-46E8-A73A-7D50200FB9FA}.Deploy|iPhone.ActiveCfg = Release|x86
		{61FFDDEB-7B2A-46E8-A73A-7D50200FB9FA}.Deploy|iPhone.Build.0 = Release|x86
		{61FFDDEB-7B2A-46E8-A73A-7D50200FB9FA}.Deploy|iPhone.Deploy.0 = Release|x86
		{61FFDDEB-7B2A-46E8-A73A-7D50200FB9FA}.Deploy|iPhoneSimulator.ActiveCfg = Release|x86
		{61FFDDEB-7B2A-46E8-A73A-7D50200FB9FA}.Deploy|iPhoneSimulator.Build.0 = Release|x86
		{61FFDDEB-7B2A-46E8-A73A-7D50200FB9FA}.Deploy|iPhoneSimulator.Deploy.0 = Release|x86
		{61FFDDEB-7B2A-46E8-A73A-7D50200FB9FA}.Deploy|x64.ActiveCfg = Debug|x64
		{61FFDDEB-7B2A-46E8-A73A-7D50200FB9FA}.Deploy|x64.Build.0 = Debug|x64
		{61FFDDEB-7B2A-46E8-A73A-7D50200FB9FA}.Deploy|x64.Deploy.0 = Debug|x64
		{61FFDDEB-7B2A-46E8-A73A-7D50200FB9FA}.Deploy|x86.ActiveCfg = Debug|x86
		{61FFDDEB-7B2A-46E8-A73A-7D50200FB9FA}.Deploy|x86.Build.0 = Debug|x86
		{61FFDDEB-7B2A-46E8-A73A-7D50200FB9FA}.Deploy|x86.Deploy.0 = Debug|x86
		{61FFDDEB-7B2A-46E8-A73A-7D50200FB9FA}.Release|Any CPU.ActiveCfg = Release|x86
		{61FFDDEB-7B2A-46E8-A73A-7D50200FB9FA}.Release|ARM.ActiveCfg = Release|ARM
		{61FFDDEB-7B2A-46E8-A73A-7D50200FB9FA}.Release|ARM.Build.0 = Release|ARM
		{61FFDDEB-7B2A-46E8-A73A-7D50200FB9FA}.Release|ARM.Deploy.0 = Release|ARM
		{61FFDDEB-7B2A-46E8-A73A-7D50200FB9FA}.Release|iPhone.ActiveCfg = Release|x86
		{61FFDDEB-7B2A-46E8-A73A-7D50200FB9FA}.Release|iPhoneSimulator.ActiveCfg = Release|x86
		{61FFDDEB-7B2A-46E8-A73A-7D50200FB9FA}.Release|x64.ActiveCfg = Release|x64
		{61FFDDEB-7B2A-46E8-A73A-7D50200FB9FA}.Release|x64.Build.0 = Release|x64
		{61FFDDEB-7B2A-46E8-A73A-7D50200FB9FA}.Release|x64.Deploy.0 = Release|x64
		{61FFDDEB-7B2A-46E8-A73A-7D50200FB9FA}.Release|x86.ActiveCfg = Release|x86
		{61FFDDEB-7B2A-46E8-A73A-7D50200FB9FA}.Release|x86.Build.0 = Release|x86
		{61FFDDEB-7B2A-46E8-A73A-7D50200FB9FA}.Release|x86.Deploy.0 = Release|x86
		{DADD0544-2BCB-4896-8391-9425631E7301}.Ad-Hoc|Any CPU.ActiveCfg = Release|Any CPU
		{DADD0544-2BCB-4896-8391-9425631E7301}.Ad-Hoc|Any CPU.Build.0 = Release|Any CPU
		{DADD0544-2BCB-4896-8391-9425631E7301}.Ad-Hoc|Any CPU.Deploy.0 = Release|Any CPU
		{DADD0544-2BCB-4896-8391-9425631E7301}.Ad-Hoc|ARM.ActiveCfg = Release|ARM
		{DADD0544-2BCB-4896-8391-9425631E7301}.Ad-Hoc|ARM.Build.0 = Release|ARM
		{DADD0544-2BCB-4896-8391-9425631E7301}.Ad-Hoc|ARM.Deploy.0 = Release|ARM
		{DADD0544-2BCB-4896-8391-9425631E7301}.Ad-Hoc|iPhone.ActiveCfg = Release|Any CPU
		{DADD0544-2BCB-4896-8391-9425631E7301}.Ad-Hoc|iPhone.Build.0 = Release|Any CPU
		{DADD0544-2BCB-4896-8391-9425631E7301}.Ad-Hoc|iPhone.Deploy.0 = Release|Any CPU
		{DADD0544-2BCB-4896-8391-9425631E7301}.Ad-Hoc|iPhoneSimulator.ActiveCfg = Release|Any CPU
		{DADD0544-2BCB-4896-8391-9425631E7301}.Ad-Hoc|iPhoneSimulator.Build.0 = Release|Any CPU
		{DADD0544-2BCB-4896-8391-9425631E7301}.Ad-Hoc|iPhoneSimulator.Deploy.0 = Release|Any CPU
		{DADD0544-2BCB-4896-8391-9425631E7301}.Ad-Hoc|x64.ActiveCfg = Release|x64
		{DADD0544-2BCB-4896-8391-9425631E7301}.Ad-Hoc|x64.Build.0 = Release|x64
		{DADD0544-2BCB-4896-8391-9425631E7301}.Ad-Hoc|x64.Deploy.0 = Release|x64
		{DADD0544-2BCB-4896-8391-9425631E7301}.Ad-Hoc|x86.ActiveCfg = Release|x86
		{DADD0544-2BCB-4896-8391-9425631E7301}.Ad-Hoc|x86.Build.0 = Release|x86
		{DADD0544-2BCB-4896-8391-9425631E7301}.Ad-Hoc|x86.Deploy.0 = Release|x86
		{DADD0544-2BCB-4896-8391-9425631E7301}.AppStore|Any CPU.ActiveCfg = Release|Any CPU
		{DADD0544-2BCB-4896-8391-9425631E7301}.AppStore|Any CPU.Build.0 = Release|Any CPU
		{DADD0544-2BCB-4896-8391-9425631E7301}.AppStore|Any CPU.Deploy.0 = Release|Any CPU
		{DADD0544-2BCB-4896-8391-9425631E7301}.AppStore|ARM.ActiveCfg = Release|ARM
		{DADD0544-2BCB-4896-8391-9425631E7301}.AppStore|ARM.Build.0 = Release|ARM
		{DADD0544-2BCB-4896-8391-9425631E7301}.AppStore|ARM.Deploy.0 = Release|ARM
		{DADD0544-2BCB-4896-8391-9425631E7301}.AppStore|iPhone.ActiveCfg = Release|Any CPU
		{DADD0544-2BCB-4896-8391-9425631E7301}.AppStore|iPhone.Build.0 = Release|Any CPU
		{DADD0544-2BCB-4896-8391-9425631E7301}.AppStore|iPhone.Deploy.0 = Release|Any CPU
		{DADD0544-2BCB-4896-8391-9425631E7301}.AppStore|iPhoneSimulator.ActiveCfg = Release|Any CPU
		{DADD0544-2BCB-4896-8391-9425631E7301}.AppStore|iPhoneSimulator.Build.0 = Release|Any CPU
		{DADD0544-2BCB-4896-8391-9425631E7301}.AppStore|iPhoneSimulator.Deploy.0 = Release|Any CPU
		{DADD0544-2BCB-4896-8391-9425631E7301}.AppStore|x64.ActiveCfg = Release|x64
		{DADD0544-2BCB-4896-8391-9425631E7301}.AppStore|x64.Build.0 = Release|x64
		{DADD0544-2BCB-4896-8391-9425631E7301}.AppStore|x64.Deploy.0 = Release|x64
		{DADD0544-2BCB-4896-8391-9425631E7301}.AppStore|x86.ActiveCfg = Release|x86
		{DADD0544-2BCB-4896-8391-9425631E7301}.AppStore|x86.Build.0 = Release|x86
		{DADD0544-2BCB-4896-8391-9425631E7301}.AppStore|x86.Deploy.0 = Release|x86
		{DADD0544-2BCB-4896-8391-9425631E7301}.Debug|Any CPU.ActiveCfg = Debug|Any CPU
		{DADD0544-2BCB-4896-8391-9425631E7301}.Debug|Any CPU.Build.0 = Debug|Any CPU
		{DADD0544-2BCB-4896-8391-9425631E7301}.Debug|Any CPU.Deploy.0 = Debug|Any CPU
		{DADD0544-2BCB-4896-8391-9425631E7301}.Debug|ARM.ActiveCfg = Debug|ARM
		{DADD0544-2BCB-4896-8391-9425631E7301}.Debug|ARM.Build.0 = Debug|ARM
		{DADD0544-2BCB-4896-8391-9425631E7301}.Debug|ARM.Deploy.0 = Debug|ARM
		{DADD0544-2BCB-4896-8391-9425631E7301}.Debug|iPhone.ActiveCfg = Debug|Any CPU
		{DADD0544-2BCB-4896-8391-9425631E7301}.Debug|iPhone.Build.0 = Debug|Any CPU
		{DADD0544-2BCB-4896-8391-9425631E7301}.Debug|iPhone.Deploy.0 = Debug|Any CPU
		{DADD0544-2BCB-4896-8391-9425631E7301}.Debug|iPhoneSimulator.ActiveCfg = Debug|Any CPU
		{DADD0544-2BCB-4896-8391-9425631E7301}.Debug|iPhoneSimulator.Build.0 = Debug|Any CPU
		{DADD0544-2BCB-4896-8391-9425631E7301}.Debug|iPhoneSimulator.Deploy.0 = Debug|Any CPU
		{DADD0544-2BCB-4896-8391-9425631E7301}.Debug|x64.ActiveCfg = Debug|x64
		{DADD0544-2BCB-4896-8391-9425631E7301}.Debug|x64.Build.0 = Debug|x64
		{DADD0544-2BCB-4896-8391-9425631E7301}.Debug|x64.Deploy.0 = Debug|x64
		{DADD0544-2BCB-4896-8391-9425631E7301}.Debug|x86.ActiveCfg = Debug|x86
		{DADD0544-2BCB-4896-8391-9425631E7301}.Debug|x86.Build.0 = Debug|x86
		{DADD0544-2BCB-4896-8391-9425631E7301}.Debug|x86.Deploy.0 = Debug|x86
		{DADD0544-2BCB-4896-8391-9425631E7301}.Deploy|Any CPU.ActiveCfg = Debug|Any CPU
		{DADD0544-2BCB-4896-8391-9425631E7301}.Deploy|Any CPU.Build.0 = Debug|Any CPU
		{DADD0544-2BCB-4896-8391-9425631E7301}.Deploy|Any CPU.Deploy.0 = Debug|Any CPU
		{DADD0544-2BCB-4896-8391-9425631E7301}.Deploy|ARM.ActiveCfg = Debug|ARM
		{DADD0544-2BCB-4896-8391-9425631E7301}.Deploy|ARM.Build.0 = Debug|ARM
		{DADD0544-2BCB-4896-8391-9425631E7301}.Deploy|ARM.Deploy.0 = Debug|ARM
		{DADD0544-2BCB-4896-8391-9425631E7301}.Deploy|iPhone.ActiveCfg = Debug|Any CPU
		{DADD0544-2BCB-4896-8391-9425631E7301}.Deploy|iPhone.Build.0 = Debug|Any CPU
		{DADD0544-2BCB-4896-8391-9425631E7301}.Deploy|iPhone.Deploy.0 = Debug|Any CPU
		{DADD0544-2BCB-4896-8391-9425631E7301}.Deploy|iPhoneSimulator.ActiveCfg = Debug|Any CPU
		{DADD0544-2BCB-4896-8391-9425631E7301}.Deploy|iPhoneSimulator.Build.0 = Debug|Any CPU
		{DADD0544-2BCB-4896-8391-9425631E7301}.Deploy|iPhoneSimulator.Deploy.0 = Debug|Any CPU
		{DADD0544-2BCB-4896-8391-9425631E7301}.Deploy|x64.ActiveCfg = Debug|x64
		{DADD0544-2BCB-4896-8391-9425631E7301}.Deploy|x64.Build.0 = Debug|x64
		{DADD0544-2BCB-4896-8391-9425631E7301}.Deploy|x64.Deploy.0 = Debug|x64
		{DADD0544-2BCB-4896-8391-9425631E7301}.Deploy|x86.ActiveCfg = Debug|x86
		{DADD0544-2BCB-4896-8391-9425631E7301}.Deploy|x86.Build.0 = Debug|x86
		{DADD0544-2BCB-4896-8391-9425631E7301}.Deploy|x86.Deploy.0 = Debug|x86
		{DADD0544-2BCB-4896-8391-9425631E7301}.Release|Any CPU.ActiveCfg = Release|Any CPU
		{DADD0544-2BCB-4896-8391-9425631E7301}.Release|Any CPU.Build.0 = Release|Any CPU
		{DADD0544-2BCB-4896-8391-9425631E7301}.Release|Any CPU.Deploy.0 = Release|Any CPU
		{DADD0544-2BCB-4896-8391-9425631E7301}.Release|ARM.ActiveCfg = Release|ARM
		{DADD0544-2BCB-4896-8391-9425631E7301}.Release|ARM.Build.0 = Release|ARM
		{DADD0544-2BCB-4896-8391-9425631E7301}.Release|ARM.Deploy.0 = Release|ARM
		{DADD0544-2BCB-4896-8391-9425631E7301}.Release|iPhone.ActiveCfg = Release|Any CPU
		{DADD0544-2BCB-4896-8391-9425631E7301}.Release|iPhone.Build.0 = Release|Any CPU
		{DADD0544-2BCB-4896-8391-9425631E7301}.Release|iPhone.Deploy.0 = Release|Any CPU
		{DADD0544-2BCB-4896-8391-9425631E7301}.Release|iPhoneSimulator.ActiveCfg = Release|Any CPU
		{DADD0544-2BCB-4896-8391-9425631E7301}.Release|iPhoneSimulator.Build.0 = Release|Any CPU
		{DADD0544-2BCB-4896-8391-9425631E7301}.Release|iPhoneSimulator.Deploy.0 = Release|Any CPU
		{DADD0544-2BCB-4896-8391-9425631E7301}.Release|x64.ActiveCfg = Release|x64
		{DADD0544-2BCB-4896-8391-9425631E7301}.Release|x64.Build.0 = Release|x64
		{DADD0544-2BCB-4896-8391-9425631E7301}.Release|x64.Deploy.0 = Release|x64
		{DADD0544-2BCB-4896-8391-9425631E7301}.Release|x86.ActiveCfg = Release|x86
		{DADD0544-2BCB-4896-8391-9425631E7301}.Release|x86.Build.0 = Release|x86
		{DADD0544-2BCB-4896-8391-9425631E7301}.Release|x86.Deploy.0 = Release|x86
		{DA7E30D2-9297-4766-864E-FF338F483E52}.Ad-Hoc|Any CPU.ActiveCfg = Release|Any CPU
		{DA7E30D2-9297-4766-864E-FF338F483E52}.Ad-Hoc|Any CPU.Build.0 = Release|Any CPU
		{DA7E30D2-9297-4766-864E-FF338F483E52}.Ad-Hoc|ARM.ActiveCfg = Release|Any CPU
		{DA7E30D2-9297-4766-864E-FF338F483E52}.Ad-Hoc|ARM.Build.0 = Release|Any CPU
		{DA7E30D2-9297-4766-864E-FF338F483E52}.Ad-Hoc|iPhone.ActiveCfg = Release|Any CPU
		{DA7E30D2-9297-4766-864E-FF338F483E52}.Ad-Hoc|iPhone.Build.0 = Release|Any CPU
		{DA7E30D2-9297-4766-864E-FF338F483E52}.Ad-Hoc|iPhoneSimulator.ActiveCfg = Release|Any CPU
		{DA7E30D2-9297-4766-864E-FF338F483E52}.Ad-Hoc|iPhoneSimulator.Build.0 = Release|Any CPU
		{DA7E30D2-9297-4766-864E-FF338F483E52}.Ad-Hoc|x64.ActiveCfg = Release|Any CPU
		{DA7E30D2-9297-4766-864E-FF338F483E52}.Ad-Hoc|x64.Build.0 = Release|Any CPU
		{DA7E30D2-9297-4766-864E-FF338F483E52}.Ad-Hoc|x86.ActiveCfg = Release|Any CPU
		{DA7E30D2-9297-4766-864E-FF338F483E52}.Ad-Hoc|x86.Build.0 = Release|Any CPU
		{DA7E30D2-9297-4766-864E-FF338F483E52}.AppStore|Any CPU.ActiveCfg = Release|Any CPU
		{DA7E30D2-9297-4766-864E-FF338F483E52}.AppStore|Any CPU.Build.0 = Release|Any CPU
		{DA7E30D2-9297-4766-864E-FF338F483E52}.AppStore|ARM.ActiveCfg = Release|Any CPU
		{DA7E30D2-9297-4766-864E-FF338F483E52}.AppStore|ARM.Build.0 = Release|Any CPU
		{DA7E30D2-9297-4766-864E-FF338F483E52}.AppStore|iPhone.ActiveCfg = Release|Any CPU
		{DA7E30D2-9297-4766-864E-FF338F483E52}.AppStore|iPhone.Build.0 = Release|Any CPU
		{DA7E30D2-9297-4766-864E-FF338F483E52}.AppStore|iPhoneSimulator.ActiveCfg = Release|Any CPU
		{DA7E30D2-9297-4766-864E-FF338F483E52}.AppStore|iPhoneSimulator.Build.0 = Release|Any CPU
		{DA7E30D2-9297-4766-864E-FF338F483E52}.AppStore|x64.ActiveCfg = Release|Any CPU
		{DA7E30D2-9297-4766-864E-FF338F483E52}.AppStore|x64.Build.0 = Release|Any CPU
		{DA7E30D2-9297-4766-864E-FF338F483E52}.AppStore|x86.ActiveCfg = Release|Any CPU
		{DA7E30D2-9297-4766-864E-FF338F483E52}.AppStore|x86.Build.0 = Release|Any CPU
		{DA7E30D2-9297-4766-864E-FF338F483E52}.Debug|Any CPU.ActiveCfg = Debug|Any CPU
		{DA7E30D2-9297-4766-864E-FF338F483E52}.Debug|Any CPU.Build.0 = Debug|Any CPU
		{DA7E30D2-9297-4766-864E-FF338F483E52}.Debug|ARM.ActiveCfg = Debug|Any CPU
		{DA7E30D2-9297-4766-864E-FF338F483E52}.Debug|ARM.Build.0 = Debug|Any CPU
		{DA7E30D2-9297-4766-864E-FF338F483E52}.Debug|iPhone.ActiveCfg = Debug|Any CPU
		{DA7E30D2-9297-4766-864E-FF338F483E52}.Debug|iPhone.Build.0 = Debug|Any CPU
		{DA7E30D2-9297-4766-864E-FF338F483E52}.Debug|iPhoneSimulator.ActiveCfg = Debug|Any CPU
		{DA7E30D2-9297-4766-864E-FF338F483E52}.Debug|iPhoneSimulator.Build.0 = Debug|Any CPU
		{DA7E30D2-9297-4766-864E-FF338F483E52}.Debug|x64.ActiveCfg = Debug|Any CPU
		{DA7E30D2-9297-4766-864E-FF338F483E52}.Debug|x64.Build.0 = Debug|Any CPU
		{DA7E30D2-9297-4766-864E-FF338F483E52}.Debug|x86.ActiveCfg = Debug|Any CPU
		{DA7E30D2-9297-4766-864E-FF338F483E52}.Debug|x86.Build.0 = Debug|Any CPU
		{DA7E30D2-9297-4766-864E-FF338F483E52}.Deploy|Any CPU.ActiveCfg = Debug|Any CPU
		{DA7E30D2-9297-4766-864E-FF338F483E52}.Deploy|Any CPU.Build.0 = Debug|Any CPU
		{DA7E30D2-9297-4766-864E-FF338F483E52}.Deploy|ARM.ActiveCfg = Debug|Any CPU
		{DA7E30D2-9297-4766-864E-FF338F483E52}.Deploy|ARM.Build.0 = Debug|Any CPU
		{DA7E30D2-9297-4766-864E-FF338F483E52}.Deploy|iPhone.ActiveCfg = Debug|Any CPU
		{DA7E30D2-9297-4766-864E-FF338F483E52}.Deploy|iPhone.Build.0 = Debug|Any CPU
		{DA7E30D2-9297-4766-864E-FF338F483E52}.Deploy|iPhoneSimulator.ActiveCfg = Debug|Any CPU
		{DA7E30D2-9297-4766-864E-FF338F483E52}.Deploy|iPhoneSimulator.Build.0 = Debug|Any CPU
		{DA7E30D2-9297-4766-864E-FF338F483E52}.Deploy|x64.ActiveCfg = Debug|Any CPU
		{DA7E30D2-9297-4766-864E-FF338F483E52}.Deploy|x64.Build.0 = Debug|Any CPU
		{DA7E30D2-9297-4766-864E-FF338F483E52}.Deploy|x86.ActiveCfg = Debug|Any CPU
		{DA7E30D2-9297-4766-864E-FF338F483E52}.Deploy|x86.Build.0 = Debug|Any CPU
		{DA7E30D2-9297-4766-864E-FF338F483E52}.Release|Any CPU.ActiveCfg = Release|Any CPU
		{DA7E30D2-9297-4766-864E-FF338F483E52}.Release|Any CPU.Build.0 = Release|Any CPU
		{DA7E30D2-9297-4766-864E-FF338F483E52}.Release|ARM.ActiveCfg = Release|Any CPU
		{DA7E30D2-9297-4766-864E-FF338F483E52}.Release|ARM.Build.0 = Release|Any CPU
		{DA7E30D2-9297-4766-864E-FF338F483E52}.Release|iPhone.ActiveCfg = Release|Any CPU
		{DA7E30D2-9297-4766-864E-FF338F483E52}.Release|iPhone.Build.0 = Release|Any CPU
		{DA7E30D2-9297-4766-864E-FF338F483E52}.Release|iPhoneSimulator.ActiveCfg = Release|Any CPU
		{DA7E30D2-9297-4766-864E-FF338F483E52}.Release|iPhoneSimulator.Build.0 = Release|Any CPU
		{DA7E30D2-9297-4766-864E-FF338F483E52}.Release|x64.ActiveCfg = Release|Any CPU
		{DA7E30D2-9297-4766-864E-FF338F483E52}.Release|x64.Build.0 = Release|Any CPU
		{DA7E30D2-9297-4766-864E-FF338F483E52}.Release|x86.ActiveCfg = Release|Any CPU
		{DA7E30D2-9297-4766-864E-FF338F483E52}.Release|x86.Build.0 = Release|Any CPU
		{EFA62BD3-BFA7-4622-93CE-BC2C4B04C4A2}.Ad-Hoc|Any CPU.ActiveCfg = Deploy|Any CPU
		{EFA62BD3-BFA7-4622-93CE-BC2C4B04C4A2}.Ad-Hoc|Any CPU.Build.0 = Deploy|Any CPU
		{EFA62BD3-BFA7-4622-93CE-BC2C4B04C4A2}.Ad-Hoc|ARM.ActiveCfg = Deploy|Any CPU
		{EFA62BD3-BFA7-4622-93CE-BC2C4B04C4A2}.Ad-Hoc|ARM.Build.0 = Deploy|Any CPU
		{EFA62BD3-BFA7-4622-93CE-BC2C4B04C4A2}.Ad-Hoc|iPhone.ActiveCfg = Deploy|Any CPU
		{EFA62BD3-BFA7-4622-93CE-BC2C4B04C4A2}.Ad-Hoc|iPhone.Build.0 = Deploy|Any CPU
		{EFA62BD3-BFA7-4622-93CE-BC2C4B04C4A2}.Ad-Hoc|iPhoneSimulator.ActiveCfg = Deploy|Any CPU
		{EFA62BD3-BFA7-4622-93CE-BC2C4B04C4A2}.Ad-Hoc|iPhoneSimulator.Build.0 = Deploy|Any CPU
		{EFA62BD3-BFA7-4622-93CE-BC2C4B04C4A2}.Ad-Hoc|x64.ActiveCfg = Deploy|Any CPU
		{EFA62BD3-BFA7-4622-93CE-BC2C4B04C4A2}.Ad-Hoc|x64.Build.0 = Deploy|Any CPU
		{EFA62BD3-BFA7-4622-93CE-BC2C4B04C4A2}.Ad-Hoc|x86.ActiveCfg = Deploy|Any CPU
		{EFA62BD3-BFA7-4622-93CE-BC2C4B04C4A2}.Ad-Hoc|x86.Build.0 = Deploy|Any CPU
		{EFA62BD3-BFA7-4622-93CE-BC2C4B04C4A2}.AppStore|Any CPU.ActiveCfg = Deploy|Any CPU
		{EFA62BD3-BFA7-4622-93CE-BC2C4B04C4A2}.AppStore|Any CPU.Build.0 = Deploy|Any CPU
		{EFA62BD3-BFA7-4622-93CE-BC2C4B04C4A2}.AppStore|ARM.ActiveCfg = Deploy|Any CPU
		{EFA62BD3-BFA7-4622-93CE-BC2C4B04C4A2}.AppStore|ARM.Build.0 = Deploy|Any CPU
		{EFA62BD3-BFA7-4622-93CE-BC2C4B04C4A2}.AppStore|iPhone.ActiveCfg = Deploy|Any CPU
		{EFA62BD3-BFA7-4622-93CE-BC2C4B04C4A2}.AppStore|iPhone.Build.0 = Deploy|Any CPU
		{EFA62BD3-BFA7-4622-93CE-BC2C4B04C4A2}.AppStore|iPhoneSimulator.ActiveCfg = Deploy|Any CPU
		{EFA62BD3-BFA7-4622-93CE-BC2C4B04C4A2}.AppStore|iPhoneSimulator.Build.0 = Deploy|Any CPU
		{EFA62BD3-BFA7-4622-93CE-BC2C4B04C4A2}.AppStore|x64.ActiveCfg = Deploy|Any CPU
		{EFA62BD3-BFA7-4622-93CE-BC2C4B04C4A2}.AppStore|x64.Build.0 = Deploy|Any CPU
		{EFA62BD3-BFA7-4622-93CE-BC2C4B04C4A2}.AppStore|x86.ActiveCfg = Deploy|Any CPU
		{EFA62BD3-BFA7-4622-93CE-BC2C4B04C4A2}.AppStore|x86.Build.0 = Deploy|Any CPU
		{EFA62BD3-BFA7-4622-93CE-BC2C4B04C4A2}.Debug|Any CPU.ActiveCfg = Debug|Any CPU
		{EFA62BD3-BFA7-4622-93CE-BC2C4B04C4A2}.Debug|Any CPU.Build.0 = Debug|Any CPU
		{EFA62BD3-BFA7-4622-93CE-BC2C4B04C4A2}.Debug|ARM.ActiveCfg = Debug|Any CPU
		{EFA62BD3-BFA7-4622-93CE-BC2C4B04C4A2}.Debug|ARM.Build.0 = Debug|Any CPU
		{EFA62BD3-BFA7-4622-93CE-BC2C4B04C4A2}.Debug|iPhone.ActiveCfg = Debug|Any CPU
		{EFA62BD3-BFA7-4622-93CE-BC2C4B04C4A2}.Debug|iPhone.Build.0 = Debug|Any CPU
		{EFA62BD3-BFA7-4622-93CE-BC2C4B04C4A2}.Debug|iPhoneSimulator.ActiveCfg = Debug|Any CPU
		{EFA62BD3-BFA7-4622-93CE-BC2C4B04C4A2}.Debug|iPhoneSimulator.Build.0 = Debug|Any CPU
		{EFA62BD3-BFA7-4622-93CE-BC2C4B04C4A2}.Debug|x64.ActiveCfg = Debug|Any CPU
		{EFA62BD3-BFA7-4622-93CE-BC2C4B04C4A2}.Debug|x64.Build.0 = Debug|Any CPU
		{EFA62BD3-BFA7-4622-93CE-BC2C4B04C4A2}.Debug|x86.ActiveCfg = Debug|Any CPU
		{EFA62BD3-BFA7-4622-93CE-BC2C4B04C4A2}.Debug|x86.Build.0 = Debug|Any CPU
		{EFA62BD3-BFA7-4622-93CE-BC2C4B04C4A2}.Deploy|Any CPU.ActiveCfg = Deploy|Any CPU
		{EFA62BD3-BFA7-4622-93CE-BC2C4B04C4A2}.Deploy|Any CPU.Build.0 = Deploy|Any CPU
		{EFA62BD3-BFA7-4622-93CE-BC2C4B04C4A2}.Deploy|ARM.ActiveCfg = Deploy|Any CPU
		{EFA62BD3-BFA7-4622-93CE-BC2C4B04C4A2}.Deploy|ARM.Build.0 = Deploy|Any CPU
		{EFA62BD3-BFA7-4622-93CE-BC2C4B04C4A2}.Deploy|iPhone.ActiveCfg = Deploy|Any CPU
		{EFA62BD3-BFA7-4622-93CE-BC2C4B04C4A2}.Deploy|iPhone.Build.0 = Deploy|Any CPU
		{EFA62BD3-BFA7-4622-93CE-BC2C4B04C4A2}.Deploy|iPhoneSimulator.ActiveCfg = Deploy|Any CPU
		{EFA62BD3-BFA7-4622-93CE-BC2C4B04C4A2}.Deploy|iPhoneSimulator.Build.0 = Deploy|Any CPU
		{EFA62BD3-BFA7-4622-93CE-BC2C4B04C4A2}.Deploy|x64.ActiveCfg = Deploy|Any CPU
		{EFA62BD3-BFA7-4622-93CE-BC2C4B04C4A2}.Deploy|x64.Build.0 = Deploy|Any CPU
		{EFA62BD3-BFA7-4622-93CE-BC2C4B04C4A2}.Deploy|x86.ActiveCfg = Deploy|Any CPU
		{EFA62BD3-BFA7-4622-93CE-BC2C4B04C4A2}.Deploy|x86.Build.0 = Deploy|Any CPU
		{EFA62BD3-BFA7-4622-93CE-BC2C4B04C4A2}.Release|Any CPU.ActiveCfg = Release|Any CPU
		{EFA62BD3-BFA7-4622-93CE-BC2C4B04C4A2}.Release|Any CPU.Build.0 = Release|Any CPU
		{EFA62BD3-BFA7-4622-93CE-BC2C4B04C4A2}.Release|ARM.ActiveCfg = Release|Any CPU
		{EFA62BD3-BFA7-4622-93CE-BC2C4B04C4A2}.Release|ARM.Build.0 = Release|Any CPU
		{EFA62BD3-BFA7-4622-93CE-BC2C4B04C4A2}.Release|iPhone.ActiveCfg = Release|Any CPU
		{EFA62BD3-BFA7-4622-93CE-BC2C4B04C4A2}.Release|iPhone.Build.0 = Release|Any CPU
		{EFA62BD3-BFA7-4622-93CE-BC2C4B04C4A2}.Release|iPhoneSimulator.ActiveCfg = Release|Any CPU
		{EFA62BD3-BFA7-4622-93CE-BC2C4B04C4A2}.Release|iPhoneSimulator.Build.0 = Release|Any CPU
		{EFA62BD3-BFA7-4622-93CE-BC2C4B04C4A2}.Release|x64.ActiveCfg = Release|Any CPU
		{EFA62BD3-BFA7-4622-93CE-BC2C4B04C4A2}.Release|x64.Build.0 = Release|Any CPU
		{EFA62BD3-BFA7-4622-93CE-BC2C4B04C4A2}.Release|x86.ActiveCfg = Release|Any CPU
		{EFA62BD3-BFA7-4622-93CE-BC2C4B04C4A2}.Release|x86.Build.0 = Release|Any CPU
		{65484BB2-7664-4D22-BCB9-45CBB2543F93}.Ad-Hoc|Any CPU.ActiveCfg = Deploy|Any CPU
		{65484BB2-7664-4D22-BCB9-45CBB2543F93}.Ad-Hoc|Any CPU.Build.0 = Deploy|Any CPU
		{65484BB2-7664-4D22-BCB9-45CBB2543F93}.Ad-Hoc|ARM.ActiveCfg = Deploy|Any CPU
		{65484BB2-7664-4D22-BCB9-45CBB2543F93}.Ad-Hoc|ARM.Build.0 = Deploy|Any CPU
		{65484BB2-7664-4D22-BCB9-45CBB2543F93}.Ad-Hoc|iPhone.ActiveCfg = Deploy|Any CPU
		{65484BB2-7664-4D22-BCB9-45CBB2543F93}.Ad-Hoc|iPhone.Build.0 = Deploy|Any CPU
		{65484BB2-7664-4D22-BCB9-45CBB2543F93}.Ad-Hoc|iPhoneSimulator.ActiveCfg = Deploy|Any CPU
		{65484BB2-7664-4D22-BCB9-45CBB2543F93}.Ad-Hoc|iPhoneSimulator.Build.0 = Deploy|Any CPU
		{65484BB2-7664-4D22-BCB9-45CBB2543F93}.Ad-Hoc|x64.ActiveCfg = Deploy|Any CPU
		{65484BB2-7664-4D22-BCB9-45CBB2543F93}.Ad-Hoc|x64.Build.0 = Deploy|Any CPU
		{65484BB2-7664-4D22-BCB9-45CBB2543F93}.Ad-Hoc|x86.ActiveCfg = Deploy|Any CPU
		{65484BB2-7664-4D22-BCB9-45CBB2543F93}.Ad-Hoc|x86.Build.0 = Deploy|Any CPU
		{65484BB2-7664-4D22-BCB9-45CBB2543F93}.AppStore|Any CPU.ActiveCfg = Deploy|Any CPU
		{65484BB2-7664-4D22-BCB9-45CBB2543F93}.AppStore|Any CPU.Build.0 = Deploy|Any CPU
		{65484BB2-7664-4D22-BCB9-45CBB2543F93}.AppStore|ARM.ActiveCfg = Deploy|Any CPU
		{65484BB2-7664-4D22-BCB9-45CBB2543F93}.AppStore|ARM.Build.0 = Deploy|Any CPU
		{65484BB2-7664-4D22-BCB9-45CBB2543F93}.AppStore|iPhone.ActiveCfg = Deploy|Any CPU
		{65484BB2-7664-4D22-BCB9-45CBB2543F93}.AppStore|iPhone.Build.0 = Deploy|Any CPU
		{65484BB2-7664-4D22-BCB9-45CBB2543F93}.AppStore|iPhoneSimulator.ActiveCfg = Deploy|Any CPU
		{65484BB2-7664-4D22-BCB9-45CBB2543F93}.AppStore|iPhoneSimulator.Build.0 = Deploy|Any CPU
		{65484BB2-7664-4D22-BCB9-45CBB2543F93}.AppStore|x64.ActiveCfg = Deploy|Any CPU
		{65484BB2-7664-4D22-BCB9-45CBB2543F93}.AppStore|x64.Build.0 = Deploy|Any CPU
		{65484BB2-7664-4D22-BCB9-45CBB2543F93}.AppStore|x86.ActiveCfg = Deploy|Any CPU
		{65484BB2-7664-4D22-BCB9-45CBB2543F93}.AppStore|x86.Build.0 = Deploy|Any CPU
		{65484BB2-7664-4D22-BCB9-45CBB2543F93}.Debug|Any CPU.ActiveCfg = Debug|Any CPU
		{65484BB2-7664-4D22-BCB9-45CBB2543F93}.Debug|Any CPU.Build.0 = Debug|Any CPU
		{65484BB2-7664-4D22-BCB9-45CBB2543F93}.Debug|ARM.ActiveCfg = Debug|Any CPU
		{65484BB2-7664-4D22-BCB9-45CBB2543F93}.Debug|ARM.Build.0 = Debug|Any CPU
		{65484BB2-7664-4D22-BCB9-45CBB2543F93}.Debug|iPhone.ActiveCfg = Debug|Any CPU
		{65484BB2-7664-4D22-BCB9-45CBB2543F93}.Debug|iPhone.Build.0 = Debug|Any CPU
		{65484BB2-7664-4D22-BCB9-45CBB2543F93}.Debug|iPhoneSimulator.ActiveCfg = Debug|Any CPU
		{65484BB2-7664-4D22-BCB9-45CBB2543F93}.Debug|iPhoneSimulator.Build.0 = Debug|Any CPU
		{65484BB2-7664-4D22-BCB9-45CBB2543F93}.Debug|x64.ActiveCfg = Debug|Any CPU
		{65484BB2-7664-4D22-BCB9-45CBB2543F93}.Debug|x64.Build.0 = Debug|Any CPU
		{65484BB2-7664-4D22-BCB9-45CBB2543F93}.Debug|x86.ActiveCfg = Debug|Any CPU
		{65484BB2-7664-4D22-BCB9-45CBB2543F93}.Debug|x86.Build.0 = Debug|Any CPU
		{65484BB2-7664-4D22-BCB9-45CBB2543F93}.Deploy|Any CPU.ActiveCfg = Deploy|Any CPU
		{65484BB2-7664-4D22-BCB9-45CBB2543F93}.Deploy|Any CPU.Build.0 = Deploy|Any CPU
		{65484BB2-7664-4D22-BCB9-45CBB2543F93}.Deploy|ARM.ActiveCfg = Deploy|Any CPU
		{65484BB2-7664-4D22-BCB9-45CBB2543F93}.Deploy|ARM.Build.0 = Deploy|Any CPU
		{65484BB2-7664-4D22-BCB9-45CBB2543F93}.Deploy|iPhone.ActiveCfg = Deploy|Any CPU
		{65484BB2-7664-4D22-BCB9-45CBB2543F93}.Deploy|iPhone.Build.0 = Deploy|Any CPU
		{65484BB2-7664-4D22-BCB9-45CBB2543F93}.Deploy|iPhoneSimulator.ActiveCfg = Deploy|Any CPU
		{65484BB2-7664-4D22-BCB9-45CBB2543F93}.Deploy|iPhoneSimulator.Build.0 = Deploy|Any CPU
		{65484BB2-7664-4D22-BCB9-45CBB2543F93}.Deploy|x64.ActiveCfg = Deploy|Any CPU
		{65484BB2-7664-4D22-BCB9-45CBB2543F93}.Deploy|x64.Build.0 = Deploy|Any CPU
		{65484BB2-7664-4D22-BCB9-45CBB2543F93}.Deploy|x86.ActiveCfg = Deploy|Any CPU
		{65484BB2-7664-4D22-BCB9-45CBB2543F93}.Deploy|x86.Build.0 = Deploy|Any CPU
		{65484BB2-7664-4D22-BCB9-45CBB2543F93}.Release|Any CPU.ActiveCfg = Release|Any CPU
		{65484BB2-7664-4D22-BCB9-45CBB2543F93}.Release|Any CPU.Build.0 = Release|Any CPU
		{65484BB2-7664-4D22-BCB9-45CBB2543F93}.Release|ARM.ActiveCfg = Release|Any CPU
		{65484BB2-7664-4D22-BCB9-45CBB2543F93}.Release|ARM.Build.0 = Release|Any CPU
		{65484BB2-7664-4D22-BCB9-45CBB2543F93}.Release|iPhone.ActiveCfg = Release|Any CPU
		{65484BB2-7664-4D22-BCB9-45CBB2543F93}.Release|iPhone.Build.0 = Release|Any CPU
		{65484BB2-7664-4D22-BCB9-45CBB2543F93}.Release|iPhoneSimulator.ActiveCfg = Release|Any CPU
		{65484BB2-7664-4D22-BCB9-45CBB2543F93}.Release|iPhoneSimulator.Build.0 = Release|Any CPU
		{65484BB2-7664-4D22-BCB9-45CBB2543F93}.Release|x64.ActiveCfg = Release|Any CPU
		{65484BB2-7664-4D22-BCB9-45CBB2543F93}.Release|x64.Build.0 = Release|Any CPU
		{65484BB2-7664-4D22-BCB9-45CBB2543F93}.Release|x86.ActiveCfg = Release|Any CPU
		{65484BB2-7664-4D22-BCB9-45CBB2543F93}.Release|x86.Build.0 = Release|Any CPU
		{085E418A-7CC9-4AB6-B38A-FC6CABE373D6}.Ad-Hoc|Any CPU.ActiveCfg = Deploy|Any CPU
		{085E418A-7CC9-4AB6-B38A-FC6CABE373D6}.Ad-Hoc|Any CPU.Build.0 = Deploy|Any CPU
		{085E418A-7CC9-4AB6-B38A-FC6CABE373D6}.Ad-Hoc|ARM.ActiveCfg = Deploy|Any CPU
		{085E418A-7CC9-4AB6-B38A-FC6CABE373D6}.Ad-Hoc|ARM.Build.0 = Deploy|Any CPU
		{085E418A-7CC9-4AB6-B38A-FC6CABE373D6}.Ad-Hoc|iPhone.ActiveCfg = Deploy|Any CPU
		{085E418A-7CC9-4AB6-B38A-FC6CABE373D6}.Ad-Hoc|iPhone.Build.0 = Deploy|Any CPU
		{085E418A-7CC9-4AB6-B38A-FC6CABE373D6}.Ad-Hoc|iPhoneSimulator.ActiveCfg = Deploy|Any CPU
		{085E418A-7CC9-4AB6-B38A-FC6CABE373D6}.Ad-Hoc|iPhoneSimulator.Build.0 = Deploy|Any CPU
		{085E418A-7CC9-4AB6-B38A-FC6CABE373D6}.Ad-Hoc|x64.ActiveCfg = Deploy|Any CPU
		{085E418A-7CC9-4AB6-B38A-FC6CABE373D6}.Ad-Hoc|x64.Build.0 = Deploy|Any CPU
		{085E418A-7CC9-4AB6-B38A-FC6CABE373D6}.Ad-Hoc|x86.ActiveCfg = Deploy|Any CPU
		{085E418A-7CC9-4AB6-B38A-FC6CABE373D6}.Ad-Hoc|x86.Build.0 = Deploy|Any CPU
		{085E418A-7CC9-4AB6-B38A-FC6CABE373D6}.AppStore|Any CPU.ActiveCfg = Deploy|Any CPU
		{085E418A-7CC9-4AB6-B38A-FC6CABE373D6}.AppStore|Any CPU.Build.0 = Deploy|Any CPU
		{085E418A-7CC9-4AB6-B38A-FC6CABE373D6}.AppStore|ARM.ActiveCfg = Deploy|Any CPU
		{085E418A-7CC9-4AB6-B38A-FC6CABE373D6}.AppStore|ARM.Build.0 = Deploy|Any CPU
		{085E418A-7CC9-4AB6-B38A-FC6CABE373D6}.AppStore|iPhone.ActiveCfg = Deploy|Any CPU
		{085E418A-7CC9-4AB6-B38A-FC6CABE373D6}.AppStore|iPhone.Build.0 = Deploy|Any CPU
		{085E418A-7CC9-4AB6-B38A-FC6CABE373D6}.AppStore|iPhoneSimulator.ActiveCfg = Deploy|Any CPU
		{085E418A-7CC9-4AB6-B38A-FC6CABE373D6}.AppStore|iPhoneSimulator.Build.0 = Deploy|Any CPU
		{085E418A-7CC9-4AB6-B38A-FC6CABE373D6}.AppStore|x64.ActiveCfg = Deploy|Any CPU
		{085E418A-7CC9-4AB6-B38A-FC6CABE373D6}.AppStore|x64.Build.0 = Deploy|Any CPU
		{085E418A-7CC9-4AB6-B38A-FC6CABE373D6}.AppStore|x86.ActiveCfg = Deploy|Any CPU
		{085E418A-7CC9-4AB6-B38A-FC6CABE373D6}.AppStore|x86.Build.0 = Deploy|Any CPU
		{085E418A-7CC9-4AB6-B38A-FC6CABE373D6}.Debug|Any CPU.ActiveCfg = Debug|Any CPU
		{085E418A-7CC9-4AB6-B38A-FC6CABE373D6}.Debug|Any CPU.Build.0 = Debug|Any CPU
		{085E418A-7CC9-4AB6-B38A-FC6CABE373D6}.Debug|ARM.ActiveCfg = Debug|Any CPU
		{085E418A-7CC9-4AB6-B38A-FC6CABE373D6}.Debug|ARM.Build.0 = Debug|Any CPU
		{085E418A-7CC9-4AB6-B38A-FC6CABE373D6}.Debug|iPhone.ActiveCfg = Debug|Any CPU
		{085E418A-7CC9-4AB6-B38A-FC6CABE373D6}.Debug|iPhone.Build.0 = Debug|Any CPU
		{085E418A-7CC9-4AB6-B38A-FC6CABE373D6}.Debug|iPhoneSimulator.ActiveCfg = Debug|Any CPU
		{085E418A-7CC9-4AB6-B38A-FC6CABE373D6}.Debug|iPhoneSimulator.Build.0 = Debug|Any CPU
		{085E418A-7CC9-4AB6-B38A-FC6CABE373D6}.Debug|x64.ActiveCfg = Debug|Any CPU
		{085E418A-7CC9-4AB6-B38A-FC6CABE373D6}.Debug|x64.Build.0 = Debug|Any CPU
		{085E418A-7CC9-4AB6-B38A-FC6CABE373D6}.Debug|x86.ActiveCfg = Debug|Any CPU
		{085E418A-7CC9-4AB6-B38A-FC6CABE373D6}.Debug|x86.Build.0 = Debug|Any CPU
		{085E418A-7CC9-4AB6-B38A-FC6CABE373D6}.Deploy|Any CPU.ActiveCfg = Deploy|Any CPU
		{085E418A-7CC9-4AB6-B38A-FC6CABE373D6}.Deploy|Any CPU.Build.0 = Deploy|Any CPU
		{085E418A-7CC9-4AB6-B38A-FC6CABE373D6}.Deploy|ARM.ActiveCfg = Deploy|Any CPU
		{085E418A-7CC9-4AB6-B38A-FC6CABE373D6}.Deploy|ARM.Build.0 = Deploy|Any CPU
		{085E418A-7CC9-4AB6-B38A-FC6CABE373D6}.Deploy|iPhone.ActiveCfg = Deploy|Any CPU
		{085E418A-7CC9-4AB6-B38A-FC6CABE373D6}.Deploy|iPhone.Build.0 = Deploy|Any CPU
		{085E418A-7CC9-4AB6-B38A-FC6CABE373D6}.Deploy|iPhoneSimulator.ActiveCfg = Deploy|Any CPU
		{085E418A-7CC9-4AB6-B38A-FC6CABE373D6}.Deploy|iPhoneSimulator.Build.0 = Deploy|Any CPU
		{085E418A-7CC9-4AB6-B38A-FC6CABE373D6}.Deploy|x64.ActiveCfg = Deploy|Any CPU
		{085E418A-7CC9-4AB6-B38A-FC6CABE373D6}.Deploy|x64.Build.0 = Deploy|Any CPU
		{085E418A-7CC9-4AB6-B38A-FC6CABE373D6}.Deploy|x86.ActiveCfg = Deploy|Any CPU
		{085E418A-7CC9-4AB6-B38A-FC6CABE373D6}.Deploy|x86.Build.0 = Deploy|Any CPU
		{085E418A-7CC9-4AB6-B38A-FC6CABE373D6}.Release|Any CPU.ActiveCfg = Release|Any CPU
		{085E418A-7CC9-4AB6-B38A-FC6CABE373D6}.Release|Any CPU.Build.0 = Release|Any CPU
		{085E418A-7CC9-4AB6-B38A-FC6CABE373D6}.Release|ARM.ActiveCfg = Release|Any CPU
		{085E418A-7CC9-4AB6-B38A-FC6CABE373D6}.Release|ARM.Build.0 = Release|Any CPU
		{085E418A-7CC9-4AB6-B38A-FC6CABE373D6}.Release|iPhone.ActiveCfg = Release|Any CPU
		{085E418A-7CC9-4AB6-B38A-FC6CABE373D6}.Release|iPhone.Build.0 = Release|Any CPU
		{085E418A-7CC9-4AB6-B38A-FC6CABE373D6}.Release|iPhoneSimulator.ActiveCfg = Release|Any CPU
		{085E418A-7CC9-4AB6-B38A-FC6CABE373D6}.Release|iPhoneSimulator.Build.0 = Release|Any CPU
		{085E418A-7CC9-4AB6-B38A-FC6CABE373D6}.Release|x64.ActiveCfg = Release|Any CPU
		{085E418A-7CC9-4AB6-B38A-FC6CABE373D6}.Release|x64.Build.0 = Release|Any CPU
		{085E418A-7CC9-4AB6-B38A-FC6CABE373D6}.Release|x86.ActiveCfg = Release|Any CPU
		{085E418A-7CC9-4AB6-B38A-FC6CABE373D6}.Release|x86.Build.0 = Release|Any CPU
		{BC3BD128-1D20-4C41-83B0-3FC37E5C5F5E}.Ad-Hoc|Any CPU.ActiveCfg = Deploy|Any CPU
		{BC3BD128-1D20-4C41-83B0-3FC37E5C5F5E}.Ad-Hoc|Any CPU.Build.0 = Deploy|Any CPU
		{BC3BD128-1D20-4C41-83B0-3FC37E5C5F5E}.Ad-Hoc|ARM.ActiveCfg = Deploy|Any CPU
		{BC3BD128-1D20-4C41-83B0-3FC37E5C5F5E}.Ad-Hoc|ARM.Build.0 = Deploy|Any CPU
		{BC3BD128-1D20-4C41-83B0-3FC37E5C5F5E}.Ad-Hoc|iPhone.ActiveCfg = Deploy|Any CPU
		{BC3BD128-1D20-4C41-83B0-3FC37E5C5F5E}.Ad-Hoc|iPhone.Build.0 = Deploy|Any CPU
		{BC3BD128-1D20-4C41-83B0-3FC37E5C5F5E}.Ad-Hoc|iPhoneSimulator.ActiveCfg = Deploy|Any CPU
		{BC3BD128-1D20-4C41-83B0-3FC37E5C5F5E}.Ad-Hoc|iPhoneSimulator.Build.0 = Deploy|Any CPU
		{BC3BD128-1D20-4C41-83B0-3FC37E5C5F5E}.Ad-Hoc|x64.ActiveCfg = Deploy|Any CPU
		{BC3BD128-1D20-4C41-83B0-3FC37E5C5F5E}.Ad-Hoc|x64.Build.0 = Deploy|Any CPU
		{BC3BD128-1D20-4C41-83B0-3FC37E5C5F5E}.Ad-Hoc|x86.ActiveCfg = Deploy|Any CPU
		{BC3BD128-1D20-4C41-83B0-3FC37E5C5F5E}.Ad-Hoc|x86.Build.0 = Deploy|Any CPU
		{BC3BD128-1D20-4C41-83B0-3FC37E5C5F5E}.AppStore|Any CPU.ActiveCfg = Deploy|Any CPU
		{BC3BD128-1D20-4C41-83B0-3FC37E5C5F5E}.AppStore|Any CPU.Build.0 = Deploy|Any CPU
		{BC3BD128-1D20-4C41-83B0-3FC37E5C5F5E}.AppStore|ARM.ActiveCfg = Deploy|Any CPU
		{BC3BD128-1D20-4C41-83B0-3FC37E5C5F5E}.AppStore|ARM.Build.0 = Deploy|Any CPU
		{BC3BD128-1D20-4C41-83B0-3FC37E5C5F5E}.AppStore|iPhone.ActiveCfg = Deploy|Any CPU
		{BC3BD128-1D20-4C41-83B0-3FC37E5C5F5E}.AppStore|iPhone.Build.0 = Deploy|Any CPU
		{BC3BD128-1D20-4C41-83B0-3FC37E5C5F5E}.AppStore|iPhoneSimulator.ActiveCfg = Deploy|Any CPU
		{BC3BD128-1D20-4C41-83B0-3FC37E5C5F5E}.AppStore|iPhoneSimulator.Build.0 = Deploy|Any CPU
		{BC3BD128-1D20-4C41-83B0-3FC37E5C5F5E}.AppStore|x64.ActiveCfg = Deploy|Any CPU
		{BC3BD128-1D20-4C41-83B0-3FC37E5C5F5E}.AppStore|x64.Build.0 = Deploy|Any CPU
		{BC3BD128-1D20-4C41-83B0-3FC37E5C5F5E}.AppStore|x86.ActiveCfg = Deploy|Any CPU
		{BC3BD128-1D20-4C41-83B0-3FC37E5C5F5E}.AppStore|x86.Build.0 = Deploy|Any CPU
		{BC3BD128-1D20-4C41-83B0-3FC37E5C5F5E}.Debug|Any CPU.ActiveCfg = Debug|Any CPU
		{BC3BD128-1D20-4C41-83B0-3FC37E5C5F5E}.Debug|Any CPU.Build.0 = Debug|Any CPU
		{BC3BD128-1D20-4C41-83B0-3FC37E5C5F5E}.Debug|ARM.ActiveCfg = Debug|Any CPU
		{BC3BD128-1D20-4C41-83B0-3FC37E5C5F5E}.Debug|ARM.Build.0 = Debug|Any CPU
		{BC3BD128-1D20-4C41-83B0-3FC37E5C5F5E}.Debug|iPhone.ActiveCfg = Debug|Any CPU
		{BC3BD128-1D20-4C41-83B0-3FC37E5C5F5E}.Debug|iPhone.Build.0 = Debug|Any CPU
		{BC3BD128-1D20-4C41-83B0-3FC37E5C5F5E}.Debug|iPhoneSimulator.ActiveCfg = Debug|Any CPU
		{BC3BD128-1D20-4C41-83B0-3FC37E5C5F5E}.Debug|iPhoneSimulator.Build.0 = Debug|Any CPU
		{BC3BD128-1D20-4C41-83B0-3FC37E5C5F5E}.Debug|x64.ActiveCfg = Debug|Any CPU
		{BC3BD128-1D20-4C41-83B0-3FC37E5C5F5E}.Debug|x64.Build.0 = Debug|Any CPU
		{BC3BD128-1D20-4C41-83B0-3FC37E5C5F5E}.Debug|x86.ActiveCfg = Debug|Any CPU
		{BC3BD128-1D20-4C41-83B0-3FC37E5C5F5E}.Debug|x86.Build.0 = Debug|Any CPU
		{BC3BD128-1D20-4C41-83B0-3FC37E5C5F5E}.Deploy|Any CPU.ActiveCfg = Deploy|Any CPU
		{BC3BD128-1D20-4C41-83B0-3FC37E5C5F5E}.Deploy|Any CPU.Build.0 = Deploy|Any CPU
		{BC3BD128-1D20-4C41-83B0-3FC37E5C5F5E}.Deploy|ARM.ActiveCfg = Deploy|Any CPU
		{BC3BD128-1D20-4C41-83B0-3FC37E5C5F5E}.Deploy|ARM.Build.0 = Deploy|Any CPU
		{BC3BD128-1D20-4C41-83B0-3FC37E5C5F5E}.Deploy|iPhone.ActiveCfg = Deploy|Any CPU
		{BC3BD128-1D20-4C41-83B0-3FC37E5C5F5E}.Deploy|iPhone.Build.0 = Deploy|Any CPU
		{BC3BD128-1D20-4C41-83B0-3FC37E5C5F5E}.Deploy|iPhoneSimulator.ActiveCfg = Deploy|Any CPU
		{BC3BD128-1D20-4C41-83B0-3FC37E5C5F5E}.Deploy|iPhoneSimulator.Build.0 = Deploy|Any CPU
		{BC3BD128-1D20-4C41-83B0-3FC37E5C5F5E}.Deploy|x64.ActiveCfg = Deploy|Any CPU
		{BC3BD128-1D20-4C41-83B0-3FC37E5C5F5E}.Deploy|x64.Build.0 = Deploy|Any CPU
		{BC3BD128-1D20-4C41-83B0-3FC37E5C5F5E}.Deploy|x86.ActiveCfg = Deploy|Any CPU
		{BC3BD128-1D20-4C41-83B0-3FC37E5C5F5E}.Deploy|x86.Build.0 = Deploy|Any CPU
		{BC3BD128-1D20-4C41-83B0-3FC37E5C5F5E}.Release|Any CPU.ActiveCfg = Release|Any CPU
		{BC3BD128-1D20-4C41-83B0-3FC37E5C5F5E}.Release|Any CPU.Build.0 = Release|Any CPU
		{BC3BD128-1D20-4C41-83B0-3FC37E5C5F5E}.Release|ARM.ActiveCfg = Release|Any CPU
		{BC3BD128-1D20-4C41-83B0-3FC37E5C5F5E}.Release|ARM.Build.0 = Release|Any CPU
		{BC3BD128-1D20-4C41-83B0-3FC37E5C5F5E}.Release|iPhone.ActiveCfg = Release|Any CPU
		{BC3BD128-1D20-4C41-83B0-3FC37E5C5F5E}.Release|iPhone.Build.0 = Release|Any CPU
		{BC3BD128-1D20-4C41-83B0-3FC37E5C5F5E}.Release|iPhoneSimulator.ActiveCfg = Release|Any CPU
		{BC3BD128-1D20-4C41-83B0-3FC37E5C5F5E}.Release|iPhoneSimulator.Build.0 = Release|Any CPU
		{BC3BD128-1D20-4C41-83B0-3FC37E5C5F5E}.Release|x64.ActiveCfg = Release|Any CPU
		{BC3BD128-1D20-4C41-83B0-3FC37E5C5F5E}.Release|x64.Build.0 = Release|Any CPU
		{BC3BD128-1D20-4C41-83B0-3FC37E5C5F5E}.Release|x86.ActiveCfg = Release|Any CPU
		{BC3BD128-1D20-4C41-83B0-3FC37E5C5F5E}.Release|x86.Build.0 = Release|Any CPU
		{2B3EBF26-FA4A-4697-B7E6-1618CE609EB0}.Ad-Hoc|Any CPU.ActiveCfg = Deploy|Any CPU
		{2B3EBF26-FA4A-4697-B7E6-1618CE609EB0}.Ad-Hoc|Any CPU.Build.0 = Deploy|Any CPU
		{2B3EBF26-FA4A-4697-B7E6-1618CE609EB0}.Ad-Hoc|ARM.ActiveCfg = Deploy|Any CPU
		{2B3EBF26-FA4A-4697-B7E6-1618CE609EB0}.Ad-Hoc|ARM.Build.0 = Deploy|Any CPU
		{2B3EBF26-FA4A-4697-B7E6-1618CE609EB0}.Ad-Hoc|iPhone.ActiveCfg = Deploy|Any CPU
		{2B3EBF26-FA4A-4697-B7E6-1618CE609EB0}.Ad-Hoc|iPhone.Build.0 = Deploy|Any CPU
		{2B3EBF26-FA4A-4697-B7E6-1618CE609EB0}.Ad-Hoc|iPhoneSimulator.ActiveCfg = Deploy|Any CPU
		{2B3EBF26-FA4A-4697-B7E6-1618CE609EB0}.Ad-Hoc|iPhoneSimulator.Build.0 = Deploy|Any CPU
		{2B3EBF26-FA4A-4697-B7E6-1618CE609EB0}.Ad-Hoc|x64.ActiveCfg = Deploy|Any CPU
		{2B3EBF26-FA4A-4697-B7E6-1618CE609EB0}.Ad-Hoc|x64.Build.0 = Deploy|Any CPU
		{2B3EBF26-FA4A-4697-B7E6-1618CE609EB0}.Ad-Hoc|x86.ActiveCfg = Deploy|Any CPU
		{2B3EBF26-FA4A-4697-B7E6-1618CE609EB0}.Ad-Hoc|x86.Build.0 = Deploy|Any CPU
		{2B3EBF26-FA4A-4697-B7E6-1618CE609EB0}.AppStore|Any CPU.ActiveCfg = Deploy|Any CPU
		{2B3EBF26-FA4A-4697-B7E6-1618CE609EB0}.AppStore|Any CPU.Build.0 = Deploy|Any CPU
		{2B3EBF26-FA4A-4697-B7E6-1618CE609EB0}.AppStore|ARM.ActiveCfg = Deploy|Any CPU
		{2B3EBF26-FA4A-4697-B7E6-1618CE609EB0}.AppStore|ARM.Build.0 = Deploy|Any CPU
		{2B3EBF26-FA4A-4697-B7E6-1618CE609EB0}.AppStore|iPhone.ActiveCfg = Deploy|Any CPU
		{2B3EBF26-FA4A-4697-B7E6-1618CE609EB0}.AppStore|iPhone.Build.0 = Deploy|Any CPU
		{2B3EBF26-FA4A-4697-B7E6-1618CE609EB0}.AppStore|iPhoneSimulator.ActiveCfg = Deploy|Any CPU
		{2B3EBF26-FA4A-4697-B7E6-1618CE609EB0}.AppStore|iPhoneSimulator.Build.0 = Deploy|Any CPU
		{2B3EBF26-FA4A-4697-B7E6-1618CE609EB0}.AppStore|x64.ActiveCfg = Deploy|Any CPU
		{2B3EBF26-FA4A-4697-B7E6-1618CE609EB0}.AppStore|x64.Build.0 = Deploy|Any CPU
		{2B3EBF26-FA4A-4697-B7E6-1618CE609EB0}.AppStore|x86.ActiveCfg = Deploy|Any CPU
		{2B3EBF26-FA4A-4697-B7E6-1618CE609EB0}.AppStore|x86.Build.0 = Deploy|Any CPU
		{2B3EBF26-FA4A-4697-B7E6-1618CE609EB0}.Debug|Any CPU.ActiveCfg = Debug|Any CPU
		{2B3EBF26-FA4A-4697-B7E6-1618CE609EB0}.Debug|Any CPU.Build.0 = Debug|Any CPU
		{2B3EBF26-FA4A-4697-B7E6-1618CE609EB0}.Debug|ARM.ActiveCfg = Debug|Any CPU
		{2B3EBF26-FA4A-4697-B7E6-1618CE609EB0}.Debug|ARM.Build.0 = Debug|Any CPU
		{2B3EBF26-FA4A-4697-B7E6-1618CE609EB0}.Debug|iPhone.ActiveCfg = Debug|Any CPU
		{2B3EBF26-FA4A-4697-B7E6-1618CE609EB0}.Debug|iPhone.Build.0 = Debug|Any CPU
		{2B3EBF26-FA4A-4697-B7E6-1618CE609EB0}.Debug|iPhoneSimulator.ActiveCfg = Debug|Any CPU
		{2B3EBF26-FA4A-4697-B7E6-1618CE609EB0}.Debug|iPhoneSimulator.Build.0 = Debug|Any CPU
		{2B3EBF26-FA4A-4697-B7E6-1618CE609EB0}.Debug|x64.ActiveCfg = Debug|Any CPU
		{2B3EBF26-FA4A-4697-B7E6-1618CE609EB0}.Debug|x64.Build.0 = Debug|Any CPU
		{2B3EBF26-FA4A-4697-B7E6-1618CE609EB0}.Debug|x86.ActiveCfg = Debug|Any CPU
		{2B3EBF26-FA4A-4697-B7E6-1618CE609EB0}.Debug|x86.Build.0 = Debug|Any CPU
		{2B3EBF26-FA4A-4697-B7E6-1618CE609EB0}.Deploy|Any CPU.ActiveCfg = Deploy|Any CPU
		{2B3EBF26-FA4A-4697-B7E6-1618CE609EB0}.Deploy|Any CPU.Build.0 = Deploy|Any CPU
		{2B3EBF26-FA4A-4697-B7E6-1618CE609EB0}.Deploy|ARM.ActiveCfg = Deploy|Any CPU
		{2B3EBF26-FA4A-4697-B7E6-1618CE609EB0}.Deploy|ARM.Build.0 = Deploy|Any CPU
		{2B3EBF26-FA4A-4697-B7E6-1618CE609EB0}.Deploy|iPhone.ActiveCfg = Deploy|Any CPU
		{2B3EBF26-FA4A-4697-B7E6-1618CE609EB0}.Deploy|iPhone.Build.0 = Deploy|Any CPU
		{2B3EBF26-FA4A-4697-B7E6-1618CE609EB0}.Deploy|iPhoneSimulator.ActiveCfg = Deploy|Any CPU
		{2B3EBF26-FA4A-4697-B7E6-1618CE609EB0}.Deploy|iPhoneSimulator.Build.0 = Deploy|Any CPU
		{2B3EBF26-FA4A-4697-B7E6-1618CE609EB0}.Deploy|x64.ActiveCfg = Deploy|Any CPU
		{2B3EBF26-FA4A-4697-B7E6-1618CE609EB0}.Deploy|x64.Build.0 = Deploy|Any CPU
		{2B3EBF26-FA4A-4697-B7E6-1618CE609EB0}.Deploy|x86.ActiveCfg = Deploy|Any CPU
		{2B3EBF26-FA4A-4697-B7E6-1618CE609EB0}.Deploy|x86.Build.0 = Deploy|Any CPU
		{2B3EBF26-FA4A-4697-B7E6-1618CE609EB0}.Release|Any CPU.ActiveCfg = Release|Any CPU
		{2B3EBF26-FA4A-4697-B7E6-1618CE609EB0}.Release|Any CPU.Build.0 = Release|Any CPU
		{2B3EBF26-FA4A-4697-B7E6-1618CE609EB0}.Release|ARM.ActiveCfg = Release|Any CPU
		{2B3EBF26-FA4A-4697-B7E6-1618CE609EB0}.Release|ARM.Build.0 = Release|Any CPU
		{2B3EBF26-FA4A-4697-B7E6-1618CE609EB0}.Release|iPhone.ActiveCfg = Release|Any CPU
		{2B3EBF26-FA4A-4697-B7E6-1618CE609EB0}.Release|iPhone.Build.0 = Release|Any CPU
		{2B3EBF26-FA4A-4697-B7E6-1618CE609EB0}.Release|iPhoneSimulator.ActiveCfg = Release|Any CPU
		{2B3EBF26-FA4A-4697-B7E6-1618CE609EB0}.Release|iPhoneSimulator.Build.0 = Release|Any CPU
		{2B3EBF26-FA4A-4697-B7E6-1618CE609EB0}.Release|x64.ActiveCfg = Release|Any CPU
		{2B3EBF26-FA4A-4697-B7E6-1618CE609EB0}.Release|x64.Build.0 = Release|Any CPU
		{2B3EBF26-FA4A-4697-B7E6-1618CE609EB0}.Release|x86.ActiveCfg = Release|Any CPU
		{2B3EBF26-FA4A-4697-B7E6-1618CE609EB0}.Release|x86.Build.0 = Release|Any CPU
	EndGlobalSection
	GlobalSection(SolutionProperties) = preSolution
		HideSolutionNode = FALSE
	EndGlobalSection
EndGlobal
